PODS:
  - AFNetworking (1.3.4)
  - EDStarRating (1.1)
  - HatenaBookmarkSDK (1.1.1):
    - AFNetworking (~> 1.0)
    - SFHFKeychainUtils
  - ionicons (1.1)
  - ISHTTPOperation (1.1.1)
  - MTStatusBarOverlay (0.9.1)
  - NJKWebViewProgress (0.2.2):
    - NJKWebViewProgress/Core
    - NJKWebViewProgress/ProgressView
  - NJKWebViewProgress/Core (0.2.2)
  - NJKWebViewProgress/ProgressView (0.2.2)
  - NKToggleOverlayButton (2.0.0)
  - NLCoreData (0.5.3)
  - QBFlatButton (1.0)
  - Reachability (3.1.1)
  - RNFrostedSidebar (0.2.0)
  - SAMBadgeView (0.1.0)
  - SFHFKeychainUtils (0.0.1)
  - SSGentleAlertView (1.0.1)
  - TYMActivityIndicatorView (0.2.0)
  - XMLDictionary (1.4)

DEPENDENCIES:
  - EDStarRating
  - HatenaBookmarkSDK
  - ionicons
  - ISHTTPOperation (~> 1.1.0)
  - MTStatusBarOverlay
  - NJKWebViewProgress
  - NKToggleOverlayButton (~> 2.0.0)
  - NLCoreData
  - QBFlatButton
  - Reachability
  - RNFrostedSidebar (~> 0.2.0)
  - SAMBadgeView
  - SSGentleAlertView
  - TYMActivityIndicatorView
  - XMLDictionary

SPEC CHECKSUMS:
  AFNetworking: e403d4333a4e1956cb3fe42364c3c879f820c9a0
  EDStarRating: 4954b62647884e7b2d37c4720d4a1f758b5a3435
  HatenaBookmarkSDK: 2447855afdf5e36131ca7a4f1c57a5e52983664c
  ionicons: 50c5368bc6e4dbd1a26559aff0b67f2ed8640c48
  ISHTTPOperation: 6268956d564f3cab0584838e996f2f4520d903b2
  MTStatusBarOverlay: 2cee705996e4e307191d423bf49e583b9b2c14ac
  NJKWebViewProgress: 4f905b9ab7eb91525dc899cacebd2941a6d4553b
  NKToggleOverlayButton: 900102df7953fd0e89d44d39a940732a1d17508b
  NLCoreData: bde75667607f7b66a08ef1d78d39b8bc5eed433f
  QBFlatButton: c0714adb21a8ef29d2cfb7410da5aa5002619030
  Reachability: be4883bb93f31e38266ae3365e5600a317aae735
  RNFrostedSidebar: 36339438a07088fd3ee3926db03af499477ee048
  SAMBadgeView: 7eba9d24f817ed27c0a22ae0ae71e9e4577a7522
  SFHFKeychainUtils: d1ae332c4ef51a67d7e6e9292a060b42329316fd
  SSGentleAlertView: e0125bbbf78938be5426546d2cde6128936ceef8
  TYMActivityIndicatorView: d558631538c2956353042a20ac1544dd0ba5ee17
  XMLDictionary: a6ede1b0f7e8acd0ee3495e93350a311be2bfd1e

COCOAPODS: 0.32.1
