PODS:
  - AFNetworking (1.3.4)
  - EDStarRating (1.1)
  - HatenaBookmarkSDK (1.1.1):
    - AFNetworking (~> 1.0)
    - SFHFKeychainUtils
  - ionicons (1.1)
  - ISHTTPOperation (1.1.1)
  - MTStatusBarOverlay (0.9.1)
  - NJKWebViewProgress (0.2.3):
    - NJKWebViewProgress/Core
    - NJKWebViewProgress/ProgressView
  - NJKWebViewProgress/Core (0.2.3)
  - NJKWebViewProgress/ProgressView (0.2.3)
  - NKToggleOverlayButton (2.0.0)
  - NLCoreData (0.5.3)
  - QBFlatButton (1.0)
  - Reachability (3.1.1)
  - RNFrostedSidebar (0.2.0)
  - SAMBadgeView (0.1.0)
  - SFHFKeychainUtils (0.0.1)
  - SSGentleAlertView (1.0.1)
  - TYMActivityIndicatorView (0.2.0)
  - XMLDictionary (1.4)
  - YLGIFImage (0.11)

DEPENDENCIES:
  - EDStarRating
  - HatenaBookmarkSDK
  - ionicons
  - ISHTTPOperation (~> 1.1.0)
  - MTStatusBarOverlay
  - NJKWebViewProgress
  - NKToggleOverlayButton (~> 2.0.0)
  - NLCoreData
  - QBFlatButton
  - Reachability
  - RNFrostedSidebar (~> 0.2.0)
  - SAMBadgeView
  - SSGentleAlertView
  - TYMActivityIndicatorView
  - XMLDictionary
  - YLGIFImage

SPEC CHECKSUMS:
  AFNetworking: 80c4e0652b08eb34e25b9c0ff3c82556fe5967b4
  EDStarRating: c7b87f9866be0ea29bb054964023b8eb3f18286c
  HatenaBookmarkSDK: 54211b3de17f7c40371a7e24b843f867e58d2a04
  ionicons: 83f9b09405311133e7c5118819150f1cbf2c3d64
  ISHTTPOperation: dfc268703df15b98667c1d8bef9dcd60b6205195
  MTStatusBarOverlay: f1fef7143ed3e9ce3d2c6ee3f297079e5cab905f
  NJKWebViewProgress: 721b57080c840c76f70ff6c2dda4f836ee1b27c1
  NKToggleOverlayButton: f70a15fca22355b1fb9c19039628627fa092c2ba
  NLCoreData: c31ca2e6d5a2564bded820b5d202d08b4f243099
  QBFlatButton: 06548c44a2fdfecf7ce7d668bbde60184127d979
  Reachability: 8e9635e3cb4f98e7f825e51147f677ecc694d0e7
  RNFrostedSidebar: f1d95d9b2627f13cc10e75d36e751a623eec079c
  SAMBadgeView: 6f29c18e5dc4ddf6d843c3c5e9c9207028c2e8a8
  SFHFKeychainUtils: 6fdda05a86d035db406c7662ec1054814b68f0fd
  SSGentleAlertView: dc50e5bb7a77a5a6b9173a69bc347eceaa3d2659
  TYMActivityIndicatorView: b65789b48feca6f6d546831d8ae5ad62acd58403
  XMLDictionary: 735e81b9a043e220b0d24e9d4f16719606f2e0fc
  YLGIFImage: ffdc4cb9faf077217aacb1cdfe69689afe403f21

COCOAPODS: 0.32.1
