// !$*UTF8*$!
{
	archiveVersion = 1;
	classes = {
	};
	objectVersion = 46;
	objects = {

/* Begin PBXBuildFile section */
		E6272FC0186F635B00FC9C2D /* JBRSSFeedUnreadList.m in Sources */ = {isa = PBXBuildFile; fileRef = E6272FBF186F635B00FC9C2D /* JBRSSFeedUnreadList.m */; };
		E6272FC3186F659600FC9C2D /* JBRSSFeedUnread.m in Sources */ = {isa = PBXBuildFile; fileRef = E6272FC2186F659600FC9C2D /* JBRSSFeedUnread.m */; };
		E6272FC6186F6C0000FC9C2D /* JBRSSFeedUnreadOperation.m in Sources */ = {isa = PBXBuildFile; fileRef = E6272FC5186F6C0000FC9C2D /* JBRSSFeedUnreadOperation.m */; };
		E6272FC9186F71FC00FC9C2D /* JBRSSFeedUnreadLists.m in Sources */ = {isa = PBXBuildFile; fileRef = E6272FC8186F71FC00FC9C2D /* JBRSSFeedUnreadLists.m */; };
		E62747E217B5BFEC007B41B2 /* JBRSSLoginController.m in Sources */ = {isa = PBXBuildFile; fileRef = E62747E117B5BFEC007B41B2 /* JBRSSLoginController.m */; };
		E62C107217B9314A0081007A /* NSHTTPCookieStorage+Cookie.m in Sources */ = {isa = PBXBuildFile; fileRef = E62C107117B9314A0081007A /* NSHTTPCookieStorage+Cookie.m */; };
		E630B7BF17B6237000B0407A /* NSDictionary+HTTPBody.m in Sources */ = {isa = PBXBuildFile; fileRef = E630B7BE17B6237000B0407A /* NSDictionary+HTTPBody.m */; };
		E630B7C217B62E7800B0407A /* NSURLRequest+JBRSS.m in Sources */ = {isa = PBXBuildFile; fileRef = E630B7C117B62E7800B0407A /* NSURLRequest+JBRSS.m */; };
		E67E6E891889D0A800D36A47 /* JBWebViewController.m in Sources */ = {isa = PBXBuildFile; fileRef = E67E6E871889D0A800D36A47 /* JBWebViewController.m */; };
		E67E6E8A1889D0A800D36A47 /* JBWebViewController.xib in Resources */ = {isa = PBXBuildFile; fileRef = E67E6E881889D0A800D36A47 /* JBWebViewController.xib */; };
		E67E6E971889DFF200D36A47 /* JBBarButtonView.m in Sources */ = {isa = PBXBuildFile; fileRef = E67E6E921889DFF200D36A47 /* JBBarButtonView.m */; };
		E67E6E981889DFF200D36A47 /* JBBarButtonView.xib in Resources */ = {isa = PBXBuildFile; fileRef = E67E6E931889DFF200D36A47 /* JBBarButtonView.xib */; };
		E67E6E991889DFF200D36A47 /* JBNavigationBarTitleView.m in Sources */ = {isa = PBXBuildFile; fileRef = E67E6E951889DFF200D36A47 /* JBNavigationBarTitleView.m */; };
		E67E6E9A1889DFF200D36A47 /* JBNavigationBarTitleView.xib in Resources */ = {isa = PBXBuildFile; fileRef = E67E6E961889DFF200D36A47 /* JBNavigationBarTitleView.xib */; };
		E681E76318251954001323DB /* JBRSSLoginOperations.m in Sources */ = {isa = PBXBuildFile; fileRef = E681E76218251954001323DB /* JBRSSLoginOperations.m */; };
		E6855E5B1882009B0045A6ED /* JBRSSLogin.storyboard in Resources */ = {isa = PBXBuildFile; fileRef = E6855E5A1882009B0045A6ED /* JBRSSLogin.storyboard */; };
		E6855E6318820F070045A6ED /* JBRSSFeedSubsUnread.xcdatamodeld in Sources */ = {isa = PBXBuildFile; fileRef = E6855E6118820F070045A6ED /* JBRSSFeedSubsUnread.xcdatamodeld */; };
		E6893814185C1090004B0050 /* JBRSSOperationQueue.m in Sources */ = {isa = PBXBuildFile; fileRef = E6893813185C1090004B0050 /* JBRSSOperationQueue.m */; };
		E68EB9E417B01624006711A6 /* AppDelegate.m in Sources */ = {isa = PBXBuildFile; fileRef = E68EB9D717B01624006711A6 /* AppDelegate.m */; };
		E68EB9E517B01624006711A6 /* main.m in Sources */ = {isa = PBXBuildFile; fileRef = E68EB9D817B01624006711A6 /* main.m */; };
		E68EB9E617B01624006711A6 /* Default-568h@2x.png in Resources */ = {isa = PBXBuildFile; fileRef = E68EB9DE17B01624006711A6 /* Default-568h@2x.png */; };
		E68EB9E717B01624006711A6 /* Default.png in Resources */ = {isa = PBXBuildFile; fileRef = E68EB9DF17B01624006711A6 /* Default.png */; };
		E68EB9E817B01624006711A6 /* Default@2x.png in Resources */ = {isa = PBXBuildFile; fileRef = E68EB9E017B01624006711A6 /* Default@2x.png */; };
		E68EB9F817B01AE7006711A6 /* Localizable.strings in Resources */ = {isa = PBXBuildFile; fileRef = E68EB9F617B01AE7006711A6 /* Localizable.strings */; };
		E6B03C82888442169AA87976 /* libPods.a in Frameworks */ = {isa = PBXBuildFile; fileRef = 63C4A9E1051943D9BBC35D4B /* libPods.a */; };
		E6BAB8C617B0131300C1FEC1 /* UIKit.framework in Frameworks */ = {isa = PBXBuildFile; fileRef = E6BAB8C517B0131300C1FEC1 /* UIKit.framework */; };
		E6BAB8C817B0131300C1FEC1 /* Foundation.framework in Frameworks */ = {isa = PBXBuildFile; fileRef = E6BAB8C717B0131300C1FEC1 /* Foundation.framework */; };
		E6BAB8CA17B0131300C1FEC1 /* CoreGraphics.framework in Frameworks */ = {isa = PBXBuildFile; fileRef = E6BAB8C917B0131300C1FEC1 /* CoreGraphics.framework */; };
		E6C8D79717B15521007B6C16 /* NSData+JSON.m in Sources */ = {isa = PBXBuildFile; fileRef = E6C8D78217B15520007B6C16 /* NSData+JSON.m */; };
		E6C8D79817B15521007B6C16 /* NSNull+IgnoreMessages.m in Sources */ = {isa = PBXBuildFile; fileRef = E6C8D78417B15520007B6C16 /* NSNull+IgnoreMessages.m */; };
		E6C8D79A17B15521007B6C16 /* NSString+PercentEncoding.m in Sources */ = {isa = PBXBuildFile; fileRef = E6C8D78817B15521007B6C16 /* NSString+PercentEncoding.m */; };
		E6C8D79B17B15521007B6C16 /* NSString+UUID.m in Sources */ = {isa = PBXBuildFile; fileRef = E6C8D78A17B15521007B6C16 /* NSString+UUID.m */; };
		E6C8D79C17B15521007B6C16 /* NSURL+Query.m in Sources */ = {isa = PBXBuildFile; fileRef = E6C8D78C17B15521007B6C16 /* NSURL+Query.m */; };
		E6C8D79D17B15521007B6C16 /* NSURLRequest+Junkbox.m in Sources */ = {isa = PBXBuildFile; fileRef = E6C8D78E17B15521007B6C16 /* NSURLRequest+Junkbox.m */; };
		E6C8D79E17B15521007B6C16 /* UIColor+Hexadecimal.m in Sources */ = {isa = PBXBuildFile; fileRef = E6C8D79217B15521007B6C16 /* UIColor+Hexadecimal.m */; };
		E6C8D79F17B15521007B6C16 /* UINavigationBar+Custom.m in Sources */ = {isa = PBXBuildFile; fileRef = E6C8D79417B15521007B6C16 /* UINavigationBar+Custom.m */; };
		E6C90071186400840007449D /* JBRSSFeedSubsUnread.m in Sources */ = {isa = PBXBuildFile; fileRef = E6C90067186400840007449D /* JBRSSFeedSubsUnread.m */; };
		E6C90072186400840007449D /* JBRSSFeedSubsUnreadController.m in Sources */ = {isa = PBXBuildFile; fileRef = E6C90069186400840007449D /* JBRSSFeedSubsUnreadController.m */; };
		E6C90073186400840007449D /* JBRSSFeedSubsUnreadList.m in Sources */ = {isa = PBXBuildFile; fileRef = E6C9006B186400840007449D /* JBRSSFeedSubsUnreadList.m */; };
		E6C90074186400840007449D /* JBRSSFeedSubsUnreadOperation.m in Sources */ = {isa = PBXBuildFile; fileRef = E6C9006D186400840007449D /* JBRSSFeedSubsUnreadOperation.m */; };
		E6C90075186400840007449D /* JBRSSFeedSubsUnreadTableViewCell.m in Sources */ = {isa = PBXBuildFile; fileRef = E6C9006F186400840007449D /* JBRSSFeedSubsUnreadTableViewCell.m */; };
		E6C90076186400840007449D /* JBRSSFeedSubsUnreadTableViewCell.xib in Resources */ = {isa = PBXBuildFile; fileRef = E6C90070186400840007449D /* JBRSSFeedSubsUnreadTableViewCell.xib */; };
		E6E271B91834A8F400F0E6A4 /* SSGentleAlertView+Junkbox.m in Sources */ = {isa = PBXBuildFile; fileRef = E6E271B61834A8F400F0E6A4 /* SSGentleAlertView+Junkbox.m */; };
		E6E4FEE0188C58E10068D929 /* JBSidebarMenu.m in Sources */ = {isa = PBXBuildFile; fileRef = E6E4FEDF188C58E10068D929 /* JBSidebarMenu.m */; };
		E6E4FEE8188C64730068D929 /* JBRSSPinAddOperation.m in Sources */ = {isa = PBXBuildFile; fileRef = E6E4FEE5188C64730068D929 /* JBRSSPinAddOperation.m */; };
		E6E4FEEB188D29D70068D929 /* JBRSSFeedDiscoverOperation.m in Sources */ = {isa = PBXBuildFile; fileRef = E6E4FEEA188D29D70068D929 /* JBRSSFeedDiscoverOperation.m */; };
		E6E4FEEE188FD5ED0068D929 /* JBReadLaterNavigationController.m in Sources */ = {isa = PBXBuildFile; fileRef = E6E4FEED188FD5ED0068D929 /* JBReadLaterNavigationController.m */; };
		E6E4FEF0188FD65E0068D929 /* JBReadLater.storyboard in Resources */ = {isa = PBXBuildFile; fileRef = E6E4FEEF188FD65E0068D929 /* JBReadLater.storyboard */; };
		E6E4FEF5188FDB910068D929 /* JBRSSPinAllOperation.m in Sources */ = {isa = PBXBuildFile; fileRef = E6E4FEF2188FDB910068D929 /* JBRSSPinAllOperation.m */; };
		E6E4FEF6188FDB910068D929 /* JBRSSPinRemoveOperation.m in Sources */ = {isa = PBXBuildFile; fileRef = E6E4FEF4188FDB910068D929 /* JBRSSPinRemoveOperation.m */; };
		E6EA936C17B54E6D00697604 /* UIKit+Localize.m in Sources */ = {isa = PBXBuildFile; fileRef = E6EA936B17B54E6D00697604 /* UIKit+Localize.m */; };
		E6F08352186AE5D2007FEDD4 /* JBBookmark.storyboard in Resources */ = {isa = PBXBuildFile; fileRef = E6F08351186AE5D2007FEDD4 /* JBBookmark.storyboard */; };
		E6F0835A186AE734007FEDD4 /* JBBookmarkCatalogController.m in Sources */ = {isa = PBXBuildFile; fileRef = E6F08357186AE734007FEDD4 /* JBBookmarkCatalogController.m */; };
		E6F0835D186CF15F007FEDD4 /* JBLoginOperation.m in Sources */ = {isa = PBXBuildFile; fileRef = E6F0835C186CF15F007FEDD4 /* JBLoginOperation.m */; };
		E6F08363186E3041007FEDD4 /* JBRSSFeedUnreadController.m in Sources */ = {isa = PBXBuildFile; fileRef = E6F08361186E3041007FEDD4 /* JBRSSFeedUnreadController.m */; };
		E6FC100917B16FA800A12BED /* TableViewController.m in Sources */ = {isa = PBXBuildFile; fileRef = E6FC100617B16FA800A12BED /* TableViewController.m */; };
		E6FC100A17B16FA800A12BED /* WebViewController.m in Sources */ = {isa = PBXBuildFile; fileRef = E6FC100817B16FA800A12BED /* WebViewController.m */; };
		E6FC100D17B1729B00A12BED /* UINib+UIKit.m in Sources */ = {isa = PBXBuildFile; fileRef = E6FC100C17B1729B00A12BED /* UINib+UIKit.m */; };
		E6FC101017B1748900A12BED /* JBRSSController.m in Sources */ = {isa = PBXBuildFile; fileRef = E6FC100F17B1748900A12BED /* JBRSSController.m */; };
		E6FC101317B1749700A12BED /* JBReadLaterController.m in Sources */ = {isa = PBXBuildFile; fileRef = E6FC101217B1749700A12BED /* JBReadLaterController.m */; };
		E6FC101617B174A200A12BED /* JBBookmarkController.m in Sources */ = {isa = PBXBuildFile; fileRef = E6FC101517B174A200A12BED /* JBBookmarkController.m */; };
		E6FC101917B174AC00A12BED /* JBSettingController.m in Sources */ = {isa = PBXBuildFile; fileRef = E6FC101817B174AC00A12BED /* JBSettingController.m */; };
		E6FC101B17B176B000A12BED /* MainStoryboard.storyboard in Resources */ = {isa = PBXBuildFile; fileRef = E6FC101A17B176B000A12BED /* MainStoryboard.storyboard */; };
		E6FC101E17B1781700A12BED /* UIStoryboard+UIKit.m in Sources */ = {isa = PBXBuildFile; fileRef = E6FC101D17B1781700A12BED /* UIStoryboard+UIKit.m */; };
		E6FC983E17BBD53D0082047A /* JBRSSFeed.storyboard in Resources */ = {isa = PBXBuildFile; fileRef = E6FC983D17BBD53D0082047A /* JBRSSFeed.storyboard */; };
/* End PBXBuildFile section */

/* Begin PBXFileReference section */
		53D3013BD4F540AEB55F7CE7 /* Pods.xcconfig */ = {isa = PBXFileReference; includeInIndex = 1; lastKnownFileType = text.xcconfig; name = Pods.xcconfig; path = Pods/Pods.xcconfig; sourceTree = SOURCE_ROOT; };
		63C4A9E1051943D9BBC35D4B /* libPods.a */ = {isa = PBXFileReference; explicitFileType = archive.ar; includeInIndex = 0; path = libPods.a; sourceTree = BUILT_PRODUCTS_DIR; };
		E6272FBE186F635B00FC9C2D /* JBRSSFeedUnreadList.h */ = {isa = PBXFileReference; fileEncoding = 4; lastKnownFileType = sourcecode.c.h; path = JBRSSFeedUnreadList.h; sourceTree = "<group>"; };
		E6272FBF186F635B00FC9C2D /* JBRSSFeedUnreadList.m */ = {isa = PBXFileReference; fileEncoding = 4; lastKnownFileType = sourcecode.c.objc; path = JBRSSFeedUnreadList.m; sourceTree = "<group>"; };
		E6272FC1186F659600FC9C2D /* JBRSSFeedUnread.h */ = {isa = PBXFileReference; fileEncoding = 4; lastKnownFileType = sourcecode.c.h; path = JBRSSFeedUnread.h; sourceTree = "<group>"; };
		E6272FC2186F659600FC9C2D /* JBRSSFeedUnread.m */ = {isa = PBXFileReference; fileEncoding = 4; lastKnownFileType = sourcecode.c.objc; path = JBRSSFeedUnread.m; sourceTree = "<group>"; };
		E6272FC4186F6C0000FC9C2D /* JBRSSFeedUnreadOperation.h */ = {isa = PBXFileReference; fileEncoding = 4; lastKnownFileType = sourcecode.c.h; path = JBRSSFeedUnreadOperation.h; sourceTree = "<group>"; };
		E6272FC5186F6C0000FC9C2D /* JBRSSFeedUnreadOperation.m */ = {isa = PBXFileReference; fileEncoding = 4; lastKnownFileType = sourcecode.c.objc; path = JBRSSFeedUnreadOperation.m; sourceTree = "<group>"; };
		E6272FC7186F71FC00FC9C2D /* JBRSSFeedUnreadLists.h */ = {isa = PBXFileReference; fileEncoding = 4; lastKnownFileType = sourcecode.c.h; path = JBRSSFeedUnreadLists.h; sourceTree = "<group>"; };
		E6272FC8186F71FC00FC9C2D /* JBRSSFeedUnreadLists.m */ = {isa = PBXFileReference; fileEncoding = 4; lastKnownFileType = sourcecode.c.objc; path = JBRSSFeedUnreadLists.m; sourceTree = "<group>"; };
		E62747E017B5BFB8007B41B2 /* JBRSSLoginController.h */ = {isa = PBXFileReference; fileEncoding = 4; lastKnownFileType = sourcecode.c.h; path = JBRSSLoginController.h; sourceTree = "<group>"; };
		E62747E117B5BFEC007B41B2 /* JBRSSLoginController.m */ = {isa = PBXFileReference; fileEncoding = 4; lastKnownFileType = sourcecode.c.objc; path = JBRSSLoginController.m; sourceTree = "<group>"; };
		E62747E317B5CEBF007B41B2 /* JBConstant.h */ = {isa = PBXFileReference; fileEncoding = 4; lastKnownFileType = sourcecode.c.h; path = JBConstant.h; sourceTree = "<group>"; };
		E62C107017B9314A0081007A /* NSHTTPCookieStorage+Cookie.h */ = {isa = PBXFileReference; fileEncoding = 4; lastKnownFileType = sourcecode.c.h; path = "NSHTTPCookieStorage+Cookie.h"; sourceTree = "<group>"; };
		E62C107117B9314A0081007A /* NSHTTPCookieStorage+Cookie.m */ = {isa = PBXFileReference; fileEncoding = 4; lastKnownFileType = sourcecode.c.objc; path = "NSHTTPCookieStorage+Cookie.m"; sourceTree = "<group>"; };
		E630B7BD17B6237000B0407A /* NSDictionary+HTTPBody.h */ = {isa = PBXFileReference; fileEncoding = 4; lastKnownFileType = sourcecode.c.h; path = "NSDictionary+HTTPBody.h"; sourceTree = "<group>"; };
		E630B7BE17B6237000B0407A /* NSDictionary+HTTPBody.m */ = {isa = PBXFileReference; fileEncoding = 4; lastKnownFileType = sourcecode.c.objc; path = "NSDictionary+HTTPBody.m"; sourceTree = "<group>"; };
		E630B7C017B62E7800B0407A /* NSURLRequest+JBRSS.h */ = {isa = PBXFileReference; fileEncoding = 4; lastKnownFileType = sourcecode.c.h; path = "NSURLRequest+JBRSS.h"; sourceTree = "<group>"; };
		E630B7C117B62E7800B0407A /* NSURLRequest+JBRSS.m */ = {isa = PBXFileReference; fileEncoding = 4; lastKnownFileType = sourcecode.c.objc; path = "NSURLRequest+JBRSS.m"; sourceTree = "<group>"; };
		E67E6E861889D0A800D36A47 /* JBWebViewController.h */ = {isa = PBXFileReference; fileEncoding = 4; lastKnownFileType = sourcecode.c.h; path = JBWebViewController.h; sourceTree = "<group>"; };
		E67E6E871889D0A800D36A47 /* JBWebViewController.m */ = {isa = PBXFileReference; fileEncoding = 4; lastKnownFileType = sourcecode.c.objc; path = JBWebViewController.m; sourceTree = "<group>"; };
		E67E6E881889D0A800D36A47 /* JBWebViewController.xib */ = {isa = PBXFileReference; fileEncoding = 4; lastKnownFileType = file.xib; path = JBWebViewController.xib; sourceTree = "<group>"; };
		E67E6E911889DFF200D36A47 /* JBBarButtonView.h */ = {isa = PBXFileReference; fileEncoding = 4; lastKnownFileType = sourcecode.c.h; path = JBBarButtonView.h; sourceTree = "<group>"; };
		E67E6E921889DFF200D36A47 /* JBBarButtonView.m */ = {isa = PBXFileReference; fileEncoding = 4; lastKnownFileType = sourcecode.c.objc; path = JBBarButtonView.m; sourceTree = "<group>"; };
		E67E6E931889DFF200D36A47 /* JBBarButtonView.xib */ = {isa = PBXFileReference; fileEncoding = 4; lastKnownFileType = file.xib; path = JBBarButtonView.xib; sourceTree = "<group>"; };
		E67E6E941889DFF200D36A47 /* JBNavigationBarTitleView.h */ = {isa = PBXFileReference; fileEncoding = 4; lastKnownFileType = sourcecode.c.h; path = JBNavigationBarTitleView.h; sourceTree = "<group>"; };
		E67E6E951889DFF200D36A47 /* JBNavigationBarTitleView.m */ = {isa = PBXFileReference; fileEncoding = 4; lastKnownFileType = sourcecode.c.objc; path = JBNavigationBarTitleView.m; sourceTree = "<group>"; };
		E67E6E961889DFF200D36A47 /* JBNavigationBarTitleView.xib */ = {isa = PBXFileReference; fileEncoding = 4; lastKnownFileType = file.xib; path = JBNavigationBarTitleView.xib; sourceTree = "<group>"; };
		E681E76118251954001323DB /* JBRSSLoginOperations.h */ = {isa = PBXFileReference; fileEncoding = 4; lastKnownFileType = sourcecode.c.h; path = JBRSSLoginOperations.h; sourceTree = "<group>"; };
		E681E76218251954001323DB /* JBRSSLoginOperations.m */ = {isa = PBXFileReference; fileEncoding = 4; lastKnownFileType = sourcecode.c.objc; path = JBRSSLoginOperations.m; sourceTree = "<group>"; };
		E6855E5A1882009B0045A6ED /* JBRSSLogin.storyboard */ = {isa = PBXFileReference; fileEncoding = 4; lastKnownFileType = file.storyboard; path = JBRSSLogin.storyboard; sourceTree = "<group>"; };
		E6855E6218820F070045A6ED /* JBRSSFeedSubsUnread.xcdatamodel */ = {isa = PBXFileReference; lastKnownFileType = wrapper.xcdatamodel; path = JBRSSFeedSubsUnread.xcdatamodel; sourceTree = "<group>"; };
		E6893812185C0E8A004B0050 /* JBRSSOperationQueue.h */ = {isa = PBXFileReference; fileEncoding = 4; lastKnownFileType = sourcecode.c.h; path = JBRSSOperationQueue.h; sourceTree = "<group>"; };
		E6893813185C1090004B0050 /* JBRSSOperationQueue.m */ = {isa = PBXFileReference; fileEncoding = 4; lastKnownFileType = sourcecode.c.objc; path = JBRSSOperationQueue.m; sourceTree = "<group>"; };
		E68EB9D617B01624006711A6 /* AppDelegate.h */ = {isa = PBXFileReference; fileEncoding = 4; lastKnownFileType = sourcecode.c.h; path = AppDelegate.h; sourceTree = "<group>"; };
		E68EB9D717B01624006711A6 /* AppDelegate.m */ = {isa = PBXFileReference; fileEncoding = 4; lastKnownFileType = sourcecode.c.objc; path = AppDelegate.m; sourceTree = "<group>"; };
		E68EB9D817B01624006711A6 /* main.m */ = {isa = PBXFileReference; fileEncoding = 4; lastKnownFileType = sourcecode.c.objc; path = main.m; sourceTree = "<group>"; };
		E68EB9D917B01624006711A6 /* prefix.pch */ = {isa = PBXFileReference; fileEncoding = 4; lastKnownFileType = sourcecode.c.h; path = prefix.pch; sourceTree = "<group>"; };
		E68EB9DE17B01624006711A6 /* Default-568h@2x.png */ = {isa = PBXFileReference; lastKnownFileType = image.png; path = "Default-568h@2x.png"; sourceTree = "<group>"; };
		E68EB9DF17B01624006711A6 /* Default.png */ = {isa = PBXFileReference; lastKnownFileType = image.png; path = Default.png; sourceTree = "<group>"; };
		E68EB9E017B01624006711A6 /* Default@2x.png */ = {isa = PBXFileReference; lastKnownFileType = image.png; path = "Default@2x.png"; sourceTree = "<group>"; };
		E68EB9F717B01AE7006711A6 /* en */ = {isa = PBXFileReference; lastKnownFileType = text.plist.strings; name = en; path = en.lproj/Localizable.strings; sourceTree = "<group>"; };
		E68EB9F917B01AF8006711A6 /* ja */ = {isa = PBXFileReference; lastKnownFileType = text.plist.strings; name = ja; path = ja.lproj/Localizable.strings; sourceTree = "<group>"; };
		E6BAB8C217B0131300C1FEC1 /* debug.junkbox.app */ = {isa = PBXFileReference; explicitFileType = wrapper.application; includeInIndex = 0; path = debug.junkbox.app; sourceTree = BUILT_PRODUCTS_DIR; };
		E6BAB8C517B0131300C1FEC1 /* UIKit.framework */ = {isa = PBXFileReference; lastKnownFileType = wrapper.framework; name = UIKit.framework; path = System/Library/Frameworks/UIKit.framework; sourceTree = SDKROOT; };
		E6BAB8C717B0131300C1FEC1 /* Foundation.framework */ = {isa = PBXFileReference; lastKnownFileType = wrapper.framework; name = Foundation.framework; path = System/Library/Frameworks/Foundation.framework; sourceTree = SDKROOT; };
		E6BAB8C917B0131300C1FEC1 /* CoreGraphics.framework */ = {isa = PBXFileReference; lastKnownFileType = wrapper.framework; name = CoreGraphics.framework; path = System/Library/Frameworks/CoreGraphics.framework; sourceTree = SDKROOT; };
		E6C8D77F17B15520007B6C16 /* StatusCode.h */ = {isa = PBXFileReference; fileEncoding = 4; lastKnownFileType = sourcecode.c.h; path = StatusCode.h; sourceTree = "<group>"; };
		E6C8D78117B15520007B6C16 /* NSData+JSON.h */ = {isa = PBXFileReference; fileEncoding = 4; lastKnownFileType = sourcecode.c.h; path = "NSData+JSON.h"; sourceTree = "<group>"; };
		E6C8D78217B15520007B6C16 /* NSData+JSON.m */ = {isa = PBXFileReference; fileEncoding = 4; lastKnownFileType = sourcecode.c.objc; path = "NSData+JSON.m"; sourceTree = "<group>"; };
		E6C8D78317B15520007B6C16 /* NSNull+IgnoreMessages.h */ = {isa = PBXFileReference; fileEncoding = 4; lastKnownFileType = sourcecode.c.h; path = "NSNull+IgnoreMessages.h"; sourceTree = "<group>"; };
		E6C8D78417B15520007B6C16 /* NSNull+IgnoreMessages.m */ = {isa = PBXFileReference; fileEncoding = 4; lastKnownFileType = sourcecode.c.objc; path = "NSNull+IgnoreMessages.m"; sourceTree = "<group>"; };
		E6C8D78717B15521007B6C16 /* NSString+PercentEncoding.h */ = {isa = PBXFileReference; fileEncoding = 4; lastKnownFileType = sourcecode.c.h; path = "NSString+PercentEncoding.h"; sourceTree = "<group>"; };
		E6C8D78817B15521007B6C16 /* NSString+PercentEncoding.m */ = {isa = PBXFileReference; fileEncoding = 4; lastKnownFileType = sourcecode.c.objc; path = "NSString+PercentEncoding.m"; sourceTree = "<group>"; };
		E6C8D78917B15521007B6C16 /* NSString+UUID.h */ = {isa = PBXFileReference; fileEncoding = 4; lastKnownFileType = sourcecode.c.h; path = "NSString+UUID.h"; sourceTree = "<group>"; };
		E6C8D78A17B15521007B6C16 /* NSString+UUID.m */ = {isa = PBXFileReference; fileEncoding = 4; lastKnownFileType = sourcecode.c.objc; path = "NSString+UUID.m"; sourceTree = "<group>"; };
		E6C8D78B17B15521007B6C16 /* NSURL+Query.h */ = {isa = PBXFileReference; fileEncoding = 4; lastKnownFileType = sourcecode.c.h; path = "NSURL+Query.h"; sourceTree = "<group>"; };
		E6C8D78C17B15521007B6C16 /* NSURL+Query.m */ = {isa = PBXFileReference; fileEncoding = 4; lastKnownFileType = sourcecode.c.objc; path = "NSURL+Query.m"; sourceTree = "<group>"; };
		E6C8D78D17B15521007B6C16 /* NSURLRequest+Junkbox.h */ = {isa = PBXFileReference; fileEncoding = 4; lastKnownFileType = sourcecode.c.h; path = "NSURLRequest+Junkbox.h"; sourceTree = "<group>"; };
		E6C8D78E17B15521007B6C16 /* NSURLRequest+Junkbox.m */ = {isa = PBXFileReference; fileEncoding = 4; lastKnownFileType = sourcecode.c.objc; path = "NSURLRequest+Junkbox.m"; sourceTree = "<group>"; };
		E6C8D79117B15521007B6C16 /* UIColor+Hexadecimal.h */ = {isa = PBXFileReference; fileEncoding = 4; lastKnownFileType = sourcecode.c.h; path = "UIColor+Hexadecimal.h"; sourceTree = "<group>"; };
		E6C8D79217B15521007B6C16 /* UIColor+Hexadecimal.m */ = {isa = PBXFileReference; fileEncoding = 4; lastKnownFileType = sourcecode.c.objc; path = "UIColor+Hexadecimal.m"; sourceTree = "<group>"; };
		E6C8D79317B15521007B6C16 /* UINavigationBar+Custom.h */ = {isa = PBXFileReference; fileEncoding = 4; lastKnownFileType = sourcecode.c.h; path = "UINavigationBar+Custom.h"; sourceTree = "<group>"; };
		E6C8D79417B15521007B6C16 /* UINavigationBar+Custom.m */ = {isa = PBXFileReference; fileEncoding = 4; lastKnownFileType = sourcecode.c.objc; path = "UINavigationBar+Custom.m"; sourceTree = "<group>"; };
		E6C90066186400840007449D /* JBRSSFeedSubsUnread.h */ = {isa = PBXFileReference; fileEncoding = 4; lastKnownFileType = sourcecode.c.h; path = JBRSSFeedSubsUnread.h; sourceTree = "<group>"; };
		E6C90067186400840007449D /* JBRSSFeedSubsUnread.m */ = {isa = PBXFileReference; fileEncoding = 4; lastKnownFileType = sourcecode.c.objc; path = JBRSSFeedSubsUnread.m; sourceTree = "<group>"; };
		E6C90068186400840007449D /* JBRSSFeedSubsUnreadController.h */ = {isa = PBXFileReference; fileEncoding = 4; lastKnownFileType = sourcecode.c.h; path = JBRSSFeedSubsUnreadController.h; sourceTree = "<group>"; };
		E6C90069186400840007449D /* JBRSSFeedSubsUnreadController.m */ = {isa = PBXFileReference; fileEncoding = 4; lastKnownFileType = sourcecode.c.objc; path = JBRSSFeedSubsUnreadController.m; sourceTree = "<group>"; };
		E6C9006A186400840007449D /* JBRSSFeedSubsUnreadList.h */ = {isa = PBXFileReference; fileEncoding = 4; lastKnownFileType = sourcecode.c.h; path = JBRSSFeedSubsUnreadList.h; sourceTree = "<group>"; };
		E6C9006B186400840007449D /* JBRSSFeedSubsUnreadList.m */ = {isa = PBXFileReference; fileEncoding = 4; lastKnownFileType = sourcecode.c.objc; path = JBRSSFeedSubsUnreadList.m; sourceTree = "<group>"; };
		E6C9006C186400840007449D /* JBRSSFeedSubsUnreadOperation.h */ = {isa = PBXFileReference; fileEncoding = 4; lastKnownFileType = sourcecode.c.h; path = JBRSSFeedSubsUnreadOperation.h; sourceTree = "<group>"; };
		E6C9006D186400840007449D /* JBRSSFeedSubsUnreadOperation.m */ = {isa = PBXFileReference; fileEncoding = 4; lastKnownFileType = sourcecode.c.objc; path = JBRSSFeedSubsUnreadOperation.m; sourceTree = "<group>"; };
		E6C9006E186400840007449D /* JBRSSFeedSubsUnreadTableViewCell.h */ = {isa = PBXFileReference; fileEncoding = 4; lastKnownFileType = sourcecode.c.h; path = JBRSSFeedSubsUnreadTableViewCell.h; sourceTree = "<group>"; };
		E6C9006F186400840007449D /* JBRSSFeedSubsUnreadTableViewCell.m */ = {isa = PBXFileReference; fileEncoding = 4; lastKnownFileType = sourcecode.c.objc; path = JBRSSFeedSubsUnreadTableViewCell.m; sourceTree = "<group>"; };
		E6C90070186400840007449D /* JBRSSFeedSubsUnreadTableViewCell.xib */ = {isa = PBXFileReference; fileEncoding = 4; lastKnownFileType = file.xib; path = JBRSSFeedSubsUnreadTableViewCell.xib; sourceTree = "<group>"; };
		E6E271B51834A8F400F0E6A4 /* SSGentleAlertView+Junkbox.h */ = {isa = PBXFileReference; fileEncoding = 4; lastKnownFileType = sourcecode.c.h; path = "SSGentleAlertView+Junkbox.h"; sourceTree = "<group>"; };
		E6E271B61834A8F400F0E6A4 /* SSGentleAlertView+Junkbox.m */ = {isa = PBXFileReference; fileEncoding = 4; lastKnownFileType = sourcecode.c.objc; path = "SSGentleAlertView+Junkbox.m"; sourceTree = "<group>"; };
		E6E4FEDE188C58E10068D929 /* JBSidebarMenu.h */ = {isa = PBXFileReference; fileEncoding = 4; lastKnownFileType = sourcecode.c.h; path = JBSidebarMenu.h; sourceTree = "<group>"; };
		E6E4FEDF188C58E10068D929 /* JBSidebarMenu.m */ = {isa = PBXFileReference; fileEncoding = 4; lastKnownFileType = sourcecode.c.objc; path = JBSidebarMenu.m; sourceTree = "<group>"; };
		E6E4FEE4188C64730068D929 /* JBRSSPinAddOperation.h */ = {isa = PBXFileReference; fileEncoding = 4; lastKnownFileType = sourcecode.c.h; path = JBRSSPinAddOperation.h; sourceTree = "<group>"; };
		E6E4FEE5188C64730068D929 /* JBRSSPinAddOperation.m */ = {isa = PBXFileReference; fileEncoding = 4; lastKnownFileType = sourcecode.c.objc; path = JBRSSPinAddOperation.m; sourceTree = "<group>"; };
		E6E4FEE9188D29D70068D929 /* JBRSSFeedDiscoverOperation.h */ = {isa = PBXFileReference; fileEncoding = 4; lastKnownFileType = sourcecode.c.h; name = JBRSSFeedDiscoverOperation.h; path = junkbox/Classes/RSS/Feed/JBRSSFeedDiscoverOperation.h; sourceTree = SOURCE_ROOT; };
		E6E4FEEA188D29D70068D929 /* JBRSSFeedDiscoverOperation.m */ = {isa = PBXFileReference; fileEncoding = 4; lastKnownFileType = sourcecode.c.objc; name = JBRSSFeedDiscoverOperation.m; path = junkbox/Classes/RSS/Feed/JBRSSFeedDiscoverOperation.m; sourceTree = SOURCE_ROOT; };
		E6E4FEEC188FD5ED0068D929 /* JBReadLaterNavigationController.h */ = {isa = PBXFileReference; fileEncoding = 4; lastKnownFileType = sourcecode.c.h; path = JBReadLaterNavigationController.h; sourceTree = "<group>"; };
		E6E4FEED188FD5ED0068D929 /* JBReadLaterNavigationController.m */ = {isa = PBXFileReference; fileEncoding = 4; lastKnownFileType = sourcecode.c.objc; path = JBReadLaterNavigationController.m; sourceTree = "<group>"; };
		E6E4FEEF188FD65E0068D929 /* JBReadLater.storyboard */ = {isa = PBXFileReference; fileEncoding = 4; lastKnownFileType = file.storyboard; path = JBReadLater.storyboard; sourceTree = "<group>"; };
		E6E4FEF1188FDB910068D929 /* JBRSSPinAllOperation.h */ = {isa = PBXFileReference; fileEncoding = 4; lastKnownFileType = sourcecode.c.h; path = JBRSSPinAllOperation.h; sourceTree = "<group>"; };
		E6E4FEF2188FDB910068D929 /* JBRSSPinAllOperation.m */ = {isa = PBXFileReference; fileEncoding = 4; lastKnownFileType = sourcecode.c.objc; path = JBRSSPinAllOperation.m; sourceTree = "<group>"; };
		E6E4FEF3188FDB910068D929 /* JBRSSPinRemoveOperation.h */ = {isa = PBXFileReference; fileEncoding = 4; lastKnownFileType = sourcecode.c.h; path = JBRSSPinRemoveOperation.h; sourceTree = "<group>"; };
		E6E4FEF4188FDB910068D929 /* JBRSSPinRemoveOperation.m */ = {isa = PBXFileReference; fileEncoding = 4; lastKnownFileType = sourcecode.c.objc; path = JBRSSPinRemoveOperation.m; sourceTree = "<group>"; };
		E6EA936A17B54E6D00697604 /* UIKit+Localize.h */ = {isa = PBXFileReference; fileEncoding = 4; lastKnownFileType = sourcecode.c.h; path = "UIKit+Localize.h"; sourceTree = "<group>"; };
		E6EA936B17B54E6D00697604 /* UIKit+Localize.m */ = {isa = PBXFileReference; fileEncoding = 4; lastKnownFileType = sourcecode.c.objc; path = "UIKit+Localize.m"; sourceTree = "<group>"; };
		E6EA937717B5645700697604 /* JBRSSConstant.h */ = {isa = PBXFileReference; fileEncoding = 4; lastKnownFileType = sourcecode.c.h; path = JBRSSConstant.h; sourceTree = "<group>"; };
		E6F08351186AE5D2007FEDD4 /* JBBookmark.storyboard */ = {isa = PBXFileReference; fileEncoding = 4; lastKnownFileType = file.storyboard; path = JBBookmark.storyboard; sourceTree = "<group>"; };
		E6F08356186AE734007FEDD4 /* JBBookmarkCatalogController.h */ = {isa = PBXFileReference; fileEncoding = 4; lastKnownFileType = sourcecode.c.h; path = JBBookmarkCatalogController.h; sourceTree = "<group>"; };
		E6F08357186AE734007FEDD4 /* JBBookmarkCatalogController.m */ = {isa = PBXFileReference; fileEncoding = 4; lastKnownFileType = sourcecode.c.objc; path = JBBookmarkCatalogController.m; sourceTree = "<group>"; };
		E6F0835B186CF15F007FEDD4 /* JBLoginOperation.h */ = {isa = PBXFileReference; fileEncoding = 4; lastKnownFileType = sourcecode.c.h; path = JBLoginOperation.h; sourceTree = "<group>"; };
		E6F0835C186CF15F007FEDD4 /* JBLoginOperation.m */ = {isa = PBXFileReference; fileEncoding = 4; lastKnownFileType = sourcecode.c.objc; path = JBLoginOperation.m; sourceTree = "<group>"; };
		E6F08360186E3041007FEDD4 /* JBRSSFeedUnreadController.h */ = {isa = PBXFileReference; fileEncoding = 4; lastKnownFileType = sourcecode.c.h; path = JBRSSFeedUnreadController.h; sourceTree = "<group>"; };
		E6F08361186E3041007FEDD4 /* JBRSSFeedUnreadController.m */ = {isa = PBXFileReference; fileEncoding = 4; lastKnownFileType = sourcecode.c.objc; path = JBRSSFeedUnreadController.m; sourceTree = "<group>"; };
		E6FC100517B16FA800A12BED /* TableViewController.h */ = {isa = PBXFileReference; fileEncoding = 4; lastKnownFileType = sourcecode.c.h; path = TableViewController.h; sourceTree = "<group>"; };
		E6FC100617B16FA800A12BED /* TableViewController.m */ = {isa = PBXFileReference; fileEncoding = 4; lastKnownFileType = sourcecode.c.objc; path = TableViewController.m; sourceTree = "<group>"; };
		E6FC100717B16FA800A12BED /* WebViewController.h */ = {isa = PBXFileReference; fileEncoding = 4; lastKnownFileType = sourcecode.c.h; path = WebViewController.h; sourceTree = "<group>"; };
		E6FC100817B16FA800A12BED /* WebViewController.m */ = {isa = PBXFileReference; fileEncoding = 4; lastKnownFileType = sourcecode.c.objc; path = WebViewController.m; sourceTree = "<group>"; };
		E6FC100B17B1729B00A12BED /* UINib+UIKit.h */ = {isa = PBXFileReference; fileEncoding = 4; lastKnownFileType = sourcecode.c.h; path = "UINib+UIKit.h"; sourceTree = "<group>"; };
		E6FC100C17B1729B00A12BED /* UINib+UIKit.m */ = {isa = PBXFileReference; fileEncoding = 4; lastKnownFileType = sourcecode.c.objc; path = "UINib+UIKit.m"; sourceTree = "<group>"; };
		E6FC100E17B1748900A12BED /* JBRSSController.h */ = {isa = PBXFileReference; fileEncoding = 4; lastKnownFileType = sourcecode.c.h; path = JBRSSController.h; sourceTree = "<group>"; };
		E6FC100F17B1748900A12BED /* JBRSSController.m */ = {isa = PBXFileReference; fileEncoding = 4; lastKnownFileType = sourcecode.c.objc; path = JBRSSController.m; sourceTree = "<group>"; };
		E6FC101117B1749700A12BED /* JBReadLaterController.h */ = {isa = PBXFileReference; fileEncoding = 4; lastKnownFileType = sourcecode.c.h; path = JBReadLaterController.h; sourceTree = "<group>"; };
		E6FC101217B1749700A12BED /* JBReadLaterController.m */ = {isa = PBXFileReference; fileEncoding = 4; lastKnownFileType = sourcecode.c.objc; path = JBReadLaterController.m; sourceTree = "<group>"; };
		E6FC101417B174A200A12BED /* JBBookmarkController.h */ = {isa = PBXFileReference; fileEncoding = 4; lastKnownFileType = sourcecode.c.h; path = JBBookmarkController.h; sourceTree = "<group>"; };
		E6FC101517B174A200A12BED /* JBBookmarkController.m */ = {isa = PBXFileReference; fileEncoding = 4; lastKnownFileType = sourcecode.c.objc; path = JBBookmarkController.m; sourceTree = "<group>"; };
		E6FC101717B174AC00A12BED /* JBSettingController.h */ = {isa = PBXFileReference; fileEncoding = 4; lastKnownFileType = sourcecode.c.h; path = JBSettingController.h; sourceTree = "<group>"; };
		E6FC101817B174AC00A12BED /* JBSettingController.m */ = {isa = PBXFileReference; fileEncoding = 4; lastKnownFileType = sourcecode.c.objc; path = JBSettingController.m; sourceTree = "<group>"; };
		E6FC101A17B176B000A12BED /* MainStoryboard.storyboard */ = {isa = PBXFileReference; fileEncoding = 4; lastKnownFileType = file.storyboard; path = MainStoryboard.storyboard; sourceTree = "<group>"; };
		E6FC101C17B1781700A12BED /* UIStoryboard+UIKit.h */ = {isa = PBXFileReference; fileEncoding = 4; lastKnownFileType = sourcecode.c.h; path = "UIStoryboard+UIKit.h"; sourceTree = "<group>"; };
		E6FC101D17B1781700A12BED /* UIStoryboard+UIKit.m */ = {isa = PBXFileReference; fileEncoding = 4; lastKnownFileType = sourcecode.c.objc; path = "UIStoryboard+UIKit.m"; sourceTree = "<group>"; };
		E6FC101F17B179C700A12BED /* info.plist */ = {isa = PBXFileReference; fileEncoding = 4; lastKnownFileType = text.plist.xml; path = info.plist; sourceTree = "<group>"; };
		E6FC983D17BBD53D0082047A /* JBRSSFeed.storyboard */ = {isa = PBXFileReference; fileEncoding = 4; lastKnownFileType = file.storyboard; name = JBRSSFeed.storyboard; path = junkbox/Classes/RSS/Feed/JBRSSFeed.storyboard; sourceTree = SOURCE_ROOT; };
/* End PBXFileReference section */

/* Begin PBXFrameworksBuildPhase section */
		E6BAB8BF17B0131300C1FEC1 /* Frameworks */ = {
			isa = PBXFrameworksBuildPhase;
			buildActionMask = 2147483647;
			files = (
				E6BAB8C617B0131300C1FEC1 /* UIKit.framework in Frameworks */,
				E6BAB8C817B0131300C1FEC1 /* Foundation.framework in Frameworks */,
				E6BAB8CA17B0131300C1FEC1 /* CoreGraphics.framework in Frameworks */,
				E6B03C82888442169AA87976 /* libPods.a in Frameworks */,
			);
			runOnlyForDeploymentPostprocessing = 0;
		};
/* End PBXFrameworksBuildPhase section */

/* Begin PBXGroup section */
		E67E6E851889D0A800D36A47 /* WebView */ = {
			isa = PBXGroup;
			children = (
				E67E6E861889D0A800D36A47 /* JBWebViewController.h */,
				E67E6E871889D0A800D36A47 /* JBWebViewController.m */,
				E67E6E881889D0A800D36A47 /* JBWebViewController.xib */,
			);
			path = WebView;
			sourceTree = "<group>";
		};
		E67E6E901889DFF200D36A47 /* View */ = {
			isa = PBXGroup;
			children = (
				E67E6E911889DFF200D36A47 /* JBBarButtonView.h */,
				E67E6E921889DFF200D36A47 /* JBBarButtonView.m */,
				E67E6E931889DFF200D36A47 /* JBBarButtonView.xib */,
				E67E6E941889DFF200D36A47 /* JBNavigationBarTitleView.h */,
				E67E6E951889DFF200D36A47 /* JBNavigationBarTitleView.m */,
				E67E6E961889DFF200D36A47 /* JBNavigationBarTitleView.xib */,
			);
			path = View;
			sourceTree = "<group>";
		};
		E68EB9D517B01624006711A6 /* Classes */ = {
			isa = PBXGroup;
			children = (
				E6C8D78017B15520007B6C16 /* NSFoundation-Extension */,
				E6C8D79017B15521007B6C16 /* UIKit-Extension */,
				E6E271B11834A8F400F0E6A4 /* Pods-Extension */,
				E6FC100317B16FA800A12BED /* UIKit */,
				E6C8D77E17B15520007B6C16 /* Connection */,
				E67E6E851889D0A800D36A47 /* WebView */,
				E6C8D78F17B15521007B6C16 /* RSS */,
				E6FC100117B16FA800A12BED /* ReadLater */,
				E6C8D77D17B15520007B6C16 /* Bookmark */,
				E6FC100217B16FA800A12BED /* Setting */,
				E62747E317B5CEBF007B41B2 /* JBConstant.h */,
				E6F0835B186CF15F007FEDD4 /* JBLoginOperation.h */,
				E6F0835C186CF15F007FEDD4 /* JBLoginOperation.m */,
				E6E4FEDE188C58E10068D929 /* JBSidebarMenu.h */,
				E6E4FEDF188C58E10068D929 /* JBSidebarMenu.m */,
				E68EB9D617B01624006711A6 /* AppDelegate.h */,
				E68EB9D717B01624006711A6 /* AppDelegate.m */,
				E6FC101A17B176B000A12BED /* MainStoryboard.storyboard */,
				E68EB9D817B01624006711A6 /* main.m */,
				E68EB9D917B01624006711A6 /* prefix.pch */,
			);
			path = Classes;
			sourceTree = "<group>";
		};
		E68EB9DA17B01624006711A6 /* Resources */ = {
			isa = PBXGroup;
			children = (
				E68EB9DB17B01624006711A6 /* Images */,
				E6C8D77C17B14EF8007B6C16 /* Sounds */,
				E68EB9E117B01624006711A6 /* Plists */,
				E68EB9E317B01624006711A6 /* Strings */,
			);
			path = Resources;
			sourceTree = "<group>";
		};
		E68EB9DB17B01624006711A6 /* Images */ = {
			isa = PBXGroup;
			children = (
				E68EB9DC17B01624006711A6 /* Icons */,
				E68EB9DD17B01624006711A6 /* Splashes */,
			);
			path = Images;
			sourceTree = "<group>";
		};
		E68EB9DC17B01624006711A6 /* Icons */ = {
			isa = PBXGroup;
			children = (
			);
			path = Icons;
			sourceTree = "<group>";
		};
		E68EB9DD17B01624006711A6 /* Splashes */ = {
			isa = PBXGroup;
			children = (
				E68EB9DE17B01624006711A6 /* Default-568h@2x.png */,
				E68EB9DF17B01624006711A6 /* Default.png */,
				E68EB9E017B01624006711A6 /* Default@2x.png */,
			);
			path = Splashes;
			sourceTree = "<group>";
		};
		E68EB9E117B01624006711A6 /* Plists */ = {
			isa = PBXGroup;
			children = (
				E6FC101F17B179C700A12BED /* info.plist */,
			);
			path = Plists;
			sourceTree = "<group>";
		};
		E68EB9E317B01624006711A6 /* Strings */ = {
			isa = PBXGroup;
			children = (
				E68EB9F617B01AE7006711A6 /* Localizable.strings */,
			);
			path = Strings;
			sourceTree = "<group>";
		};
		E6BAB8B917B0131300C1FEC1 = {
			isa = PBXGroup;
			children = (
				E6BAB8CD17B0131300C1FEC1 /* junkbox */,
				E6BAB8C417B0131300C1FEC1 /* Frameworks */,
				E6BAB8C317B0131300C1FEC1 /* Products */,
				53D3013BD4F540AEB55F7CE7 /* Pods.xcconfig */,
			);
			sourceTree = "<group>";
		};
		E6BAB8C317B0131300C1FEC1 /* Products */ = {
			isa = PBXGroup;
			children = (
				E6BAB8C217B0131300C1FEC1 /* debug.junkbox.app */,
			);
			name = Products;
			sourceTree = "<group>";
		};
		E6BAB8C417B0131300C1FEC1 /* Frameworks */ = {
			isa = PBXGroup;
			children = (
				E6BAB8C517B0131300C1FEC1 /* UIKit.framework */,
				E6BAB8C717B0131300C1FEC1 /* Foundation.framework */,
				E6BAB8C917B0131300C1FEC1 /* CoreGraphics.framework */,
				63C4A9E1051943D9BBC35D4B /* libPods.a */,
			);
			name = Frameworks;
			sourceTree = "<group>";
		};
		E6BAB8CD17B0131300C1FEC1 /* junkbox */ = {
			isa = PBXGroup;
			children = (
				E68EB9D517B01624006711A6 /* Classes */,
				E68EB9DA17B01624006711A6 /* Resources */,
			);
			path = junkbox;
			sourceTree = "<group>";
		};
		E6C8D77C17B14EF8007B6C16 /* Sounds */ = {
			isa = PBXGroup;
			children = (
			);
			path = Sounds;
			sourceTree = "<group>";
		};
		E6C8D77D17B15520007B6C16 /* Bookmark */ = {
			isa = PBXGroup;
			children = (
				E6F08351186AE5D2007FEDD4 /* JBBookmark.storyboard */,
				E6FC101417B174A200A12BED /* JBBookmarkController.h */,
				E6FC101517B174A200A12BED /* JBBookmarkController.m */,
				E6F08353186AE734007FEDD4 /* Catalog */,
			);
			path = Bookmark;
			sourceTree = "<group>";
		};
		E6C8D77E17B15520007B6C16 /* Connection */ = {
			isa = PBXGroup;
			children = (
				E6C8D77F17B15520007B6C16 /* StatusCode.h */,
			);
			path = Connection;
			sourceTree = "<group>";
		};
		E6C8D78017B15520007B6C16 /* NSFoundation-Extension */ = {
			isa = PBXGroup;
			children = (
				E630B7BD17B6237000B0407A /* NSDictionary+HTTPBody.h */,
				E630B7BE17B6237000B0407A /* NSDictionary+HTTPBody.m */,
				E6C8D78117B15520007B6C16 /* NSData+JSON.h */,
				E6C8D78217B15520007B6C16 /* NSData+JSON.m */,
				E62C107017B9314A0081007A /* NSHTTPCookieStorage+Cookie.h */,
				E62C107117B9314A0081007A /* NSHTTPCookieStorage+Cookie.m */,
				E6C8D78317B15520007B6C16 /* NSNull+IgnoreMessages.h */,
				E6C8D78417B15520007B6C16 /* NSNull+IgnoreMessages.m */,
				E6C8D78717B15521007B6C16 /* NSString+PercentEncoding.h */,
				E6C8D78817B15521007B6C16 /* NSString+PercentEncoding.m */,
				E6C8D78917B15521007B6C16 /* NSString+UUID.h */,
				E6C8D78A17B15521007B6C16 /* NSString+UUID.m */,
				E6C8D78B17B15521007B6C16 /* NSURL+Query.h */,
				E6C8D78C17B15521007B6C16 /* NSURL+Query.m */,
				E6C8D78D17B15521007B6C16 /* NSURLRequest+Junkbox.h */,
				E6C8D78E17B15521007B6C16 /* NSURLRequest+Junkbox.m */,
			);
			path = "NSFoundation-Extension";
			sourceTree = "<group>";
		};
		E6C8D78F17B15521007B6C16 /* RSS */ = {
			isa = PBXGroup;
			children = (
				E6EA937717B5645700697604 /* JBRSSConstant.h */,
				E6893812185C0E8A004B0050 /* JBRSSOperationQueue.h */,
				E6893813185C1090004B0050 /* JBRSSOperationQueue.m */,
				E630B7C017B62E7800B0407A /* NSURLRequest+JBRSS.h */,
				E630B7C117B62E7800B0407A /* NSURLRequest+JBRSS.m */,
				E6FC100E17B1748900A12BED /* JBRSSController.h */,
				E6FC100F17B1748900A12BED /* JBRSSController.m */,
				E6EA936D17B5544800697604 /* Feed */,
				E6E4FEE1188C64730068D929 /* Pin */,
				E6EA937817B56A7400697604 /* Login */,
			);
			path = RSS;
			sourceTree = "<group>";
		};
		E6C8D79017B15521007B6C16 /* UIKit-Extension */ = {
			isa = PBXGroup;
			children = (
				E6C8D79117B15521007B6C16 /* UIColor+Hexadecimal.h */,
				E6C8D79217B15521007B6C16 /* UIColor+Hexadecimal.m */,
				E6EA936A17B54E6D00697604 /* UIKit+Localize.h */,
				E6EA936B17B54E6D00697604 /* UIKit+Localize.m */,
				E6C8D79317B15521007B6C16 /* UINavigationBar+Custom.h */,
				E6C8D79417B15521007B6C16 /* UINavigationBar+Custom.m */,
				E6FC100B17B1729B00A12BED /* UINib+UIKit.h */,
				E6FC100C17B1729B00A12BED /* UINib+UIKit.m */,
				E6FC101C17B1781700A12BED /* UIStoryboard+UIKit.h */,
				E6FC101D17B1781700A12BED /* UIStoryboard+UIKit.m */,
			);
			path = "UIKit-Extension";
			sourceTree = "<group>";
		};
		E6C90065186400840007449D /* SubsUnread */ = {
			isa = PBXGroup;
			children = (
				E6C90066186400840007449D /* JBRSSFeedSubsUnread.h */,
				E6C90067186400840007449D /* JBRSSFeedSubsUnread.m */,
				E6855E6118820F070045A6ED /* JBRSSFeedSubsUnread.xcdatamodeld */,
				E6C9006A186400840007449D /* JBRSSFeedSubsUnreadList.h */,
				E6C9006B186400840007449D /* JBRSSFeedSubsUnreadList.m */,
				E6C9006C186400840007449D /* JBRSSFeedSubsUnreadOperation.h */,
				E6C9006D186400840007449D /* JBRSSFeedSubsUnreadOperation.m */,
				E6C90068186400840007449D /* JBRSSFeedSubsUnreadController.h */,
				E6C90069186400840007449D /* JBRSSFeedSubsUnreadController.m */,
				E6C9006E186400840007449D /* JBRSSFeedSubsUnreadTableViewCell.h */,
				E6C9006F186400840007449D /* JBRSSFeedSubsUnreadTableViewCell.m */,
				E6C90070186400840007449D /* JBRSSFeedSubsUnreadTableViewCell.xib */,
			);
			name = SubsUnread;
			path = junkbox/Classes/RSS/Feed/SubsUnread;
			sourceTree = SOURCE_ROOT;
		};
		E6E271B11834A8F400F0E6A4 /* Pods-Extension */ = {
			isa = PBXGroup;
			children = (
				E6E271B21834A8F400F0E6A4 /* SSGentleAlertView */,
			);
			path = "Pods-Extension";
			sourceTree = "<group>";
		};
		E6E271B21834A8F400F0E6A4 /* SSGentleAlertView */ = {
			isa = PBXGroup;
			children = (
				E6E271B51834A8F400F0E6A4 /* SSGentleAlertView+Junkbox.h */,
				E6E271B61834A8F400F0E6A4 /* SSGentleAlertView+Junkbox.m */,
			);
			path = SSGentleAlertView;
			sourceTree = "<group>";
		};
		E6E4FEE1188C64730068D929 /* Pin */ = {
			isa = PBXGroup;
			children = (
				E6E4FEE4188C64730068D929 /* JBRSSPinAddOperation.h */,
				E6E4FEE5188C64730068D929 /* JBRSSPinAddOperation.m */,
				E6E4FEF3188FDB910068D929 /* JBRSSPinRemoveOperation.h */,
				E6E4FEF4188FDB910068D929 /* JBRSSPinRemoveOperation.m */,
				E6E4FEF1188FDB910068D929 /* JBRSSPinAllOperation.h */,
				E6E4FEF2188FDB910068D929 /* JBRSSPinAllOperation.m */,
			);
			path = Pin;
			sourceTree = "<group>";
		};
		E6EA936D17B5544800697604 /* Feed */ = {
			isa = PBXGroup;
			children = (
				E6FC983D17BBD53D0082047A /* JBRSSFeed.storyboard */,
				E6E4FEE9188D29D70068D929 /* JBRSSFeedDiscoverOperation.h */,
				E6E4FEEA188D29D70068D929 /* JBRSSFeedDiscoverOperation.m */,
				E6C90065186400840007449D /* SubsUnread */,
				E6F0835E186E3041007FEDD4 /* Unread */,
			);
			name = Feed;
			path = Folder;
			sourceTree = "<group>";
		};
		E6EA937817B56A7400697604 /* Login */ = {
			isa = PBXGroup;
			children = (
				E6855E5A1882009B0045A6ED /* JBRSSLogin.storyboard */,
				E681E76118251954001323DB /* JBRSSLoginOperations.h */,
				E681E76218251954001323DB /* JBRSSLoginOperations.m */,
				E62747E017B5BFB8007B41B2 /* JBRSSLoginController.h */,
				E62747E117B5BFEC007B41B2 /* JBRSSLoginController.m */,
			);
			path = Login;
			sourceTree = "<group>";
		};
		E6F08353186AE734007FEDD4 /* Catalog */ = {
			isa = PBXGroup;
			children = (
				E6F08356186AE734007FEDD4 /* JBBookmarkCatalogController.h */,
				E6F08357186AE734007FEDD4 /* JBBookmarkCatalogController.m */,
			);
			path = Catalog;
			sourceTree = "<group>";
		};
		E6F0835E186E3041007FEDD4 /* Unread */ = {
			isa = PBXGroup;
			children = (
				E6272FC1186F659600FC9C2D /* JBRSSFeedUnread.h */,
				E6272FC2186F659600FC9C2D /* JBRSSFeedUnread.m */,
				E6272FBE186F635B00FC9C2D /* JBRSSFeedUnreadList.h */,
				E6272FBF186F635B00FC9C2D /* JBRSSFeedUnreadList.m */,
				E6272FC7186F71FC00FC9C2D /* JBRSSFeedUnreadLists.h */,
				E6272FC8186F71FC00FC9C2D /* JBRSSFeedUnreadLists.m */,
				E6272FC4186F6C0000FC9C2D /* JBRSSFeedUnreadOperation.h */,
				E6272FC5186F6C0000FC9C2D /* JBRSSFeedUnreadOperation.m */,
				E6F08360186E3041007FEDD4 /* JBRSSFeedUnreadController.h */,
				E6F08361186E3041007FEDD4 /* JBRSSFeedUnreadController.m */,
			);
			name = Unread;
			path = junkbox/Classes/RSS/Feed/Unread;
			sourceTree = SOURCE_ROOT;
		};
		E6FC100117B16FA800A12BED /* ReadLater */ = {
			isa = PBXGroup;
			children = (
				E6E4FEEC188FD5ED0068D929 /* JBReadLaterNavigationController.h */,
				E6E4FEED188FD5ED0068D929 /* JBReadLaterNavigationController.m */,
				E6FC101117B1749700A12BED /* JBReadLaterController.h */,
				E6FC101217B1749700A12BED /* JBReadLaterController.m */,
				E6E4FEEF188FD65E0068D929 /* JBReadLater.storyboard */,
			);
			path = ReadLater;
			sourceTree = "<group>";
		};
		E6FC100217B16FA800A12BED /* Setting */ = {
			isa = PBXGroup;
			children = (
				E6FC101717B174AC00A12BED /* JBSettingController.h */,
				E6FC101817B174AC00A12BED /* JBSettingController.m */,
			);
			path = Setting;
			sourceTree = "<group>";
		};
		E6FC100317B16FA800A12BED /* UIKit */ = {
			isa = PBXGroup;
			children = (
				E67E6E901889DFF200D36A47 /* View */,
				E6FC100417B16FA800A12BED /* ViewController */,
			);
			path = UIKit;
			sourceTree = "<group>";
		};
		E6FC100417B16FA800A12BED /* ViewController */ = {
			isa = PBXGroup;
			children = (
				E6FC100517B16FA800A12BED /* TableViewController.h */,
				E6FC100617B16FA800A12BED /* TableViewController.m */,
				E6FC100717B16FA800A12BED /* WebViewController.h */,
				E6FC100817B16FA800A12BED /* WebViewController.m */,
			);
			path = ViewController;
			sourceTree = "<group>";
		};
/* End PBXGroup section */

/* Begin PBXNativeTarget section */
		E6BAB8C117B0131300C1FEC1 /* junkbox */ = {
			isa = PBXNativeTarget;
			buildConfigurationList = E6BAB8FA17B0131300C1FEC1 /* Build configuration list for PBXNativeTarget "junkbox" */;
			buildPhases = (
				971738FB0A104072BB39F7D5 /* Check Pods Manifest.lock */,
				E6BAB8BE17B0131300C1FEC1 /* Sources */,
				E6BAB8BF17B0131300C1FEC1 /* Frameworks */,
				E6BAB8C017B0131300C1FEC1 /* Resources */,
				839A4C92D835410C9DB4F113 /* Copy Pods Resources */,
			);
			buildRules = (
			);
			dependencies = (
			);
			name = junkbox;
			productName = junkbox;
			productReference = E6BAB8C217B0131300C1FEC1 /* debug.junkbox.app */;
			productType = "com.apple.product-type.application";
		};
/* End PBXNativeTarget section */

/* Begin PBXProject section */
		E6BAB8BA17B0131300C1FEC1 /* Project object */ = {
			isa = PBXProject;
			attributes = {
				LastUpgradeCheck = 0500;
				ORGANIZATIONNAME = "Kenzan Hase";
			};
			buildConfigurationList = E6BAB8BD17B0131300C1FEC1 /* Build configuration list for PBXProject "junkbox" */;
			compatibilityVersion = "Xcode 3.2";
			developmentRegion = English;
			hasScannedForEncodings = 0;
			knownRegions = (
				en,
				ja,
			);
			mainGroup = E6BAB8B917B0131300C1FEC1;
			productRefGroup = E6BAB8C317B0131300C1FEC1 /* Products */;
			projectDirPath = "";
			projectRoot = "";
			targets = (
				E6BAB8C117B0131300C1FEC1 /* junkbox */,
			);
		};
/* End PBXProject section */

/* Begin PBXResourcesBuildPhase section */
		E6BAB8C017B0131300C1FEC1 /* Resources */ = {
			isa = PBXResourcesBuildPhase;
			buildActionMask = 2147483647;
			files = (
				E67E6E8A1889D0A800D36A47 /* JBWebViewController.xib in Resources */,
				E6855E5B1882009B0045A6ED /* JBRSSLogin.storyboard in Resources */,
				E68EB9E617B01624006711A6 /* Default-568h@2x.png in Resources */,
				E68EB9E717B01624006711A6 /* Default.png in Resources */,
				E6F08352186AE5D2007FEDD4 /* JBBookmark.storyboard in Resources */,
				E6E4FEF0188FD65E0068D929 /* JBReadLater.storyboard in Resources */,
				E68EB9E817B01624006711A6 /* Default@2x.png in Resources */,
				E68EB9F817B01AE7006711A6 /* Localizable.strings in Resources */,
				E67E6E981889DFF200D36A47 /* JBBarButtonView.xib in Resources */,
				E6C90076186400840007449D /* JBRSSFeedSubsUnreadTableViewCell.xib in Resources */,
				E6FC101B17B176B000A12BED /* MainStoryboard.storyboard in Resources */,
				E6FC983E17BBD53D0082047A /* JBRSSFeed.storyboard in Resources */,
				E67E6E9A1889DFF200D36A47 /* JBNavigationBarTitleView.xib in Resources */,
			);
			runOnlyForDeploymentPostprocessing = 0;
		};
/* End PBXResourcesBuildPhase section */

/* Begin PBXShellScriptBuildPhase section */
		839A4C92D835410C9DB4F113 /* Copy Pods Resources */ = {
			isa = PBXShellScriptBuildPhase;
			buildActionMask = 2147483647;
			files = (
			);
			inputPaths = (
			);
			name = "Copy Pods Resources";
			outputPaths = (
			);
			runOnlyForDeploymentPostprocessing = 0;
			shellPath = /bin/sh;
			shellScript = "\"${SRCROOT}/Pods/Pods-resources.sh\"\n";
			showEnvVarsInLog = 0;
		};
		971738FB0A104072BB39F7D5 /* Check Pods Manifest.lock */ = {
			isa = PBXShellScriptBuildPhase;
			buildActionMask = 2147483647;
			files = (
			);
			inputPaths = (
			);
			name = "Check Pods Manifest.lock";
			outputPaths = (
			);
			runOnlyForDeploymentPostprocessing = 0;
			shellPath = /bin/sh;
			shellScript = "diff \"${PODS_ROOT}/../Podfile.lock\" \"${PODS_ROOT}/Manifest.lock\" > /dev/null\nif [[ $? != 0 ]] ; then\n    cat << EOM\nerror: The sandbox is not in sync with the Podfile.lock. Run 'pod install' or update your CocoaPods installation.\nEOM\n    exit 1\nfi\n";
			showEnvVarsInLog = 0;
		};
/* End PBXShellScriptBuildPhase section */

/* Begin PBXSourcesBuildPhase section */
		E6BAB8BE17B0131300C1FEC1 /* Sources */ = {
			isa = PBXSourcesBuildPhase;
			buildActionMask = 2147483647;
			files = (
				E68EB9E417B01624006711A6 /* AppDelegate.m in Sources */,
				E68EB9E517B01624006711A6 /* main.m in Sources */,
				E6E4FEE8188C64730068D929 /* JBRSSPinAddOperation.m in Sources */,
				E6C8D79717B15521007B6C16 /* NSData+JSON.m in Sources */,
				E6C8D79817B15521007B6C16 /* NSNull+IgnoreMessages.m in Sources */,
				E6C8D79A17B15521007B6C16 /* NSString+PercentEncoding.m in Sources */,
				E6C8D79B17B15521007B6C16 /* NSString+UUID.m in Sources */,
				E67E6E971889DFF200D36A47 /* JBBarButtonView.m in Sources */,
				E6C90072186400840007449D /* JBRSSFeedSubsUnreadController.m in Sources */,
				E6C8D79C17B15521007B6C16 /* NSURL+Query.m in Sources */,
				E6F0835A186AE734007FEDD4 /* JBBookmarkCatalogController.m in Sources */,
				E6C8D79D17B15521007B6C16 /* NSURLRequest+Junkbox.m in Sources */,
				E67E6E891889D0A800D36A47 /* JBWebViewController.m in Sources */,
				E6C8D79E17B15521007B6C16 /* UIColor+Hexadecimal.m in Sources */,
				E6C8D79F17B15521007B6C16 /* UINavigationBar+Custom.m in Sources */,
				E6FC100917B16FA800A12BED /* TableViewController.m in Sources */,
				E6FC100A17B16FA800A12BED /* WebViewController.m in Sources */,
				E6FC100D17B1729B00A12BED /* UINib+UIKit.m in Sources */,
				E6FC101017B1748900A12BED /* JBRSSController.m in Sources */,
				E6E4FEEB188D29D70068D929 /* JBRSSFeedDiscoverOperation.m in Sources */,
				E6855E6318820F070045A6ED /* JBRSSFeedSubsUnread.xcdatamodeld in Sources */,
				E6C90075186400840007449D /* JBRSSFeedSubsUnreadTableViewCell.m in Sources */,
				E6FC101317B1749700A12BED /* JBReadLaterController.m in Sources */,
				E6C90071186400840007449D /* JBRSSFeedSubsUnread.m in Sources */,
				E6F08363186E3041007FEDD4 /* JBRSSFeedUnreadController.m in Sources */,
				E67E6E991889DFF200D36A47 /* JBNavigationBarTitleView.m in Sources */,
				E6272FC9186F71FC00FC9C2D /* JBRSSFeedUnreadLists.m in Sources */,
				E6FC101617B174A200A12BED /* JBBookmarkController.m in Sources */,
				E6FC101917B174AC00A12BED /* JBSettingController.m in Sources */,
				E6FC101E17B1781700A12BED /* UIStoryboard+UIKit.m in Sources */,
				E6E4FEF6188FDB910068D929 /* JBRSSPinRemoveOperation.m in Sources */,
				E6EA936C17B54E6D00697604 /* UIKit+Localize.m in Sources */,
				E6893814185C1090004B0050 /* JBRSSOperationQueue.m in Sources */,
				E6E4FEF5188FDB910068D929 /* JBRSSPinAllOperation.m in Sources */,
				E6E271B91834A8F400F0E6A4 /* SSGentleAlertView+Junkbox.m in Sources */,
				E62747E217B5BFEC007B41B2 /* JBRSSLoginController.m in Sources */,
				E630B7BF17B6237000B0407A /* NSDictionary+HTTPBody.m in Sources */,
				E630B7C217B62E7800B0407A /* NSURLRequest+JBRSS.m in Sources */,
				E62C107217B9314A0081007A /* NSHTTPCookieStorage+Cookie.m in Sources */,
				E6272FC6186F6C0000FC9C2D /* JBRSSFeedUnreadOperation.m in Sources */,
				E6E4FEEE188FD5ED0068D929 /* JBReadLaterNavigationController.m in Sources */,
				E6272FC3186F659600FC9C2D /* JBRSSFeedUnread.m in Sources */,
				E6272FC0186F635B00FC9C2D /* JBRSSFeedUnreadList.m in Sources */,
				E681E76318251954001323DB /* JBRSSLoginOperations.m in Sources */,
				E6F0835D186CF15F007FEDD4 /* JBLoginOperation.m in Sources */,
				E6C90074186400840007449D /* JBRSSFeedSubsUnreadOperation.m in Sources */,
				E6E4FEE0188C58E10068D929 /* JBSidebarMenu.m in Sources */,
				E6C90073186400840007449D /* JBRSSFeedSubsUnreadList.m in Sources */,
			);
			runOnlyForDeploymentPostprocessing = 0;
		};
/* End PBXSourcesBuildPhase section */

/* Begin PBXVariantGroup section */
		E68EB9F617B01AE7006711A6 /* Localizable.strings */ = {
			isa = PBXVariantGroup;
			children = (
				E68EB9F717B01AE7006711A6 /* en */,
				E68EB9F917B01AF8006711A6 /* ja */,
			);
			name = Localizable.strings;
			sourceTree = "<group>";
		};
/* End PBXVariantGroup section */

/* Begin XCBuildConfiguration section */
		E68EB9EA17B0187B006711A6 /* debug */ = {
			isa = XCBuildConfiguration;
			buildSettings = {
				ALWAYS_SEARCH_USER_PATHS = NO;
				CLANG_CXX_LANGUAGE_STANDARD = "gnu++0x";
				CLANG_CXX_LIBRARY = "libc++";
				CLANG_ENABLE_OBJC_ARC = YES;
				CLANG_WARN_CONSTANT_CONVERSION = YES;
				CLANG_WARN_EMPTY_BODY = YES;
				CLANG_WARN_ENUM_CONVERSION = YES;
				CLANG_WARN_INT_CONVERSION = YES;
				CLANG_WARN__DUPLICATE_METHOD_MATCH = YES;
				COPY_PHASE_STRIP = NO;
				GCC_C_LANGUAGE_STANDARD = gnu99;
				GCC_DYNAMIC_NO_PIC = NO;
				GCC_INPUT_FILETYPE = sourcecode.cpp.objcpp;
				GCC_OPTIMIZATION_LEVEL = 0;
				GCC_PREPROCESSOR_DEFINITIONS = (
					"DEBUG=1",
					"$(inherited)",
				);
				GCC_SYMBOLS_PRIVATE_EXTERN = NO;
				GCC_WARN_ABOUT_RETURN_TYPE = YES;
				GCC_WARN_UNINITIALIZED_AUTOS = YES;
				GCC_WARN_UNUSED_VARIABLE = YES;
				IPHONEOS_DEPLOYMENT_TARGET = 5.0;
				ONLY_ACTIVE_ARCH = YES;
				SDKROOT = iphoneos;
			};
			name = debug;
		};
		E68EB9EB17B0187B006711A6 /* debug */ = {
			isa = XCBuildConfiguration;
			baseConfigurationReference = 53D3013BD4F540AEB55F7CE7 /* Pods.xcconfig */;
			buildSettings = {
				GCC_PRECOMPILE_PREFIX_HEADER = YES;
				GCC_PREFIX_HEADER = junkbox/Classes/prefix.pch;
				INFOPLIST_FILE = junkbox/Resources/Plists/info.plist;
				IPHONEOS_DEPLOYMENT_TARGET = 5.0;
				PRODUCT_NAME = "debug.$(TARGET_NAME)";
				WRAPPER_EXTENSION = app;
			};
			name = debug;
		};
		E68EB9EC17B01886006711A6 /* release */ = {
			isa = XCBuildConfiguration;
			buildSettings = {
				ALWAYS_SEARCH_USER_PATHS = NO;
				CLANG_CXX_LANGUAGE_STANDARD = "gnu++0x";
				CLANG_CXX_LIBRARY = "libc++";
				CLANG_ENABLE_OBJC_ARC = YES;
				CLANG_WARN_CONSTANT_CONVERSION = YES;
				CLANG_WARN_EMPTY_BODY = YES;
				CLANG_WARN_ENUM_CONVERSION = YES;
				CLANG_WARN_INT_CONVERSION = YES;
				CLANG_WARN__DUPLICATE_METHOD_MATCH = YES;
				COPY_PHASE_STRIP = YES;
				GCC_C_LANGUAGE_STANDARD = gnu99;
				GCC_INPUT_FILETYPE = sourcecode.cpp.objcpp;
				GCC_WARN_ABOUT_RETURN_TYPE = YES;
				GCC_WARN_UNINITIALIZED_AUTOS = YES;
				GCC_WARN_UNUSED_VARIABLE = YES;
				IPHONEOS_DEPLOYMENT_TARGET = 5.0;
				OTHER_CFLAGS = "-DNS_BLOCK_ASSERTIONS=1";
				SDKROOT = iphoneos;
				VALIDATE_PRODUCT = YES;
			};
			name = release;
		};
		E68EB9ED17B01886006711A6 /* release */ = {
			isa = XCBuildConfiguration;
			baseConfigurationReference = 53D3013BD4F540AEB55F7CE7 /* Pods.xcconfig */;
			buildSettings = {
				GCC_PRECOMPILE_PREFIX_HEADER = YES;
				GCC_PREFIX_HEADER = junkbox/Classes/prefix.pch;
				INFOPLIST_FILE = junkbox/Resources/Plists/release.info.plist;
				IPHONEOS_DEPLOYMENT_TARGET = 5.0;
				PRODUCT_NAME = "$(TARGET_NAME)";
				WRAPPER_EXTENSION = app;
			};
			name = release;
		};
/* End XCBuildConfiguration section */

/* Begin XCConfigurationList section */
		E6BAB8BD17B0131300C1FEC1 /* Build configuration list for PBXProject "junkbox" */ = {
			isa = XCConfigurationList;
			buildConfigurations = (
				E68EB9EA17B0187B006711A6 /* debug */,
				E68EB9EC17B01886006711A6 /* release */,
			);
			defaultConfigurationIsVisible = 0;
			defaultConfigurationName = release;
		};
		E6BAB8FA17B0131300C1FEC1 /* Build configuration list for PBXNativeTarget "junkbox" */ = {
			isa = XCConfigurationList;
			buildConfigurations = (
				E68EB9EB17B0187B006711A6 /* debug */,
				E68EB9ED17B01886006711A6 /* release */,
			);
			defaultConfigurationIsVisible = 0;
			defaultConfigurationName = release;
		};
/* End XCConfigurationList section */

/* Begin XCVersionGroup section */
		E6855E6118820F070045A6ED /* JBRSSFeedSubsUnread.xcdatamodeld */ = {
			isa = XCVersionGroup;
			children = (
				E6855E6218820F070045A6ED /* JBRSSFeedSubsUnread.xcdatamodel */,
			);
			currentVersion = E6855E6218820F070045A6ED /* JBRSSFeedSubsUnread.xcdatamodel */;
			path = JBRSSFeedSubsUnread.xcdatamodeld;
			sourceTree = "<group>";
			versionGroupType = wrapper.xcdatamodel;
		};
/* End XCVersionGroup section */
	};
	rootObject = E6BAB8BA17B0131300C1FEC1 /* Project object */;
}
