// !$*UTF8*$!
{
	archiveVersion = 1;
	classes = {
	};
	objectVersion = 46;
	objects = {

/* Begin PBXBuildFile section */
		E6006D4018AB815100A7EF11 /* JBRSSDiscoverPopupViewController.m in Sources */ = {isa = PBXBuildFile; fileRef = E6006D3F18AB815100A7EF11 /* JBRSSDiscoverPopupViewController.m */; };
		E6006D4218AB818C00A7EF11 /* JBRSSDiscoverPopupViewController.xib in Resources */ = {isa = PBXBuildFile; fileRef = E6006D4118AB818C00A7EF11 /* JBRSSDiscoverPopupViewController.xib */; };
		E6006D4A18AB98A100A7EF11 /* JBPopupViewControllerManager.m in Sources */ = {isa = PBXBuildFile; fileRef = E6006D4718AB98A100A7EF11 /* JBPopupViewControllerManager.m */; };
		E604CD1518AF98210024BABD /* UIBarButtonItem+Space.m in Sources */ = {isa = PBXBuildFile; fileRef = E604CD1418AF98210024BABD /* UIBarButtonItem+Space.m */; };
		E60A4B85189592A5007AA0A7 /* JBRSSPin.storyboard in Resources */ = {isa = PBXBuildFile; fileRef = E60A4B7D189592A5007AA0A7 /* JBRSSPin.storyboard */; };
		E60A4B86189592A5007AA0A7 /* JBRSSPinController.m in Sources */ = {isa = PBXBuildFile; fileRef = E60A4B7F189592A5007AA0A7 /* JBRSSPinController.m */; };
		E60A4B87189592A5007AA0A7 /* JBRSSPinNavigationController.m in Sources */ = {isa = PBXBuildFile; fileRef = E60A4B81189592A5007AA0A7 /* JBRSSPinNavigationController.m */; };
		E60A4B88189592A5007AA0A7 /* JBRSSPinTableViewCell.m in Sources */ = {isa = PBXBuildFile; fileRef = E60A4B83189592A5007AA0A7 /* JBRSSPinTableViewCell.m */; };
		E60A4B89189592A5007AA0A7 /* JBRSSPinTableViewCell.xib in Resources */ = {isa = PBXBuildFile; fileRef = E60A4B84189592A5007AA0A7 /* JBRSSPinTableViewCell.xib */; };
		E6272FC0186F635B00FC9C2D /* JBRSSFeedUnreadList.m in Sources */ = {isa = PBXBuildFile; fileRef = E6272FBF186F635B00FC9C2D /* JBRSSFeedUnreadList.m */; };
		E6272FC3186F659600FC9C2D /* JBRSSFeedUnread.m in Sources */ = {isa = PBXBuildFile; fileRef = E6272FC2186F659600FC9C2D /* JBRSSFeedUnread.m */; };
		E6272FC6186F6C0000FC9C2D /* JBRSSFeedUnreadOperation.m in Sources */ = {isa = PBXBuildFile; fileRef = E6272FC5186F6C0000FC9C2D /* JBRSSFeedUnreadOperation.m */; };
		E6272FC9186F71FC00FC9C2D /* JBRSSFeedUnreadLists.m in Sources */ = {isa = PBXBuildFile; fileRef = E6272FC8186F71FC00FC9C2D /* JBRSSFeedUnreadLists.m */; };
		E62747E217B5BFEC007B41B2 /* JBRSSLoginController.m in Sources */ = {isa = PBXBuildFile; fileRef = E62747E117B5BFEC007B41B2 /* JBRSSLoginController.m */; };
		E62C107217B9314A0081007A /* NSHTTPCookieStorage+Cookie.m in Sources */ = {isa = PBXBuildFile; fileRef = E62C107117B9314A0081007A /* NSHTTPCookieStorage+Cookie.m */; };
		E62D4A9118ACE10100BD37A1 /* JBBookmark.m in Sources */ = {isa = PBXBuildFile; fileRef = E62D4A9018ACE10100BD37A1 /* JBBookmark.m */; };
		E62D4A9418ACE28500BD37A1 /* JBBookmarkList.m in Sources */ = {isa = PBXBuildFile; fileRef = E62D4A9318ACE28500BD37A1 /* JBBookmarkList.m */; };
		E62D4A9718ACE76A00BD37A1 /* JBBookmarkCatalogTableViewCell.m in Sources */ = {isa = PBXBuildFile; fileRef = E62D4A9618ACE76A00BD37A1 /* JBBookmarkCatalogTableViewCell.m */; };
		E62D4A9918ACE7C600BD37A1 /* JBBookmarkCatalogTableViewCell.xib in Resources */ = {isa = PBXBuildFile; fileRef = E62D4A9818ACE7C600BD37A1 /* JBBookmarkCatalogTableViewCell.xib */; };
		E630B7BF17B6237000B0407A /* NSDictionary+HTTPBody.m in Sources */ = {isa = PBXBuildFile; fileRef = E630B7BE17B6237000B0407A /* NSDictionary+HTTPBody.m */; };
		E630B7C217B62E7800B0407A /* NSURLRequest+JBRSS.m in Sources */ = {isa = PBXBuildFile; fileRef = E630B7C117B62E7800B0407A /* NSURLRequest+JBRSS.m */; };
		E648C97118A9EC7800737CA4 /* JBBookmarkOperation.m in Sources */ = {isa = PBXBuildFile; fileRef = E648C96E18A9EC7800737CA4 /* JBBookmarkOperation.m */; };
		E648C97218A9EC7800737CA4 /* JBBookmarkOperationQueue.m in Sources */ = {isa = PBXBuildFile; fileRef = E648C97018A9EC7800737CA4 /* JBBookmarkOperationQueue.m */; };
		E648C97518A9EE6600737CA4 /* NSURLRequest+JBBookmark.m in Sources */ = {isa = PBXBuildFile; fileRef = E648C97418A9EE6600737CA4 /* NSURLRequest+JBBookmark.m */; };
		E648C97818A9EF7000737CA4 /* JBBookmarkCatalogOperation.m in Sources */ = {isa = PBXBuildFile; fileRef = E648C97718A9EF7000737CA4 /* JBBookmarkCatalogOperation.m */; };
		E64BB47818B1E027008A0B5F /* JBRSSFeedRatingPopupViewController.m in Sources */ = {isa = PBXBuildFile; fileRef = E64BB47618B1E027008A0B5F /* JBRSSFeedRatingPopupViewController.m */; };
		E64BB47918B1E027008A0B5F /* JBRSSFeedRatingPopupViewController.xib in Resources */ = {isa = PBXBuildFile; fileRef = E64BB47718B1E027008A0B5F /* JBRSSFeedRatingPopupViewController.xib */; };
		E64BB48118B234FE008A0B5F /* JBRSSFeedSetRateOperation.m in Sources */ = {isa = PBXBuildFile; fileRef = E64BB47E18B234FE008A0B5F /* JBRSSFeedSetRateOperation.m */; };
		E64BB48218B234FE008A0B5F /* JBRSSFeedSubscribeOperation.m in Sources */ = {isa = PBXBuildFile; fileRef = E64BB48018B234FE008A0B5F /* JBRSSFeedSubscribeOperation.m */; };
		E64BB48618B60EA1008A0B5F /* acknowledgements.plist in Resources */ = {isa = PBXBuildFile; fileRef = E64BB48518B60EA1008A0B5F /* acknowledgements.plist */; };
		E64BB48918B612EC008A0B5F /* JBSettingNavigationController.m in Sources */ = {isa = PBXBuildFile; fileRef = E64BB48818B612EC008A0B5F /* JBSettingNavigationController.m */; };
		E64BB48B18B61354008A0B5F /* JBSetting.storyboard in Resources */ = {isa = PBXBuildFile; fileRef = E64BB48A18B61354008A0B5F /* JBSetting.storyboard */; };
		E64BB4D418B6811F008A0B5F /* JBSettingController.m in Sources */ = {isa = PBXBuildFile; fileRef = E64BB4C518B6811F008A0B5F /* JBSettingController.m */; };
		E64BB4D518B6811F008A0B5F /* JBSettingHeaderTableViewCell.m in Sources */ = {isa = PBXBuildFile; fileRef = E64BB4C718B6811F008A0B5F /* JBSettingHeaderTableViewCell.m */; };
		E64BB4D618B6811F008A0B5F /* JBSettingHeaderTableViewCell.xib in Resources */ = {isa = PBXBuildFile; fileRef = E64BB4C818B6811F008A0B5F /* JBSettingHeaderTableViewCell.xib */; };
		E64BB4D718B6811F008A0B5F /* JBSettingHintTableViewCell.m in Sources */ = {isa = PBXBuildFile; fileRef = E64BB4CA18B6811F008A0B5F /* JBSettingHintTableViewCell.m */; };
		E64BB4D818B6811F008A0B5F /* JBSettingHintTableViewCell.xib in Resources */ = {isa = PBXBuildFile; fileRef = E64BB4CB18B6811F008A0B5F /* JBSettingHintTableViewCell.xib */; };
		E64BB4D918B6811F008A0B5F /* JBSettingLicenceTableViewCell.m in Sources */ = {isa = PBXBuildFile; fileRef = E64BB4CD18B6811F008A0B5F /* JBSettingLicenceTableViewCell.m */; };
		E64BB4DA18B6811F008A0B5F /* JBSettingLicenceTableViewCell.xib in Resources */ = {isa = PBXBuildFile; fileRef = E64BB4CE18B6811F008A0B5F /* JBSettingLicenceTableViewCell.xib */; };
		E64BB4DB18B6811F008A0B5F /* JBSettingSocialTableViewCell.m in Sources */ = {isa = PBXBuildFile; fileRef = E64BB4D018B6811F008A0B5F /* JBSettingSocialTableViewCell.m */; };
		E64BB4DC18B6811F008A0B5F /* JBSettingSocialTableViewCell.xib in Resources */ = {isa = PBXBuildFile; fileRef = E64BB4D118B6811F008A0B5F /* JBSettingSocialTableViewCell.xib */; };
		E64BB4DD18B6811F008A0B5F /* JBSettingTableViewCell.m in Sources */ = {isa = PBXBuildFile; fileRef = E64BB4D318B6811F008A0B5F /* JBSettingTableViewCell.m */; };
		E64BB4E118B6828B008A0B5F /* JBLicenceViewController.m in Sources */ = {isa = PBXBuildFile; fileRef = E64BB4E018B6828B008A0B5F /* JBLicenceViewController.m */; };
		E67E6E891889D0A800D36A47 /* JBWebViewController.m in Sources */ = {isa = PBXBuildFile; fileRef = E67E6E871889D0A800D36A47 /* JBWebViewController.m */; };
		E67E6E8A1889D0A800D36A47 /* JBWebViewController.xib in Resources */ = {isa = PBXBuildFile; fileRef = E67E6E881889D0A800D36A47 /* JBWebViewController.xib */; };
		E67E6E971889DFF200D36A47 /* JBBarButtonView.m in Sources */ = {isa = PBXBuildFile; fileRef = E67E6E921889DFF200D36A47 /* JBBarButtonView.m */; };
		E67E6E981889DFF200D36A47 /* JBBarButtonView.xib in Resources */ = {isa = PBXBuildFile; fileRef = E67E6E931889DFF200D36A47 /* JBBarButtonView.xib */; };
		E67E6E991889DFF200D36A47 /* JBNavigationBarTitleView.m in Sources */ = {isa = PBXBuildFile; fileRef = E67E6E951889DFF200D36A47 /* JBNavigationBarTitleView.m */; };
		E67E6E9A1889DFF200D36A47 /* JBNavigationBarTitleView.xib in Resources */ = {isa = PBXBuildFile; fileRef = E67E6E961889DFF200D36A47 /* JBNavigationBarTitleView.xib */; };
		E681E76318251954001323DB /* JBRSSLoginOperations.m in Sources */ = {isa = PBXBuildFile; fileRef = E681E76218251954001323DB /* JBRSSLoginOperations.m */; };
		E6855E5B1882009B0045A6ED /* JBRSSLogin.storyboard in Resources */ = {isa = PBXBuildFile; fileRef = E6855E5A1882009B0045A6ED /* JBRSSLogin.storyboard */; };
		E6893814185C1090004B0050 /* JBRSSOperationQueue.m in Sources */ = {isa = PBXBuildFile; fileRef = E6893813185C1090004B0050 /* JBRSSOperationQueue.m */; };
		E68EB9E417B01624006711A6 /* AppDelegate.m in Sources */ = {isa = PBXBuildFile; fileRef = E68EB9D717B01624006711A6 /* AppDelegate.m */; };
		E68EB9E517B01624006711A6 /* main.m in Sources */ = {isa = PBXBuildFile; fileRef = E68EB9D817B01624006711A6 /* main.m */; };
		E68EB9E617B01624006711A6 /* Default-568h@2x.png in Resources */ = {isa = PBXBuildFile; fileRef = E68EB9DE17B01624006711A6 /* Default-568h@2x.png */; };
		E68EB9E717B01624006711A6 /* Default.png in Resources */ = {isa = PBXBuildFile; fileRef = E68EB9DF17B01624006711A6 /* Default.png */; };
		E68EB9E817B01624006711A6 /* Default@2x.png in Resources */ = {isa = PBXBuildFile; fileRef = E68EB9E017B01624006711A6 /* Default@2x.png */; };
		E68EB9F817B01AE7006711A6 /* Localizable.strings in Resources */ = {isa = PBXBuildFile; fileRef = E68EB9F617B01AE7006711A6 /* Localizable.strings */; };
		E691073118ADE1AE00D67A61 /* JBOutlineLabel.m in Sources */ = {isa = PBXBuildFile; fileRef = E691072F18ADE1AE00D67A61 /* JBOutlineLabel.m */; };
		E692F89418A7ED6D00A13D2A /* JBModelList.m in Sources */ = {isa = PBXBuildFile; fileRef = E692F89318A7ED6D00A13D2A /* JBModelList.m */; };
		E6A8DC6718962ED200AE5C51 /* JBTabBarController.m in Sources */ = {isa = PBXBuildFile; fileRef = E6A8DC6618962ED200AE5C51 /* JBTabBarController.m */; };
		E6AD1C8818AF720000F1EE6E /* JBPullToRefreshHeaderView.m in Sources */ = {isa = PBXBuildFile; fileRef = E6AD1C8718AF720000F1EE6E /* JBPullToRefreshHeaderView.m */; };
		E6AD1C8C18AF747B00F1EE6E /* JBPullToRefreshHeaderView.xib in Resources */ = {isa = PBXBuildFile; fileRef = E6AD1C8B18AF747B00F1EE6E /* JBPullToRefreshHeaderView.xib */; };
		E6B03C82888442169AA87976 /* libPods.a in Frameworks */ = {isa = PBXBuildFile; fileRef = 63C4A9E1051943D9BBC35D4B /* libPods.a */; };
		E6BAB8C617B0131300C1FEC1 /* UIKit.framework in Frameworks */ = {isa = PBXBuildFile; fileRef = E6BAB8C517B0131300C1FEC1 /* UIKit.framework */; };
		E6BAB8C817B0131300C1FEC1 /* Foundation.framework in Frameworks */ = {isa = PBXBuildFile; fileRef = E6BAB8C717B0131300C1FEC1 /* Foundation.framework */; };
		E6BAB8CA17B0131300C1FEC1 /* CoreGraphics.framework in Frameworks */ = {isa = PBXBuildFile; fileRef = E6BAB8C917B0131300C1FEC1 /* CoreGraphics.framework */; };
		E6C7BE5818A87F62007A80E4 /* JBNavigationController.m in Sources */ = {isa = PBXBuildFile; fileRef = E6C7BE5718A87F62007A80E4 /* JBNavigationController.m */; };
		E6C7BE6118A8980B007A80E4 /* JBPushViewControllerAnimatedTransitioning.m in Sources */ = {isa = PBXBuildFile; fileRef = E6C7BE5E18A8980B007A80E4 /* JBPushViewControllerAnimatedTransitioning.m */; };
		E6C7BE6418A89A6F007A80E4 /* JBPopViewControllerAnimatedTransitioning.m in Sources */ = {isa = PBXBuildFile; fileRef = E6C7BE6318A89A6F007A80E4 /* JBPopViewControllerAnimatedTransitioning.m */; };
		E6C7BE6718A8BA29007A80E4 /* UIViewController+ModalAnimatedTransition.m in Sources */ = {isa = PBXBuildFile; fileRef = E6C7BE6618A8BA29007A80E4 /* UIViewController+ModalAnimatedTransition.m */; };
		E6C7BE6D18A90433007A80E4 /* JBQBFlatButton.m in Sources */ = {isa = PBXBuildFile; fileRef = E6C7BE6B18A90433007A80E4 /* JBQBFlatButton.m */; };
		E6C8D79717B15521007B6C16 /* NSData+JSON.m in Sources */ = {isa = PBXBuildFile; fileRef = E6C8D78217B15520007B6C16 /* NSData+JSON.m */; };
		E6C8D79817B15521007B6C16 /* NSNull+IgnoreMessages.m in Sources */ = {isa = PBXBuildFile; fileRef = E6C8D78417B15520007B6C16 /* NSNull+IgnoreMessages.m */; };
		E6C8D79A17B15521007B6C16 /* NSString+PercentEncoding.m in Sources */ = {isa = PBXBuildFile; fileRef = E6C8D78817B15521007B6C16 /* NSString+PercentEncoding.m */; };
		E6C8D79B17B15521007B6C16 /* NSString+UUID.m in Sources */ = {isa = PBXBuildFile; fileRef = E6C8D78A17B15521007B6C16 /* NSString+UUID.m */; };
		E6C8D79C17B15521007B6C16 /* NSURL+Query.m in Sources */ = {isa = PBXBuildFile; fileRef = E6C8D78C17B15521007B6C16 /* NSURL+Query.m */; };
		E6C8D79D17B15521007B6C16 /* NSURLRequest+Junkbox.m in Sources */ = {isa = PBXBuildFile; fileRef = E6C8D78E17B15521007B6C16 /* NSURLRequest+Junkbox.m */; };
		E6C8D79E17B15521007B6C16 /* UIColor+Hexadecimal.m in Sources */ = {isa = PBXBuildFile; fileRef = E6C8D79217B15521007B6C16 /* UIColor+Hexadecimal.m */; };
		E6C8D79F17B15521007B6C16 /* UINavigationBar+Custom.m in Sources */ = {isa = PBXBuildFile; fileRef = E6C8D79417B15521007B6C16 /* UINavigationBar+Custom.m */; };
		E6C90071186400840007449D /* JBRSSFeedSubsUnread.m in Sources */ = {isa = PBXBuildFile; fileRef = E6C90067186400840007449D /* JBRSSFeedSubsUnread.m */; };
		E6C90072186400840007449D /* JBRSSFeedSubsUnreadController.m in Sources */ = {isa = PBXBuildFile; fileRef = E6C90069186400840007449D /* JBRSSFeedSubsUnreadController.m */; };
		E6C90073186400840007449D /* JBRSSFeedSubsUnreadList.m in Sources */ = {isa = PBXBuildFile; fileRef = E6C9006B186400840007449D /* JBRSSFeedSubsUnreadList.m */; };
		E6C90074186400840007449D /* JBRSSFeedSubsUnreadOperation.m in Sources */ = {isa = PBXBuildFile; fileRef = E6C9006D186400840007449D /* JBRSSFeedSubsUnreadOperation.m */; };
		E6C90075186400840007449D /* JBRSSFeedSubsUnreadTableViewCell.m in Sources */ = {isa = PBXBuildFile; fileRef = E6C9006F186400840007449D /* JBRSSFeedSubsUnreadTableViewCell.m */; };
		E6C90076186400840007449D /* JBRSSFeedSubsUnreadTableViewCell.xib in Resources */ = {isa = PBXBuildFile; fileRef = E6C90070186400840007449D /* JBRSSFeedSubsUnreadTableViewCell.xib */; };
		E6E271B91834A8F400F0E6A4 /* SSGentleAlertView+Junkbox.m in Sources */ = {isa = PBXBuildFile; fileRef = E6E271B61834A8F400F0E6A4 /* SSGentleAlertView+Junkbox.m */; };
		E6E4FEE0188C58E10068D929 /* JBSidebarMenu.m in Sources */ = {isa = PBXBuildFile; fileRef = E6E4FEDF188C58E10068D929 /* JBSidebarMenu.m */; };
		E6E4FEE8188C64730068D929 /* JBRSSPinAddOperation.m in Sources */ = {isa = PBXBuildFile; fileRef = E6E4FEE5188C64730068D929 /* JBRSSPinAddOperation.m */; };
		E6E4FEF5188FDB910068D929 /* JBRSSPinAllOperation.m in Sources */ = {isa = PBXBuildFile; fileRef = E6E4FEF2188FDB910068D929 /* JBRSSPinAllOperation.m */; };
		E6E4FEF6188FDB910068D929 /* JBRSSPinRemoveOperation.m in Sources */ = {isa = PBXBuildFile; fileRef = E6E4FEF4188FDB910068D929 /* JBRSSPinRemoveOperation.m */; };
		E6E4FEF9188FDEF10068D929 /* JBRSSOperation.m in Sources */ = {isa = PBXBuildFile; fileRef = E6E4FEF8188FDEF10068D929 /* JBRSSOperation.m */; };
		E6E4FEFF189012F00068D929 /* JBModel.xcdatamodeld in Sources */ = {isa = PBXBuildFile; fileRef = E6E4FEFD189012F00068D929 /* JBModel.xcdatamodeld */; };
		E6E4FF0718901EB20068D929 /* JBRSSPin.m in Sources */ = {isa = PBXBuildFile; fileRef = E6E4FF0418901EB20068D929 /* JBRSSPin.m */; };
		E6E4FF0818901EB20068D929 /* JBRSSPinList.m in Sources */ = {isa = PBXBuildFile; fileRef = E6E4FF0618901EB20068D929 /* JBRSSPinList.m */; };
		E6EA936C17B54E6D00697604 /* UIKit+Localize.m in Sources */ = {isa = PBXBuildFile; fileRef = E6EA936B17B54E6D00697604 /* UIKit+Localize.m */; };
		E6EC3AC118AE04A3000E9791 /* JBBlinkView.m in Sources */ = {isa = PBXBuildFile; fileRef = E6EC3ABF18AE04A3000E9791 /* JBBlinkView.m */; };
		E6F08352186AE5D2007FEDD4 /* JBBookmark.storyboard in Resources */ = {isa = PBXBuildFile; fileRef = E6F08351186AE5D2007FEDD4 /* JBBookmark.storyboard */; };
		E6F0835A186AE734007FEDD4 /* JBBookmarkCatalogController.m in Sources */ = {isa = PBXBuildFile; fileRef = E6F08357186AE734007FEDD4 /* JBBookmarkCatalogController.m */; };
		E6F0835D186CF15F007FEDD4 /* JBLoginOperation.m in Sources */ = {isa = PBXBuildFile; fileRef = E6F0835C186CF15F007FEDD4 /* JBLoginOperation.m */; };
		E6F08363186E3041007FEDD4 /* JBRSSFeedUnreadController.m in Sources */ = {isa = PBXBuildFile; fileRef = E6F08361186E3041007FEDD4 /* JBRSSFeedUnreadController.m */; };
		E6FC100917B16FA800A12BED /* TableViewController.m in Sources */ = {isa = PBXBuildFile; fileRef = E6FC100617B16FA800A12BED /* TableViewController.m */; };
		E6FC100A17B16FA800A12BED /* WebViewController.m in Sources */ = {isa = PBXBuildFile; fileRef = E6FC100817B16FA800A12BED /* WebViewController.m */; };
		E6FC100D17B1729B00A12BED /* UINib+UIKit.m in Sources */ = {isa = PBXBuildFile; fileRef = E6FC100C17B1729B00A12BED /* UINib+UIKit.m */; };
		E6FC101017B1748900A12BED /* JBRSSController.m in Sources */ = {isa = PBXBuildFile; fileRef = E6FC100F17B1748900A12BED /* JBRSSController.m */; };
		E6FC101617B174A200A12BED /* JBBookmarkController.m in Sources */ = {isa = PBXBuildFile; fileRef = E6FC101517B174A200A12BED /* JBBookmarkController.m */; };
		E6FC101B17B176B000A12BED /* MainStoryboard.storyboard in Resources */ = {isa = PBXBuildFile; fileRef = E6FC101A17B176B000A12BED /* MainStoryboard.storyboard */; };
		E6FC101E17B1781700A12BED /* UIStoryboard+UIKit.m in Sources */ = {isa = PBXBuildFile; fileRef = E6FC101D17B1781700A12BED /* UIStoryboard+UIKit.m */; };
		E6FC983E17BBD53D0082047A /* JBRSSFeed.storyboard in Resources */ = {isa = PBXBuildFile; fileRef = E6FC983D17BBD53D0082047A /* JBRSSFeed.storyboard */; };
		E6FED29B18ABA8780099ED79 /* JBRSSFeedDiscoverOperation.m in Sources */ = {isa = PBXBuildFile; fileRef = E6FED29A18ABA8780099ED79 /* JBRSSFeedDiscoverOperation.m */; };
		E6FED29F18ABB21B0099ED79 /* JBRSSDiscoverTableViewCell.m in Sources */ = {isa = PBXBuildFile; fileRef = E6FED29D18ABB21B0099ED79 /* JBRSSDiscoverTableViewCell.m */; };
		E6FED2A018ABB21B0099ED79 /* JBRSSDiscoverTableViewCell.xib in Resources */ = {isa = PBXBuildFile; fileRef = E6FED29E18ABB21B0099ED79 /* JBRSSDiscoverTableViewCell.xib */; };
		E6FED2A318ABBB1F0099ED79 /* JBRSSDiscover.m in Sources */ = {isa = PBXBuildFile; fileRef = E6FED2A218ABBB1F0099ED79 /* JBRSSDiscover.m */; };
		E6FED2A618ABE6E00099ED79 /* common_clear.png in Resources */ = {isa = PBXBuildFile; fileRef = E6FED2A518ABE6E00099ED79 /* common_clear.png */; };
		E6FED2B318AC9D5A0099ED79 /* JBBookmarkLoginController.m in Sources */ = {isa = PBXBuildFile; fileRef = E6FED2B018AC9D5A0099ED79 /* JBBookmarkLoginController.m */; };
		E6FED2BD18ACC6F60099ED79 /* JBHTBBookmarkViewController.m in Sources */ = {isa = PBXBuildFile; fileRef = E6FED2BA18ACC6F60099ED79 /* JBHTBBookmarkViewController.m */; };
/* End PBXBuildFile section */

/* Begin PBXFileReference section */
		53D3013BD4F540AEB55F7CE7 /* Pods.xcconfig */ = {isa = PBXFileReference; includeInIndex = 1; lastKnownFileType = text.xcconfig; name = Pods.xcconfig; path = Pods/Pods.xcconfig; sourceTree = SOURCE_ROOT; };
		63C4A9E1051943D9BBC35D4B /* libPods.a */ = {isa = PBXFileReference; explicitFileType = archive.ar; includeInIndex = 0; path = libPods.a; sourceTree = BUILT_PRODUCTS_DIR; };
		E6006D3E18AB815100A7EF11 /* JBRSSDiscoverPopupViewController.h */ = {isa = PBXFileReference; fileEncoding = 4; lastKnownFileType = sourcecode.c.h; path = JBRSSDiscoverPopupViewController.h; sourceTree = "<group>"; };
		E6006D3F18AB815100A7EF11 /* JBRSSDiscoverPopupViewController.m */ = {isa = PBXFileReference; fileEncoding = 4; lastKnownFileType = sourcecode.c.objc; path = JBRSSDiscoverPopupViewController.m; sourceTree = "<group>"; };
		E6006D4118AB818C00A7EF11 /* JBRSSDiscoverPopupViewController.xib */ = {isa = PBXFileReference; fileEncoding = 4; lastKnownFileType = file.xib; path = JBRSSDiscoverPopupViewController.xib; sourceTree = "<group>"; };
		E6006D4618AB98A100A7EF11 /* JBPopupViewControllerManager.h */ = {isa = PBXFileReference; fileEncoding = 4; lastKnownFileType = sourcecode.c.h; path = JBPopupViewControllerManager.h; sourceTree = "<group>"; };
		E6006D4718AB98A100A7EF11 /* JBPopupViewControllerManager.m */ = {isa = PBXFileReference; fileEncoding = 4; lastKnownFileType = sourcecode.c.objc; path = JBPopupViewControllerManager.m; sourceTree = "<group>"; };
		E604CD1318AF98210024BABD /* UIBarButtonItem+Space.h */ = {isa = PBXFileReference; fileEncoding = 4; lastKnownFileType = sourcecode.c.h; path = "UIBarButtonItem+Space.h"; sourceTree = "<group>"; };
		E604CD1418AF98210024BABD /* UIBarButtonItem+Space.m */ = {isa = PBXFileReference; fileEncoding = 4; lastKnownFileType = sourcecode.c.objc; path = "UIBarButtonItem+Space.m"; sourceTree = "<group>"; };
		E60A4B7D189592A5007AA0A7 /* JBRSSPin.storyboard */ = {isa = PBXFileReference; fileEncoding = 4; lastKnownFileType = file.storyboard; path = JBRSSPin.storyboard; sourceTree = "<group>"; };
		E60A4B7E189592A5007AA0A7 /* JBRSSPinController.h */ = {isa = PBXFileReference; fileEncoding = 4; lastKnownFileType = sourcecode.c.h; path = JBRSSPinController.h; sourceTree = "<group>"; };
		E60A4B7F189592A5007AA0A7 /* JBRSSPinController.m */ = {isa = PBXFileReference; fileEncoding = 4; lastKnownFileType = sourcecode.c.objc; path = JBRSSPinController.m; sourceTree = "<group>"; };
		E60A4B80189592A5007AA0A7 /* JBRSSPinNavigationController.h */ = {isa = PBXFileReference; fileEncoding = 4; lastKnownFileType = sourcecode.c.h; path = JBRSSPinNavigationController.h; sourceTree = "<group>"; };
		E60A4B81189592A5007AA0A7 /* JBRSSPinNavigationController.m */ = {isa = PBXFileReference; fileEncoding = 4; lastKnownFileType = sourcecode.c.objc; path = JBRSSPinNavigationController.m; sourceTree = "<group>"; };
		E60A4B82189592A5007AA0A7 /* JBRSSPinTableViewCell.h */ = {isa = PBXFileReference; fileEncoding = 4; lastKnownFileType = sourcecode.c.h; path = JBRSSPinTableViewCell.h; sourceTree = "<group>"; };
		E60A4B83189592A5007AA0A7 /* JBRSSPinTableViewCell.m */ = {isa = PBXFileReference; fileEncoding = 4; lastKnownFileType = sourcecode.c.objc; path = JBRSSPinTableViewCell.m; sourceTree = "<group>"; };
		E60A4B84189592A5007AA0A7 /* JBRSSPinTableViewCell.xib */ = {isa = PBXFileReference; fileEncoding = 4; lastKnownFileType = file.xib; path = JBRSSPinTableViewCell.xib; sourceTree = "<group>"; };
		E6272FBE186F635B00FC9C2D /* JBRSSFeedUnreadList.h */ = {isa = PBXFileReference; fileEncoding = 4; lastKnownFileType = sourcecode.c.h; path = JBRSSFeedUnreadList.h; sourceTree = "<group>"; };
		E6272FBF186F635B00FC9C2D /* JBRSSFeedUnreadList.m */ = {isa = PBXFileReference; fileEncoding = 4; lastKnownFileType = sourcecode.c.objc; path = JBRSSFeedUnreadList.m; sourceTree = "<group>"; };
		E6272FC1186F659600FC9C2D /* JBRSSFeedUnread.h */ = {isa = PBXFileReference; fileEncoding = 4; lastKnownFileType = sourcecode.c.h; path = JBRSSFeedUnread.h; sourceTree = "<group>"; };
		E6272FC2186F659600FC9C2D /* JBRSSFeedUnread.m */ = {isa = PBXFileReference; fileEncoding = 4; lastKnownFileType = sourcecode.c.objc; path = JBRSSFeedUnread.m; sourceTree = "<group>"; };
		E6272FC4186F6C0000FC9C2D /* JBRSSFeedUnreadOperation.h */ = {isa = PBXFileReference; fileEncoding = 4; lastKnownFileType = sourcecode.c.h; path = JBRSSFeedUnreadOperation.h; sourceTree = "<group>"; };
		E6272FC5186F6C0000FC9C2D /* JBRSSFeedUnreadOperation.m */ = {isa = PBXFileReference; fileEncoding = 4; lastKnownFileType = sourcecode.c.objc; path = JBRSSFeedUnreadOperation.m; sourceTree = "<group>"; };
		E6272FC7186F71FC00FC9C2D /* JBRSSFeedUnreadLists.h */ = {isa = PBXFileReference; fileEncoding = 4; lastKnownFileType = sourcecode.c.h; path = JBRSSFeedUnreadLists.h; sourceTree = "<group>"; };
		E6272FC8186F71FC00FC9C2D /* JBRSSFeedUnreadLists.m */ = {isa = PBXFileReference; fileEncoding = 4; lastKnownFileType = sourcecode.c.objc; path = JBRSSFeedUnreadLists.m; sourceTree = "<group>"; };
		E62747E017B5BFB8007B41B2 /* JBRSSLoginController.h */ = {isa = PBXFileReference; fileEncoding = 4; lastKnownFileType = sourcecode.c.h; path = JBRSSLoginController.h; sourceTree = "<group>"; };
		E62747E117B5BFEC007B41B2 /* JBRSSLoginController.m */ = {isa = PBXFileReference; fileEncoding = 4; lastKnownFileType = sourcecode.c.objc; path = JBRSSLoginController.m; sourceTree = "<group>"; };
		E62747E317B5CEBF007B41B2 /* JBConstant.h */ = {isa = PBXFileReference; fileEncoding = 4; lastKnownFileType = sourcecode.c.h; path = JBConstant.h; sourceTree = "<group>"; };
		E62C107017B9314A0081007A /* NSHTTPCookieStorage+Cookie.h */ = {isa = PBXFileReference; fileEncoding = 4; lastKnownFileType = sourcecode.c.h; path = "NSHTTPCookieStorage+Cookie.h"; sourceTree = "<group>"; };
		E62C107117B9314A0081007A /* NSHTTPCookieStorage+Cookie.m */ = {isa = PBXFileReference; fileEncoding = 4; lastKnownFileType = sourcecode.c.objc; path = "NSHTTPCookieStorage+Cookie.m"; sourceTree = "<group>"; };
		E62D4A8F18ACE10100BD37A1 /* JBBookmark.h */ = {isa = PBXFileReference; fileEncoding = 4; lastKnownFileType = sourcecode.c.h; path = JBBookmark.h; sourceTree = "<group>"; };
		E62D4A9018ACE10100BD37A1 /* JBBookmark.m */ = {isa = PBXFileReference; fileEncoding = 4; lastKnownFileType = sourcecode.c.objc; path = JBBookmark.m; sourceTree = "<group>"; };
		E62D4A9218ACE28500BD37A1 /* JBBookmarkList.h */ = {isa = PBXFileReference; fileEncoding = 4; lastKnownFileType = sourcecode.c.h; path = JBBookmarkList.h; sourceTree = "<group>"; };
		E62D4A9318ACE28500BD37A1 /* JBBookmarkList.m */ = {isa = PBXFileReference; fileEncoding = 4; lastKnownFileType = sourcecode.c.objc; path = JBBookmarkList.m; sourceTree = "<group>"; };
		E62D4A9518ACE76A00BD37A1 /* JBBookmarkCatalogTableViewCell.h */ = {isa = PBXFileReference; fileEncoding = 4; lastKnownFileType = sourcecode.c.h; path = JBBookmarkCatalogTableViewCell.h; sourceTree = "<group>"; };
		E62D4A9618ACE76A00BD37A1 /* JBBookmarkCatalogTableViewCell.m */ = {isa = PBXFileReference; fileEncoding = 4; lastKnownFileType = sourcecode.c.objc; path = JBBookmarkCatalogTableViewCell.m; sourceTree = "<group>"; };
		E62D4A9818ACE7C600BD37A1 /* JBBookmarkCatalogTableViewCell.xib */ = {isa = PBXFileReference; fileEncoding = 4; lastKnownFileType = file.xib; path = JBBookmarkCatalogTableViewCell.xib; sourceTree = "<group>"; };
		E630B7BD17B6237000B0407A /* NSDictionary+HTTPBody.h */ = {isa = PBXFileReference; fileEncoding = 4; lastKnownFileType = sourcecode.c.h; path = "NSDictionary+HTTPBody.h"; sourceTree = "<group>"; };
		E630B7BE17B6237000B0407A /* NSDictionary+HTTPBody.m */ = {isa = PBXFileReference; fileEncoding = 4; lastKnownFileType = sourcecode.c.objc; path = "NSDictionary+HTTPBody.m"; sourceTree = "<group>"; };
		E630B7C017B62E7800B0407A /* NSURLRequest+JBRSS.h */ = {isa = PBXFileReference; fileEncoding = 4; lastKnownFileType = sourcecode.c.h; path = "NSURLRequest+JBRSS.h"; sourceTree = "<group>"; };
		E630B7C117B62E7800B0407A /* NSURLRequest+JBRSS.m */ = {isa = PBXFileReference; fileEncoding = 4; lastKnownFileType = sourcecode.c.objc; path = "NSURLRequest+JBRSS.m"; sourceTree = "<group>"; };
		E648C96C18A9E90C00737CA4 /* JBBookmarkConstant.h */ = {isa = PBXFileReference; fileEncoding = 4; lastKnownFileType = sourcecode.c.h; path = JBBookmarkConstant.h; sourceTree = "<group>"; };
		E648C96D18A9EC7800737CA4 /* JBBookmarkOperation.h */ = {isa = PBXFileReference; fileEncoding = 4; lastKnownFileType = sourcecode.c.h; path = JBBookmarkOperation.h; sourceTree = "<group>"; };
		E648C96E18A9EC7800737CA4 /* JBBookmarkOperation.m */ = {isa = PBXFileReference; fileEncoding = 4; lastKnownFileType = sourcecode.c.objc; path = JBBookmarkOperation.m; sourceTree = "<group>"; };
		E648C96F18A9EC7800737CA4 /* JBBookmarkOperationQueue.h */ = {isa = PBXFileReference; fileEncoding = 4; lastKnownFileType = sourcecode.c.h; path = JBBookmarkOperationQueue.h; sourceTree = "<group>"; };
		E648C97018A9EC7800737CA4 /* JBBookmarkOperationQueue.m */ = {isa = PBXFileReference; fileEncoding = 4; lastKnownFileType = sourcecode.c.objc; path = JBBookmarkOperationQueue.m; sourceTree = "<group>"; };
		E648C97318A9EE6600737CA4 /* NSURLRequest+JBBookmark.h */ = {isa = PBXFileReference; fileEncoding = 4; lastKnownFileType = sourcecode.c.h; path = "NSURLRequest+JBBookmark.h"; sourceTree = "<group>"; };
		E648C97418A9EE6600737CA4 /* NSURLRequest+JBBookmark.m */ = {isa = PBXFileReference; fileEncoding = 4; lastKnownFileType = sourcecode.c.objc; path = "NSURLRequest+JBBookmark.m"; sourceTree = "<group>"; };
		E648C97618A9EF7000737CA4 /* JBBookmarkCatalogOperation.h */ = {isa = PBXFileReference; fileEncoding = 4; lastKnownFileType = sourcecode.c.h; path = JBBookmarkCatalogOperation.h; sourceTree = "<group>"; };
		E648C97718A9EF7000737CA4 /* JBBookmarkCatalogOperation.m */ = {isa = PBXFileReference; fileEncoding = 4; lastKnownFileType = sourcecode.c.objc; path = JBBookmarkCatalogOperation.m; sourceTree = "<group>"; };
		E64BB47518B1E027008A0B5F /* JBRSSFeedRatingPopupViewController.h */ = {isa = PBXFileReference; fileEncoding = 4; lastKnownFileType = sourcecode.c.h; path = JBRSSFeedRatingPopupViewController.h; sourceTree = "<group>"; };
		E64BB47618B1E027008A0B5F /* JBRSSFeedRatingPopupViewController.m */ = {isa = PBXFileReference; fileEncoding = 4; lastKnownFileType = sourcecode.c.objc; path = JBRSSFeedRatingPopupViewController.m; sourceTree = "<group>"; };
		E64BB47718B1E027008A0B5F /* JBRSSFeedRatingPopupViewController.xib */ = {isa = PBXFileReference; fileEncoding = 4; lastKnownFileType = file.xib; path = JBRSSFeedRatingPopupViewController.xib; sourceTree = "<group>"; };
		E64BB47D18B234FE008A0B5F /* JBRSSFeedSetRateOperation.h */ = {isa = PBXFileReference; fileEncoding = 4; lastKnownFileType = sourcecode.c.h; path = JBRSSFeedSetRateOperation.h; sourceTree = "<group>"; };
		E64BB47E18B234FE008A0B5F /* JBRSSFeedSetRateOperation.m */ = {isa = PBXFileReference; fileEncoding = 4; lastKnownFileType = sourcecode.c.objc; path = JBRSSFeedSetRateOperation.m; sourceTree = "<group>"; };
		E64BB47F18B234FE008A0B5F /* JBRSSFeedSubscribeOperation.h */ = {isa = PBXFileReference; fileEncoding = 4; lastKnownFileType = sourcecode.c.h; path = JBRSSFeedSubscribeOperation.h; sourceTree = "<group>"; };
		E64BB48018B234FE008A0B5F /* JBRSSFeedSubscribeOperation.m */ = {isa = PBXFileReference; fileEncoding = 4; lastKnownFileType = sourcecode.c.objc; path = JBRSSFeedSubscribeOperation.m; sourceTree = "<group>"; };
		E64BB48518B60EA1008A0B5F /* acknowledgements.plist */ = {isa = PBXFileReference; fileEncoding = 4; lastKnownFileType = text.plist.xml; path = acknowledgements.plist; sourceTree = "<group>"; };
		E64BB48718B612EC008A0B5F /* JBSettingNavigationController.h */ = {isa = PBXFileReference; fileEncoding = 4; lastKnownFileType = sourcecode.c.h; path = JBSettingNavigationController.h; sourceTree = "<group>"; };
		E64BB48818B612EC008A0B5F /* JBSettingNavigationController.m */ = {isa = PBXFileReference; fileEncoding = 4; lastKnownFileType = sourcecode.c.objc; path = JBSettingNavigationController.m; sourceTree = "<group>"; };
		E64BB48A18B61354008A0B5F /* JBSetting.storyboard */ = {isa = PBXFileReference; fileEncoding = 4; lastKnownFileType = file.storyboard; path = JBSetting.storyboard; sourceTree = "<group>"; };
		E64BB4C418B6811F008A0B5F /* JBSettingController.h */ = {isa = PBXFileReference; fileEncoding = 4; lastKnownFileType = sourcecode.c.h; path = JBSettingController.h; sourceTree = "<group>"; };
		E64BB4C518B6811F008A0B5F /* JBSettingController.m */ = {isa = PBXFileReference; fileEncoding = 4; lastKnownFileType = sourcecode.c.objc; path = JBSettingController.m; sourceTree = "<group>"; };
		E64BB4C618B6811F008A0B5F /* JBSettingHeaderTableViewCell.h */ = {isa = PBXFileReference; fileEncoding = 4; lastKnownFileType = sourcecode.c.h; path = JBSettingHeaderTableViewCell.h; sourceTree = "<group>"; };
		E64BB4C718B6811F008A0B5F /* JBSettingHeaderTableViewCell.m */ = {isa = PBXFileReference; fileEncoding = 4; lastKnownFileType = sourcecode.c.objc; path = JBSettingHeaderTableViewCell.m; sourceTree = "<group>"; };
		E64BB4C818B6811F008A0B5F /* JBSettingHeaderTableViewCell.xib */ = {isa = PBXFileReference; fileEncoding = 4; lastKnownFileType = file.xib; path = JBSettingHeaderTableViewCell.xib; sourceTree = "<group>"; };
		E64BB4C918B6811F008A0B5F /* JBSettingHintTableViewCell.h */ = {isa = PBXFileReference; fileEncoding = 4; lastKnownFileType = sourcecode.c.h; path = JBSettingHintTableViewCell.h; sourceTree = "<group>"; };
		E64BB4CA18B6811F008A0B5F /* JBSettingHintTableViewCell.m */ = {isa = PBXFileReference; fileEncoding = 4; lastKnownFileType = sourcecode.c.objc; path = JBSettingHintTableViewCell.m; sourceTree = "<group>"; };
		E64BB4CB18B6811F008A0B5F /* JBSettingHintTableViewCell.xib */ = {isa = PBXFileReference; fileEncoding = 4; lastKnownFileType = file.xib; path = JBSettingHintTableViewCell.xib; sourceTree = "<group>"; };
		E64BB4CC18B6811F008A0B5F /* JBSettingLicenceTableViewCell.h */ = {isa = PBXFileReference; fileEncoding = 4; lastKnownFileType = sourcecode.c.h; path = JBSettingLicenceTableViewCell.h; sourceTree = "<group>"; };
		E64BB4CD18B6811F008A0B5F /* JBSettingLicenceTableViewCell.m */ = {isa = PBXFileReference; fileEncoding = 4; lastKnownFileType = sourcecode.c.objc; path = JBSettingLicenceTableViewCell.m; sourceTree = "<group>"; };
		E64BB4CE18B6811F008A0B5F /* JBSettingLicenceTableViewCell.xib */ = {isa = PBXFileReference; fileEncoding = 4; lastKnownFileType = file.xib; path = JBSettingLicenceTableViewCell.xib; sourceTree = "<group>"; };
		E64BB4CF18B6811F008A0B5F /* JBSettingSocialTableViewCell.h */ = {isa = PBXFileReference; fileEncoding = 4; lastKnownFileType = sourcecode.c.h; path = JBSettingSocialTableViewCell.h; sourceTree = "<group>"; };
		E64BB4D018B6811F008A0B5F /* JBSettingSocialTableViewCell.m */ = {isa = PBXFileReference; fileEncoding = 4; lastKnownFileType = sourcecode.c.objc; path = JBSettingSocialTableViewCell.m; sourceTree = "<group>"; };
		E64BB4D118B6811F008A0B5F /* JBSettingSocialTableViewCell.xib */ = {isa = PBXFileReference; fileEncoding = 4; lastKnownFileType = file.xib; path = JBSettingSocialTableViewCell.xib; sourceTree = "<group>"; };
		E64BB4D218B6811F008A0B5F /* JBSettingTableViewCell.h */ = {isa = PBXFileReference; fileEncoding = 4; lastKnownFileType = sourcecode.c.h; path = JBSettingTableViewCell.h; sourceTree = "<group>"; };
		E64BB4D318B6811F008A0B5F /* JBSettingTableViewCell.m */ = {isa = PBXFileReference; fileEncoding = 4; lastKnownFileType = sourcecode.c.objc; path = JBSettingTableViewCell.m; sourceTree = "<group>"; };
		E64BB4DF18B6828B008A0B5F /* JBLicenceViewController.h */ = {isa = PBXFileReference; fileEncoding = 4; lastKnownFileType = sourcecode.c.h; path = JBLicenceViewController.h; sourceTree = "<group>"; };
		E64BB4E018B6828B008A0B5F /* JBLicenceViewController.m */ = {isa = PBXFileReference; fileEncoding = 4; lastKnownFileType = sourcecode.c.objc; path = JBLicenceViewController.m; sourceTree = "<group>"; };
		E67E6E861889D0A800D36A47 /* JBWebViewController.h */ = {isa = PBXFileReference; fileEncoding = 4; lastKnownFileType = sourcecode.c.h; path = JBWebViewController.h; sourceTree = "<group>"; };
		E67E6E871889D0A800D36A47 /* JBWebViewController.m */ = {isa = PBXFileReference; fileEncoding = 4; lastKnownFileType = sourcecode.c.objc; path = JBWebViewController.m; sourceTree = "<group>"; };
		E67E6E881889D0A800D36A47 /* JBWebViewController.xib */ = {isa = PBXFileReference; fileEncoding = 4; lastKnownFileType = file.xib; path = JBWebViewController.xib; sourceTree = "<group>"; };
		E67E6E911889DFF200D36A47 /* JBBarButtonView.h */ = {isa = PBXFileReference; fileEncoding = 4; lastKnownFileType = sourcecode.c.h; path = JBBarButtonView.h; sourceTree = "<group>"; };
		E67E6E921889DFF200D36A47 /* JBBarButtonView.m */ = {isa = PBXFileReference; fileEncoding = 4; lastKnownFileType = sourcecode.c.objc; path = JBBarButtonView.m; sourceTree = "<group>"; };
		E67E6E931889DFF200D36A47 /* JBBarButtonView.xib */ = {isa = PBXFileReference; fileEncoding = 4; lastKnownFileType = file.xib; path = JBBarButtonView.xib; sourceTree = "<group>"; };
		E67E6E941889DFF200D36A47 /* JBNavigationBarTitleView.h */ = {isa = PBXFileReference; fileEncoding = 4; lastKnownFileType = sourcecode.c.h; path = JBNavigationBarTitleView.h; sourceTree = "<group>"; };
		E67E6E951889DFF200D36A47 /* JBNavigationBarTitleView.m */ = {isa = PBXFileReference; fileEncoding = 4; lastKnownFileType = sourcecode.c.objc; path = JBNavigationBarTitleView.m; sourceTree = "<group>"; };
		E67E6E961889DFF200D36A47 /* JBNavigationBarTitleView.xib */ = {isa = PBXFileReference; fileEncoding = 4; lastKnownFileType = file.xib; path = JBNavigationBarTitleView.xib; sourceTree = "<group>"; };
		E681E76118251954001323DB /* JBRSSLoginOperations.h */ = {isa = PBXFileReference; fileEncoding = 4; lastKnownFileType = sourcecode.c.h; path = JBRSSLoginOperations.h; sourceTree = "<group>"; };
		E681E76218251954001323DB /* JBRSSLoginOperations.m */ = {isa = PBXFileReference; fileEncoding = 4; lastKnownFileType = sourcecode.c.objc; path = JBRSSLoginOperations.m; sourceTree = "<group>"; };
		E6855E5A1882009B0045A6ED /* JBRSSLogin.storyboard */ = {isa = PBXFileReference; fileEncoding = 4; lastKnownFileType = file.storyboard; path = JBRSSLogin.storyboard; sourceTree = "<group>"; };
		E6893812185C0E8A004B0050 /* JBRSSOperationQueue.h */ = {isa = PBXFileReference; fileEncoding = 4; lastKnownFileType = sourcecode.c.h; path = JBRSSOperationQueue.h; sourceTree = "<group>"; };
		E6893813185C1090004B0050 /* JBRSSOperationQueue.m */ = {isa = PBXFileReference; fileEncoding = 4; lastKnownFileType = sourcecode.c.objc; path = JBRSSOperationQueue.m; sourceTree = "<group>"; };
		E68EB9D617B01624006711A6 /* AppDelegate.h */ = {isa = PBXFileReference; fileEncoding = 4; lastKnownFileType = sourcecode.c.h; path = AppDelegate.h; sourceTree = "<group>"; };
		E68EB9D717B01624006711A6 /* AppDelegate.m */ = {isa = PBXFileReference; fileEncoding = 4; lastKnownFileType = sourcecode.c.objc; path = AppDelegate.m; sourceTree = "<group>"; };
		E68EB9D817B01624006711A6 /* main.m */ = {isa = PBXFileReference; fileEncoding = 4; lastKnownFileType = sourcecode.c.objc; path = main.m; sourceTree = "<group>"; };
		E68EB9D917B01624006711A6 /* prefix.pch */ = {isa = PBXFileReference; fileEncoding = 4; lastKnownFileType = sourcecode.c.h; path = prefix.pch; sourceTree = "<group>"; };
		E68EB9DE17B01624006711A6 /* Default-568h@2x.png */ = {isa = PBXFileReference; lastKnownFileType = image.png; path = "Default-568h@2x.png"; sourceTree = "<group>"; };
		E68EB9DF17B01624006711A6 /* Default.png */ = {isa = PBXFileReference; lastKnownFileType = image.png; path = Default.png; sourceTree = "<group>"; };
		E68EB9E017B01624006711A6 /* Default@2x.png */ = {isa = PBXFileReference; lastKnownFileType = image.png; path = "Default@2x.png"; sourceTree = "<group>"; };
		E68EB9F717B01AE7006711A6 /* en */ = {isa = PBXFileReference; lastKnownFileType = text.plist.strings; name = en; path = en.lproj/Localizable.strings; sourceTree = "<group>"; };
		E68EB9F917B01AF8006711A6 /* ja */ = {isa = PBXFileReference; lastKnownFileType = text.plist.strings; name = ja; path = ja.lproj/Localizable.strings; sourceTree = "<group>"; };
		E691072E18ADE1AE00D67A61 /* JBOutlineLabel.h */ = {isa = PBXFileReference; fileEncoding = 4; lastKnownFileType = sourcecode.c.h; path = JBOutlineLabel.h; sourceTree = "<group>"; };
		E691072F18ADE1AE00D67A61 /* JBOutlineLabel.m */ = {isa = PBXFileReference; fileEncoding = 4; lastKnownFileType = sourcecode.c.objc; path = JBOutlineLabel.m; sourceTree = "<group>"; };
		E692F89218A7ED6D00A13D2A /* JBModelList.h */ = {isa = PBXFileReference; fileEncoding = 4; lastKnownFileType = sourcecode.c.h; path = JBModelList.h; sourceTree = "<group>"; };
		E692F89318A7ED6D00A13D2A /* JBModelList.m */ = {isa = PBXFileReference; fileEncoding = 4; lastKnownFileType = sourcecode.c.objc; path = JBModelList.m; sourceTree = "<group>"; };
		E6A8DC6518962ED200AE5C51 /* JBTabBarController.h */ = {isa = PBXFileReference; fileEncoding = 4; lastKnownFileType = sourcecode.c.h; path = JBTabBarController.h; sourceTree = "<group>"; };
		E6A8DC6618962ED200AE5C51 /* JBTabBarController.m */ = {isa = PBXFileReference; fileEncoding = 4; lastKnownFileType = sourcecode.c.objc; path = JBTabBarController.m; sourceTree = "<group>"; };
		E6AD1C8618AF720000F1EE6E /* JBPullToRefreshHeaderView.h */ = {isa = PBXFileReference; fileEncoding = 4; lastKnownFileType = sourcecode.c.h; path = JBPullToRefreshHeaderView.h; sourceTree = "<group>"; };
		E6AD1C8718AF720000F1EE6E /* JBPullToRefreshHeaderView.m */ = {isa = PBXFileReference; fileEncoding = 4; lastKnownFileType = sourcecode.c.objc; path = JBPullToRefreshHeaderView.m; sourceTree = "<group>"; };
		E6AD1C8B18AF747B00F1EE6E /* JBPullToRefreshHeaderView.xib */ = {isa = PBXFileReference; fileEncoding = 4; lastKnownFileType = file.xib; path = JBPullToRefreshHeaderView.xib; sourceTree = "<group>"; };
		E6BAB8C217B0131300C1FEC1 /* debug.junkbox.app */ = {isa = PBXFileReference; explicitFileType = wrapper.application; includeInIndex = 0; path = debug.junkbox.app; sourceTree = BUILT_PRODUCTS_DIR; };
		E6BAB8C517B0131300C1FEC1 /* UIKit.framework */ = {isa = PBXFileReference; lastKnownFileType = wrapper.framework; name = UIKit.framework; path = System/Library/Frameworks/UIKit.framework; sourceTree = SDKROOT; };
		E6BAB8C717B0131300C1FEC1 /* Foundation.framework */ = {isa = PBXFileReference; lastKnownFileType = wrapper.framework; name = Foundation.framework; path = System/Library/Frameworks/Foundation.framework; sourceTree = SDKROOT; };
		E6BAB8C917B0131300C1FEC1 /* CoreGraphics.framework */ = {isa = PBXFileReference; lastKnownFileType = wrapper.framework; name = CoreGraphics.framework; path = System/Library/Frameworks/CoreGraphics.framework; sourceTree = SDKROOT; };
		E6C7BE5618A87F62007A80E4 /* JBNavigationController.h */ = {isa = PBXFileReference; fileEncoding = 4; lastKnownFileType = sourcecode.c.h; path = JBNavigationController.h; sourceTree = "<group>"; };
		E6C7BE5718A87F62007A80E4 /* JBNavigationController.m */ = {isa = PBXFileReference; fileEncoding = 4; lastKnownFileType = sourcecode.c.objc; path = JBNavigationController.m; sourceTree = "<group>"; };
		E6C7BE5D18A8980B007A80E4 /* JBPushViewControllerAnimatedTransitioning.h */ = {isa = PBXFileReference; fileEncoding = 4; lastKnownFileType = sourcecode.c.h; path = JBPushViewControllerAnimatedTransitioning.h; sourceTree = "<group>"; };
		E6C7BE5E18A8980B007A80E4 /* JBPushViewControllerAnimatedTransitioning.m */ = {isa = PBXFileReference; fileEncoding = 4; lastKnownFileType = sourcecode.c.objc; path = JBPushViewControllerAnimatedTransitioning.m; sourceTree = "<group>"; };
		E6C7BE6218A89A6F007A80E4 /* JBPopViewControllerAnimatedTransitioning.h */ = {isa = PBXFileReference; fileEncoding = 4; lastKnownFileType = sourcecode.c.h; path = JBPopViewControllerAnimatedTransitioning.h; sourceTree = "<group>"; };
		E6C7BE6318A89A6F007A80E4 /* JBPopViewControllerAnimatedTransitioning.m */ = {isa = PBXFileReference; fileEncoding = 4; lastKnownFileType = sourcecode.c.objc; path = JBPopViewControllerAnimatedTransitioning.m; sourceTree = "<group>"; };
		E6C7BE6518A8BA29007A80E4 /* UIViewController+ModalAnimatedTransition.h */ = {isa = PBXFileReference; fileEncoding = 4; lastKnownFileType = sourcecode.c.h; path = "UIViewController+ModalAnimatedTransition.h"; sourceTree = "<group>"; };
		E6C7BE6618A8BA29007A80E4 /* UIViewController+ModalAnimatedTransition.m */ = {isa = PBXFileReference; fileEncoding = 4; lastKnownFileType = sourcecode.c.objc; path = "UIViewController+ModalAnimatedTransition.m"; sourceTree = "<group>"; };
		E6C7BE6A18A90433007A80E4 /* JBQBFlatButton.h */ = {isa = PBXFileReference; fileEncoding = 4; lastKnownFileType = sourcecode.c.h; path = JBQBFlatButton.h; sourceTree = "<group>"; };
		E6C7BE6B18A90433007A80E4 /* JBQBFlatButton.m */ = {isa = PBXFileReference; fileEncoding = 4; lastKnownFileType = sourcecode.c.objc; path = JBQBFlatButton.m; sourceTree = "<group>"; };
		E6C8D77F17B15520007B6C16 /* StatusCode.h */ = {isa = PBXFileReference; fileEncoding = 4; lastKnownFileType = sourcecode.c.h; path = StatusCode.h; sourceTree = "<group>"; };
		E6C8D78117B15520007B6C16 /* NSData+JSON.h */ = {isa = PBXFileReference; fileEncoding = 4; lastKnownFileType = sourcecode.c.h; path = "NSData+JSON.h"; sourceTree = "<group>"; };
		E6C8D78217B15520007B6C16 /* NSData+JSON.m */ = {isa = PBXFileReference; fileEncoding = 4; lastKnownFileType = sourcecode.c.objc; path = "NSData+JSON.m"; sourceTree = "<group>"; };
		E6C8D78317B15520007B6C16 /* NSNull+IgnoreMessages.h */ = {isa = PBXFileReference; fileEncoding = 4; lastKnownFileType = sourcecode.c.h; path = "NSNull+IgnoreMessages.h"; sourceTree = "<group>"; };
		E6C8D78417B15520007B6C16 /* NSNull+IgnoreMessages.m */ = {isa = PBXFileReference; fileEncoding = 4; lastKnownFileType = sourcecode.c.objc; path = "NSNull+IgnoreMessages.m"; sourceTree = "<group>"; };
		E6C8D78717B15521007B6C16 /* NSString+PercentEncoding.h */ = {isa = PBXFileReference; fileEncoding = 4; lastKnownFileType = sourcecode.c.h; path = "NSString+PercentEncoding.h"; sourceTree = "<group>"; };
		E6C8D78817B15521007B6C16 /* NSString+PercentEncoding.m */ = {isa = PBXFileReference; fileEncoding = 4; lastKnownFileType = sourcecode.c.objc; path = "NSString+PercentEncoding.m"; sourceTree = "<group>"; };
		E6C8D78917B15521007B6C16 /* NSString+UUID.h */ = {isa = PBXFileReference; fileEncoding = 4; lastKnownFileType = sourcecode.c.h; path = "NSString+UUID.h"; sourceTree = "<group>"; };
		E6C8D78A17B15521007B6C16 /* NSString+UUID.m */ = {isa = PBXFileReference; fileEncoding = 4; lastKnownFileType = sourcecode.c.objc; path = "NSString+UUID.m"; sourceTree = "<group>"; };
		E6C8D78B17B15521007B6C16 /* NSURL+Query.h */ = {isa = PBXFileReference; fileEncoding = 4; lastKnownFileType = sourcecode.c.h; path = "NSURL+Query.h"; sourceTree = "<group>"; };
		E6C8D78C17B15521007B6C16 /* NSURL+Query.m */ = {isa = PBXFileReference; fileEncoding = 4; lastKnownFileType = sourcecode.c.objc; path = "NSURL+Query.m"; sourceTree = "<group>"; };
		E6C8D78D17B15521007B6C16 /* NSURLRequest+Junkbox.h */ = {isa = PBXFileReference; fileEncoding = 4; lastKnownFileType = sourcecode.c.h; path = "NSURLRequest+Junkbox.h"; sourceTree = "<group>"; };
		E6C8D78E17B15521007B6C16 /* NSURLRequest+Junkbox.m */ = {isa = PBXFileReference; fileEncoding = 4; lastKnownFileType = sourcecode.c.objc; path = "NSURLRequest+Junkbox.m"; sourceTree = "<group>"; };
		E6C8D79117B15521007B6C16 /* UIColor+Hexadecimal.h */ = {isa = PBXFileReference; fileEncoding = 4; lastKnownFileType = sourcecode.c.h; path = "UIColor+Hexadecimal.h"; sourceTree = "<group>"; };
		E6C8D79217B15521007B6C16 /* UIColor+Hexadecimal.m */ = {isa = PBXFileReference; fileEncoding = 4; lastKnownFileType = sourcecode.c.objc; path = "UIColor+Hexadecimal.m"; sourceTree = "<group>"; };
		E6C8D79317B15521007B6C16 /* UINavigationBar+Custom.h */ = {isa = PBXFileReference; fileEncoding = 4; lastKnownFileType = sourcecode.c.h; path = "UINavigationBar+Custom.h"; sourceTree = "<group>"; };
		E6C8D79417B15521007B6C16 /* UINavigationBar+Custom.m */ = {isa = PBXFileReference; fileEncoding = 4; lastKnownFileType = sourcecode.c.objc; path = "UINavigationBar+Custom.m"; sourceTree = "<group>"; };
		E6C90066186400840007449D /* JBRSSFeedSubsUnread.h */ = {isa = PBXFileReference; fileEncoding = 4; lastKnownFileType = sourcecode.c.h; path = JBRSSFeedSubsUnread.h; sourceTree = "<group>"; };
		E6C90067186400840007449D /* JBRSSFeedSubsUnread.m */ = {isa = PBXFileReference; fileEncoding = 4; lastKnownFileType = sourcecode.c.objc; path = JBRSSFeedSubsUnread.m; sourceTree = "<group>"; };
		E6C90068186400840007449D /* JBRSSFeedSubsUnreadController.h */ = {isa = PBXFileReference; fileEncoding = 4; lastKnownFileType = sourcecode.c.h; path = JBRSSFeedSubsUnreadController.h; sourceTree = "<group>"; };
		E6C90069186400840007449D /* JBRSSFeedSubsUnreadController.m */ = {isa = PBXFileReference; fileEncoding = 4; lastKnownFileType = sourcecode.c.objc; path = JBRSSFeedSubsUnreadController.m; sourceTree = "<group>"; };
		E6C9006A186400840007449D /* JBRSSFeedSubsUnreadList.h */ = {isa = PBXFileReference; fileEncoding = 4; lastKnownFileType = sourcecode.c.h; path = JBRSSFeedSubsUnreadList.h; sourceTree = "<group>"; };
		E6C9006B186400840007449D /* JBRSSFeedSubsUnreadList.m */ = {isa = PBXFileReference; fileEncoding = 4; lastKnownFileType = sourcecode.c.objc; path = JBRSSFeedSubsUnreadList.m; sourceTree = "<group>"; };
		E6C9006C186400840007449D /* JBRSSFeedSubsUnreadOperation.h */ = {isa = PBXFileReference; fileEncoding = 4; lastKnownFileType = sourcecode.c.h; path = JBRSSFeedSubsUnreadOperation.h; sourceTree = "<group>"; };
		E6C9006D186400840007449D /* JBRSSFeedSubsUnreadOperation.m */ = {isa = PBXFileReference; fileEncoding = 4; lastKnownFileType = sourcecode.c.objc; path = JBRSSFeedSubsUnreadOperation.m; sourceTree = "<group>"; };
		E6C9006E186400840007449D /* JBRSSFeedSubsUnreadTableViewCell.h */ = {isa = PBXFileReference; fileEncoding = 4; lastKnownFileType = sourcecode.c.h; path = JBRSSFeedSubsUnreadTableViewCell.h; sourceTree = "<group>"; };
		E6C9006F186400840007449D /* JBRSSFeedSubsUnreadTableViewCell.m */ = {isa = PBXFileReference; fileEncoding = 4; lastKnownFileType = sourcecode.c.objc; path = JBRSSFeedSubsUnreadTableViewCell.m; sourceTree = "<group>"; };
		E6C90070186400840007449D /* JBRSSFeedSubsUnreadTableViewCell.xib */ = {isa = PBXFileReference; fileEncoding = 4; lastKnownFileType = file.xib; path = JBRSSFeedSubsUnreadTableViewCell.xib; sourceTree = "<group>"; };
		E6E271B51834A8F400F0E6A4 /* SSGentleAlertView+Junkbox.h */ = {isa = PBXFileReference; fileEncoding = 4; lastKnownFileType = sourcecode.c.h; path = "SSGentleAlertView+Junkbox.h"; sourceTree = "<group>"; };
		E6E271B61834A8F400F0E6A4 /* SSGentleAlertView+Junkbox.m */ = {isa = PBXFileReference; fileEncoding = 4; lastKnownFileType = sourcecode.c.objc; path = "SSGentleAlertView+Junkbox.m"; sourceTree = "<group>"; };
		E6E4FEDE188C58E10068D929 /* JBSidebarMenu.h */ = {isa = PBXFileReference; fileEncoding = 4; lastKnownFileType = sourcecode.c.h; path = JBSidebarMenu.h; sourceTree = "<group>"; };
		E6E4FEDF188C58E10068D929 /* JBSidebarMenu.m */ = {isa = PBXFileReference; fileEncoding = 4; lastKnownFileType = sourcecode.c.objc; path = JBSidebarMenu.m; sourceTree = "<group>"; };
		E6E4FEE4188C64730068D929 /* JBRSSPinAddOperation.h */ = {isa = PBXFileReference; fileEncoding = 4; lastKnownFileType = sourcecode.c.h; path = JBRSSPinAddOperation.h; sourceTree = "<group>"; };
		E6E4FEE5188C64730068D929 /* JBRSSPinAddOperation.m */ = {isa = PBXFileReference; fileEncoding = 4; lastKnownFileType = sourcecode.c.objc; path = JBRSSPinAddOperation.m; sourceTree = "<group>"; };
		E6E4FEF1188FDB910068D929 /* JBRSSPinAllOperation.h */ = {isa = PBXFileReference; fileEncoding = 4; lastKnownFileType = sourcecode.c.h; path = JBRSSPinAllOperation.h; sourceTree = "<group>"; };
		E6E4FEF2188FDB910068D929 /* JBRSSPinAllOperation.m */ = {isa = PBXFileReference; fileEncoding = 4; lastKnownFileType = sourcecode.c.objc; path = JBRSSPinAllOperation.m; sourceTree = "<group>"; };
		E6E4FEF3188FDB910068D929 /* JBRSSPinRemoveOperation.h */ = {isa = PBXFileReference; fileEncoding = 4; lastKnownFileType = sourcecode.c.h; path = JBRSSPinRemoveOperation.h; sourceTree = "<group>"; };
		E6E4FEF4188FDB910068D929 /* JBRSSPinRemoveOperation.m */ = {isa = PBXFileReference; fileEncoding = 4; lastKnownFileType = sourcecode.c.objc; path = JBRSSPinRemoveOperation.m; sourceTree = "<group>"; };
		E6E4FEF7188FDEF10068D929 /* JBRSSOperation.h */ = {isa = PBXFileReference; fileEncoding = 4; lastKnownFileType = sourcecode.c.h; path = JBRSSOperation.h; sourceTree = "<group>"; };
		E6E4FEF8188FDEF10068D929 /* JBRSSOperation.m */ = {isa = PBXFileReference; fileEncoding = 4; lastKnownFileType = sourcecode.c.objc; path = JBRSSOperation.m; sourceTree = "<group>"; };
		E6E4FEFE189012F00068D929 /* JBModel.xcdatamodel */ = {isa = PBXFileReference; lastKnownFileType = wrapper.xcdatamodel; path = JBModel.xcdatamodel; sourceTree = "<group>"; };
		E6E4FF0318901EB20068D929 /* JBRSSPin.h */ = {isa = PBXFileReference; fileEncoding = 4; lastKnownFileType = sourcecode.c.h; path = JBRSSPin.h; sourceTree = "<group>"; };
		E6E4FF0418901EB20068D929 /* JBRSSPin.m */ = {isa = PBXFileReference; fileEncoding = 4; lastKnownFileType = sourcecode.c.objc; path = JBRSSPin.m; sourceTree = "<group>"; };
		E6E4FF0518901EB20068D929 /* JBRSSPinList.h */ = {isa = PBXFileReference; fileEncoding = 4; lastKnownFileType = sourcecode.c.h; path = JBRSSPinList.h; sourceTree = "<group>"; };
		E6E4FF0618901EB20068D929 /* JBRSSPinList.m */ = {isa = PBXFileReference; fileEncoding = 4; lastKnownFileType = sourcecode.c.objc; path = JBRSSPinList.m; sourceTree = "<group>"; };
		E6EA936A17B54E6D00697604 /* UIKit+Localize.h */ = {isa = PBXFileReference; fileEncoding = 4; lastKnownFileType = sourcecode.c.h; path = "UIKit+Localize.h"; sourceTree = "<group>"; };
		E6EA936B17B54E6D00697604 /* UIKit+Localize.m */ = {isa = PBXFileReference; fileEncoding = 4; lastKnownFileType = sourcecode.c.objc; path = "UIKit+Localize.m"; sourceTree = "<group>"; };
		E6EA937717B5645700697604 /* JBRSSConstant.h */ = {isa = PBXFileReference; fileEncoding = 4; lastKnownFileType = sourcecode.c.h; path = JBRSSConstant.h; sourceTree = "<group>"; };
		E6EC3ABE18AE04A3000E9791 /* JBBlinkView.h */ = {isa = PBXFileReference; fileEncoding = 4; lastKnownFileType = sourcecode.c.h; path = JBBlinkView.h; sourceTree = "<group>"; };
		E6EC3ABF18AE04A3000E9791 /* JBBlinkView.m */ = {isa = PBXFileReference; fileEncoding = 4; lastKnownFileType = sourcecode.c.objc; path = JBBlinkView.m; sourceTree = "<group>"; };
		E6F08351186AE5D2007FEDD4 /* JBBookmark.storyboard */ = {isa = PBXFileReference; fileEncoding = 4; lastKnownFileType = file.storyboard; path = JBBookmark.storyboard; sourceTree = "<group>"; };
		E6F08356186AE734007FEDD4 /* JBBookmarkCatalogController.h */ = {isa = PBXFileReference; fileEncoding = 4; lastKnownFileType = sourcecode.c.h; path = JBBookmarkCatalogController.h; sourceTree = "<group>"; };
		E6F08357186AE734007FEDD4 /* JBBookmarkCatalogController.m */ = {isa = PBXFileReference; fileEncoding = 4; lastKnownFileType = sourcecode.c.objc; path = JBBookmarkCatalogController.m; sourceTree = "<group>"; };
		E6F0835B186CF15F007FEDD4 /* JBLoginOperation.h */ = {isa = PBXFileReference; fileEncoding = 4; lastKnownFileType = sourcecode.c.h; path = JBLoginOperation.h; sourceTree = "<group>"; };
		E6F0835C186CF15F007FEDD4 /* JBLoginOperation.m */ = {isa = PBXFileReference; fileEncoding = 4; lastKnownFileType = sourcecode.c.objc; path = JBLoginOperation.m; sourceTree = "<group>"; };
		E6F08360186E3041007FEDD4 /* JBRSSFeedUnreadController.h */ = {isa = PBXFileReference; fileEncoding = 4; lastKnownFileType = sourcecode.c.h; path = JBRSSFeedUnreadController.h; sourceTree = "<group>"; };
		E6F08361186E3041007FEDD4 /* JBRSSFeedUnreadController.m */ = {isa = PBXFileReference; fileEncoding = 4; lastKnownFileType = sourcecode.c.objc; path = JBRSSFeedUnreadController.m; sourceTree = "<group>"; };
		E6FC100517B16FA800A12BED /* TableViewController.h */ = {isa = PBXFileReference; fileEncoding = 4; lastKnownFileType = sourcecode.c.h; path = TableViewController.h; sourceTree = "<group>"; };
		E6FC100617B16FA800A12BED /* TableViewController.m */ = {isa = PBXFileReference; fileEncoding = 4; lastKnownFileType = sourcecode.c.objc; path = TableViewController.m; sourceTree = "<group>"; };
		E6FC100717B16FA800A12BED /* WebViewController.h */ = {isa = PBXFileReference; fileEncoding = 4; lastKnownFileType = sourcecode.c.h; path = WebViewController.h; sourceTree = "<group>"; };
		E6FC100817B16FA800A12BED /* WebViewController.m */ = {isa = PBXFileReference; fileEncoding = 4; lastKnownFileType = sourcecode.c.objc; path = WebViewController.m; sourceTree = "<group>"; };
		E6FC100B17B1729B00A12BED /* UINib+UIKit.h */ = {isa = PBXFileReference; fileEncoding = 4; lastKnownFileType = sourcecode.c.h; path = "UINib+UIKit.h"; sourceTree = "<group>"; };
		E6FC100C17B1729B00A12BED /* UINib+UIKit.m */ = {isa = PBXFileReference; fileEncoding = 4; lastKnownFileType = sourcecode.c.objc; path = "UINib+UIKit.m"; sourceTree = "<group>"; };
		E6FC100E17B1748900A12BED /* JBRSSController.h */ = {isa = PBXFileReference; fileEncoding = 4; lastKnownFileType = sourcecode.c.h; path = JBRSSController.h; sourceTree = "<group>"; };
		E6FC100F17B1748900A12BED /* JBRSSController.m */ = {isa = PBXFileReference; fileEncoding = 4; lastKnownFileType = sourcecode.c.objc; path = JBRSSController.m; sourceTree = "<group>"; };
		E6FC101417B174A200A12BED /* JBBookmarkController.h */ = {isa = PBXFileReference; fileEncoding = 4; lastKnownFileType = sourcecode.c.h; path = JBBookmarkController.h; sourceTree = "<group>"; };
		E6FC101517B174A200A12BED /* JBBookmarkController.m */ = {isa = PBXFileReference; fileEncoding = 4; lastKnownFileType = sourcecode.c.objc; path = JBBookmarkController.m; sourceTree = "<group>"; };
		E6FC101A17B176B000A12BED /* MainStoryboard.storyboard */ = {isa = PBXFileReference; fileEncoding = 4; lastKnownFileType = file.storyboard; path = MainStoryboard.storyboard; sourceTree = "<group>"; };
		E6FC101C17B1781700A12BED /* UIStoryboard+UIKit.h */ = {isa = PBXFileReference; fileEncoding = 4; lastKnownFileType = sourcecode.c.h; path = "UIStoryboard+UIKit.h"; sourceTree = "<group>"; };
		E6FC101D17B1781700A12BED /* UIStoryboard+UIKit.m */ = {isa = PBXFileReference; fileEncoding = 4; lastKnownFileType = sourcecode.c.objc; path = "UIStoryboard+UIKit.m"; sourceTree = "<group>"; };
		E6FC101F17B179C700A12BED /* info.plist */ = {isa = PBXFileReference; fileEncoding = 4; lastKnownFileType = text.plist.xml; path = info.plist; sourceTree = "<group>"; };
		E6FC983D17BBD53D0082047A /* JBRSSFeed.storyboard */ = {isa = PBXFileReference; fileEncoding = 4; lastKnownFileType = file.storyboard; name = JBRSSFeed.storyboard; path = junkbox/Classes/RSS/Feed/JBRSSFeed.storyboard; sourceTree = SOURCE_ROOT; };
		E6FED29918ABA8780099ED79 /* JBRSSFeedDiscoverOperation.h */ = {isa = PBXFileReference; fileEncoding = 4; lastKnownFileType = sourcecode.c.h; path = JBRSSFeedDiscoverOperation.h; sourceTree = "<group>"; };
		E6FED29A18ABA8780099ED79 /* JBRSSFeedDiscoverOperation.m */ = {isa = PBXFileReference; fileEncoding = 4; lastKnownFileType = sourcecode.c.objc; path = JBRSSFeedDiscoverOperation.m; sourceTree = "<group>"; };
		E6FED29C18ABB21B0099ED79 /* JBRSSDiscoverTableViewCell.h */ = {isa = PBXFileReference; fileEncoding = 4; lastKnownFileType = sourcecode.c.h; path = JBRSSDiscoverTableViewCell.h; sourceTree = "<group>"; };
		E6FED29D18ABB21B0099ED79 /* JBRSSDiscoverTableViewCell.m */ = {isa = PBXFileReference; fileEncoding = 4; lastKnownFileType = sourcecode.c.objc; path = JBRSSDiscoverTableViewCell.m; sourceTree = "<group>"; };
		E6FED29E18ABB21B0099ED79 /* JBRSSDiscoverTableViewCell.xib */ = {isa = PBXFileReference; fileEncoding = 4; lastKnownFileType = file.xib; path = JBRSSDiscoverTableViewCell.xib; sourceTree = "<group>"; };
		E6FED2A118ABBB1F0099ED79 /* JBRSSDiscover.h */ = {isa = PBXFileReference; fileEncoding = 4; lastKnownFileType = sourcecode.c.h; path = JBRSSDiscover.h; sourceTree = "<group>"; };
		E6FED2A218ABBB1F0099ED79 /* JBRSSDiscover.m */ = {isa = PBXFileReference; fileEncoding = 4; lastKnownFileType = sourcecode.c.objc; path = JBRSSDiscover.m; sourceTree = "<group>"; };
		E6FED2A518ABE6E00099ED79 /* common_clear.png */ = {isa = PBXFileReference; lastKnownFileType = image.png; path = common_clear.png; sourceTree = "<group>"; };
		E6FED2AF18AC9D5A0099ED79 /* JBBookmarkLoginController.h */ = {isa = PBXFileReference; fileEncoding = 4; lastKnownFileType = sourcecode.c.h; path = JBBookmarkLoginController.h; sourceTree = "<group>"; };
		E6FED2B018AC9D5A0099ED79 /* JBBookmarkLoginController.m */ = {isa = PBXFileReference; fileEncoding = 4; lastKnownFileType = sourcecode.c.objc; path = JBBookmarkLoginController.m; sourceTree = "<group>"; };
		E6FED2B518ACB1D20099ED79 /* JBBookmarkConstant-Private.h */ = {isa = PBXFileReference; fileEncoding = 4; lastKnownFileType = sourcecode.c.h; path = "JBBookmarkConstant-Private.h"; sourceTree = "<group>"; };
		E6FED2B918ACC6F60099ED79 /* JBHTBBookmarkViewController.h */ = {isa = PBXFileReference; fileEncoding = 4; lastKnownFileType = sourcecode.c.h; path = JBHTBBookmarkViewController.h; sourceTree = "<group>"; };
		E6FED2BA18ACC6F60099ED79 /* JBHTBBookmarkViewController.m */ = {isa = PBXFileReference; fileEncoding = 4; lastKnownFileType = sourcecode.c.objc; path = JBHTBBookmarkViewController.m; sourceTree = "<group>"; };
/* End PBXFileReference section */

/* Begin PBXFrameworksBuildPhase section */
		E6BAB8BF17B0131300C1FEC1 /* Frameworks */ = {
			isa = PBXFrameworksBuildPhase;
			buildActionMask = 2147483647;
			files = (
				E6BAB8C617B0131300C1FEC1 /* UIKit.framework in Frameworks */,
				E6BAB8C817B0131300C1FEC1 /* Foundation.framework in Frameworks */,
				E6BAB8CA17B0131300C1FEC1 /* CoreGraphics.framework in Frameworks */,
				E6B03C82888442169AA87976 /* libPods.a in Frameworks */,
			);
			runOnlyForDeploymentPostprocessing = 0;
		};
/* End PBXFrameworksBuildPhase section */

/* Begin PBXGroup section */
		E6006D3D18AB7DCF00A7EF11 /* Discover */ = {
			isa = PBXGroup;
			children = (
				E64BB47718B1E027008A0B5F /* JBRSSFeedRatingPopupViewController.xib */,
				E64BB47518B1E027008A0B5F /* JBRSSFeedRatingPopupViewController.h */,
				E64BB47618B1E027008A0B5F /* JBRSSFeedRatingPopupViewController.m */,
				E6006D4118AB818C00A7EF11 /* JBRSSDiscoverPopupViewController.xib */,
				E6006D3E18AB815100A7EF11 /* JBRSSDiscoverPopupViewController.h */,
				E6006D3F18AB815100A7EF11 /* JBRSSDiscoverPopupViewController.m */,
				E6FED29E18ABB21B0099ED79 /* JBRSSDiscoverTableViewCell.xib */,
				E6FED29C18ABB21B0099ED79 /* JBRSSDiscoverTableViewCell.h */,
				E6FED29D18ABB21B0099ED79 /* JBRSSDiscoverTableViewCell.m */,
				E6FED2A118ABBB1F0099ED79 /* JBRSSDiscover.h */,
				E6FED2A218ABBB1F0099ED79 /* JBRSSDiscover.m */,
				E6FED29918ABA8780099ED79 /* JBRSSFeedDiscoverOperation.h */,
				E6FED29A18ABA8780099ED79 /* JBRSSFeedDiscoverOperation.m */,
				E64BB47D18B234FE008A0B5F /* JBRSSFeedSetRateOperation.h */,
				E64BB47E18B234FE008A0B5F /* JBRSSFeedSetRateOperation.m */,
				E64BB47F18B234FE008A0B5F /* JBRSSFeedSubscribeOperation.h */,
				E64BB48018B234FE008A0B5F /* JBRSSFeedSubscribeOperation.m */,
			);
			name = Discover;
			path = junkbox/Classes/RSS/Feed/Discover;
			sourceTree = SOURCE_ROOT;
		};
		E6006D4318AB98A100A7EF11 /* Popup */ = {
			isa = PBXGroup;
			children = (
				E6006D4618AB98A100A7EF11 /* JBPopupViewControllerManager.h */,
				E6006D4718AB98A100A7EF11 /* JBPopupViewControllerManager.m */,
			);
			path = Popup;
			sourceTree = "<group>";
		};
		E64BB4C318B6811F008A0B5F /* Setting */ = {
			isa = PBXGroup;
			children = (
				E64BB4C418B6811F008A0B5F /* JBSettingController.h */,
				E64BB4C518B6811F008A0B5F /* JBSettingController.m */,
				E64BB4C618B6811F008A0B5F /* JBSettingHeaderTableViewCell.h */,
				E64BB4C718B6811F008A0B5F /* JBSettingHeaderTableViewCell.m */,
				E64BB4C818B6811F008A0B5F /* JBSettingHeaderTableViewCell.xib */,
				E64BB4C918B6811F008A0B5F /* JBSettingHintTableViewCell.h */,
				E64BB4CA18B6811F008A0B5F /* JBSettingHintTableViewCell.m */,
				E64BB4CB18B6811F008A0B5F /* JBSettingHintTableViewCell.xib */,
				E64BB4CC18B6811F008A0B5F /* JBSettingLicenceTableViewCell.h */,
				E64BB4CD18B6811F008A0B5F /* JBSettingLicenceTableViewCell.m */,
				E64BB4CE18B6811F008A0B5F /* JBSettingLicenceTableViewCell.xib */,
				E64BB4CF18B6811F008A0B5F /* JBSettingSocialTableViewCell.h */,
				E64BB4D018B6811F008A0B5F /* JBSettingSocialTableViewCell.m */,
				E64BB4D118B6811F008A0B5F /* JBSettingSocialTableViewCell.xib */,
				E64BB4D218B6811F008A0B5F /* JBSettingTableViewCell.h */,
				E64BB4D318B6811F008A0B5F /* JBSettingTableViewCell.m */,
			);
			path = Setting;
			sourceTree = "<group>";
		};
		E64BB4DE18B68150008A0B5F /* Licence */ = {
			isa = PBXGroup;
			children = (
				E64BB4DF18B6828B008A0B5F /* JBLicenceViewController.h */,
				E64BB4E018B6828B008A0B5F /* JBLicenceViewController.m */,
			);
			path = Licence;
			sourceTree = "<group>";
		};
		E67E6E851889D0A800D36A47 /* WebView */ = {
			isa = PBXGroup;
			children = (
				E67E6E861889D0A800D36A47 /* JBWebViewController.h */,
				E67E6E871889D0A800D36A47 /* JBWebViewController.m */,
				E67E6E881889D0A800D36A47 /* JBWebViewController.xib */,
			);
			path = WebView;
			sourceTree = "<group>";
		};
		E67E6E901889DFF200D36A47 /* View */ = {
			isa = PBXGroup;
			children = (
				E6AD1C8618AF720000F1EE6E /* JBPullToRefreshHeaderView.h */,
				E6AD1C8718AF720000F1EE6E /* JBPullToRefreshHeaderView.m */,
				E6AD1C8B18AF747B00F1EE6E /* JBPullToRefreshHeaderView.xib */,
				E6EC3ABE18AE04A3000E9791 /* JBBlinkView.h */,
				E6EC3ABF18AE04A3000E9791 /* JBBlinkView.m */,
				E67E6E911889DFF200D36A47 /* JBBarButtonView.h */,
				E67E6E921889DFF200D36A47 /* JBBarButtonView.m */,
				E67E6E931889DFF200D36A47 /* JBBarButtonView.xib */,
				E67E6E941889DFF200D36A47 /* JBNavigationBarTitleView.h */,
				E67E6E951889DFF200D36A47 /* JBNavigationBarTitleView.m */,
				E67E6E961889DFF200D36A47 /* JBNavigationBarTitleView.xib */,
			);
			path = View;
			sourceTree = "<group>";
		};
		E68EB9D517B01624006711A6 /* Classes */ = {
			isa = PBXGroup;
			children = (
				E6C8D78017B15520007B6C16 /* NSFoundation-Extension */,
				E6C8D79017B15521007B6C16 /* UIKit-Extension */,
				E6E271B11834A8F400F0E6A4 /* Pods-Extension */,
				E6FC100317B16FA800A12BED /* UIKit */,
				E6C8D77E17B15520007B6C16 /* Connection */,
				E67E6E851889D0A800D36A47 /* WebView */,
				E6C8D78F17B15521007B6C16 /* RSS */,
				E6C8D77D17B15520007B6C16 /* Bookmark */,
				E6FC100217B16FA800A12BED /* Setting */,
				E62747E317B5CEBF007B41B2 /* JBConstant.h */,
				E6F0835B186CF15F007FEDD4 /* JBLoginOperation.h */,
				E6F0835C186CF15F007FEDD4 /* JBLoginOperation.m */,
				E692F89218A7ED6D00A13D2A /* JBModelList.h */,
				E692F89318A7ED6D00A13D2A /* JBModelList.m */,
				E6E4FEDE188C58E10068D929 /* JBSidebarMenu.h */,
				E6E4FEDF188C58E10068D929 /* JBSidebarMenu.m */,
				E68EB9D617B01624006711A6 /* AppDelegate.h */,
				E68EB9D717B01624006711A6 /* AppDelegate.m */,
				E6E4FEFD189012F00068D929 /* JBModel.xcdatamodeld */,
				E6FC101A17B176B000A12BED /* MainStoryboard.storyboard */,
				E68EB9D817B01624006711A6 /* main.m */,
				E68EB9D917B01624006711A6 /* prefix.pch */,
			);
			path = Classes;
			sourceTree = "<group>";
		};
		E68EB9DA17B01624006711A6 /* Resources */ = {
			isa = PBXGroup;
			children = (
				E68EB9DB17B01624006711A6 /* Images */,
				E6C8D77C17B14EF8007B6C16 /* Sounds */,
				E68EB9E117B01624006711A6 /* Plists */,
				E68EB9E317B01624006711A6 /* Strings */,
			);
			path = Resources;
			sourceTree = "<group>";
		};
		E68EB9DB17B01624006711A6 /* Images */ = {
			isa = PBXGroup;
			children = (
				E6FED2A418ABE6E00099ED79 /* Common */,
				E68EB9DC17B01624006711A6 /* Icons */,
				E68EB9DD17B01624006711A6 /* Splashes */,
			);
			path = Images;
			sourceTree = "<group>";
		};
		E68EB9DC17B01624006711A6 /* Icons */ = {
			isa = PBXGroup;
			children = (
			);
			path = Icons;
			sourceTree = "<group>";
		};
		E68EB9DD17B01624006711A6 /* Splashes */ = {
			isa = PBXGroup;
			children = (
				E68EB9DE17B01624006711A6 /* Default-568h@2x.png */,
				E68EB9DF17B01624006711A6 /* Default.png */,
				E68EB9E017B01624006711A6 /* Default@2x.png */,
			);
			path = Splashes;
			sourceTree = "<group>";
		};
		E68EB9E117B01624006711A6 /* Plists */ = {
			isa = PBXGroup;
			children = (
				E64BB48518B60EA1008A0B5F /* acknowledgements.plist */,
				E6FC101F17B179C700A12BED /* info.plist */,
			);
			path = Plists;
			sourceTree = "<group>";
		};
		E68EB9E317B01624006711A6 /* Strings */ = {
			isa = PBXGroup;
			children = (
				E68EB9F617B01AE7006711A6 /* Localizable.strings */,
			);
			path = Strings;
			sourceTree = "<group>";
		};
		E691072C18ADE1AE00D67A61 /* Label */ = {
			isa = PBXGroup;
			children = (
				E691072E18ADE1AE00D67A61 /* JBOutlineLabel.h */,
				E691072F18ADE1AE00D67A61 /* JBOutlineLabel.m */,
			);
			path = Label;
			sourceTree = "<group>";
		};
		E6BAB8B917B0131300C1FEC1 = {
			isa = PBXGroup;
			children = (
				E6BAB8CD17B0131300C1FEC1 /* junkbox */,
				E6BAB8C417B0131300C1FEC1 /* Frameworks */,
				E6BAB8C317B0131300C1FEC1 /* Products */,
				53D3013BD4F540AEB55F7CE7 /* Pods.xcconfig */,
			);
			sourceTree = "<group>";
		};
		E6BAB8C317B0131300C1FEC1 /* Products */ = {
			isa = PBXGroup;
			children = (
				E6BAB8C217B0131300C1FEC1 /* debug.junkbox.app */,
			);
			name = Products;
			sourceTree = "<group>";
		};
		E6BAB8C417B0131300C1FEC1 /* Frameworks */ = {
			isa = PBXGroup;
			children = (
				E6BAB8C517B0131300C1FEC1 /* UIKit.framework */,
				E6BAB8C717B0131300C1FEC1 /* Foundation.framework */,
				E6BAB8C917B0131300C1FEC1 /* CoreGraphics.framework */,
				63C4A9E1051943D9BBC35D4B /* libPods.a */,
			);
			name = Frameworks;
			sourceTree = "<group>";
		};
		E6BAB8CD17B0131300C1FEC1 /* junkbox */ = {
			isa = PBXGroup;
			children = (
				E68EB9D517B01624006711A6 /* Classes */,
				E68EB9DA17B01624006711A6 /* Resources */,
			);
			path = junkbox;
			sourceTree = "<group>";
		};
		E6C7BE5918A8980B007A80E4 /* Animation */ = {
			isa = PBXGroup;
			children = (
				E6C7BE5D18A8980B007A80E4 /* JBPushViewControllerAnimatedTransitioning.h */,
				E6C7BE5E18A8980B007A80E4 /* JBPushViewControllerAnimatedTransitioning.m */,
				E6C7BE6218A89A6F007A80E4 /* JBPopViewControllerAnimatedTransitioning.h */,
				E6C7BE6318A89A6F007A80E4 /* JBPopViewControllerAnimatedTransitioning.m */,
			);
			path = Animation;
			sourceTree = "<group>";
		};
		E6C7BE6818A90433007A80E4 /* QBFlatButton */ = {
			isa = PBXGroup;
			children = (
				E6C7BE6A18A90433007A80E4 /* JBQBFlatButton.h */,
				E6C7BE6B18A90433007A80E4 /* JBQBFlatButton.m */,
			);
			path = QBFlatButton;
			sourceTree = "<group>";
		};
		E6C8D77C17B14EF8007B6C16 /* Sounds */ = {
			isa = PBXGroup;
			children = (
			);
			path = Sounds;
			sourceTree = "<group>";
		};
		E6C8D77D17B15520007B6C16 /* Bookmark */ = {
			isa = PBXGroup;
			children = (
				E6F08351186AE5D2007FEDD4 /* JBBookmark.storyboard */,
				E6FED2B518ACB1D20099ED79 /* JBBookmarkConstant-Private.h */,
				E648C96C18A9E90C00737CA4 /* JBBookmarkConstant.h */,
				E648C96D18A9EC7800737CA4 /* JBBookmarkOperation.h */,
				E648C96E18A9EC7800737CA4 /* JBBookmarkOperation.m */,
				E648C96F18A9EC7800737CA4 /* JBBookmarkOperationQueue.h */,
				E648C97018A9EC7800737CA4 /* JBBookmarkOperationQueue.m */,
				E6FC101417B174A200A12BED /* JBBookmarkController.h */,
				E6FC101517B174A200A12BED /* JBBookmarkController.m */,
				E648C97318A9EE6600737CA4 /* NSURLRequest+JBBookmark.h */,
				E648C97418A9EE6600737CA4 /* NSURLRequest+JBBookmark.m */,
				E6FED2B618ACC6F60099ED79 /* Bookmark */,
				E6F08353186AE734007FEDD4 /* Catalog */,
				E6FED2A718AC96510099ED79 /* Login */,
			);
			path = Bookmark;
			sourceTree = "<group>";
		};
		E6C8D77E17B15520007B6C16 /* Connection */ = {
			isa = PBXGroup;
			children = (
				E6C8D77F17B15520007B6C16 /* StatusCode.h */,
			);
			path = Connection;
			sourceTree = "<group>";
		};
		E6C8D78017B15520007B6C16 /* NSFoundation-Extension */ = {
			isa = PBXGroup;
			children = (
				E630B7BD17B6237000B0407A /* NSDictionary+HTTPBody.h */,
				E630B7BE17B6237000B0407A /* NSDictionary+HTTPBody.m */,
				E6C8D78117B15520007B6C16 /* NSData+JSON.h */,
				E6C8D78217B15520007B6C16 /* NSData+JSON.m */,
				E62C107017B9314A0081007A /* NSHTTPCookieStorage+Cookie.h */,
				E62C107117B9314A0081007A /* NSHTTPCookieStorage+Cookie.m */,
				E6C8D78317B15520007B6C16 /* NSNull+IgnoreMessages.h */,
				E6C8D78417B15520007B6C16 /* NSNull+IgnoreMessages.m */,
				E6C8D78717B15521007B6C16 /* NSString+PercentEncoding.h */,
				E6C8D78817B15521007B6C16 /* NSString+PercentEncoding.m */,
				E6C8D78917B15521007B6C16 /* NSString+UUID.h */,
				E6C8D78A17B15521007B6C16 /* NSString+UUID.m */,
				E6C8D78B17B15521007B6C16 /* NSURL+Query.h */,
				E6C8D78C17B15521007B6C16 /* NSURL+Query.m */,
				E6C8D78D17B15521007B6C16 /* NSURLRequest+Junkbox.h */,
				E6C8D78E17B15521007B6C16 /* NSURLRequest+Junkbox.m */,
			);
			path = "NSFoundation-Extension";
			sourceTree = "<group>";
		};
		E6C8D78F17B15521007B6C16 /* RSS */ = {
			isa = PBXGroup;
			children = (
				E6EA937717B5645700697604 /* JBRSSConstant.h */,
				E6893812185C0E8A004B0050 /* JBRSSOperationQueue.h */,
				E6893813185C1090004B0050 /* JBRSSOperationQueue.m */,
				E6E4FEF7188FDEF10068D929 /* JBRSSOperation.h */,
				E6E4FEF8188FDEF10068D929 /* JBRSSOperation.m */,
				E630B7C017B62E7800B0407A /* NSURLRequest+JBRSS.h */,
				E630B7C117B62E7800B0407A /* NSURLRequest+JBRSS.m */,
				E6FC100E17B1748900A12BED /* JBRSSController.h */,
				E6FC100F17B1748900A12BED /* JBRSSController.m */,
				E6EA936D17B5544800697604 /* Feed */,
				E6E4FEE1188C64730068D929 /* Pin */,
				E6EA937817B56A7400697604 /* Login */,
			);
			path = RSS;
			sourceTree = "<group>";
		};
		E6C8D79017B15521007B6C16 /* UIKit-Extension */ = {
			isa = PBXGroup;
			children = (
				E604CD1318AF98210024BABD /* UIBarButtonItem+Space.h */,
				E604CD1418AF98210024BABD /* UIBarButtonItem+Space.m */,
				E6C8D79117B15521007B6C16 /* UIColor+Hexadecimal.h */,
				E6C8D79217B15521007B6C16 /* UIColor+Hexadecimal.m */,
				E6EA936A17B54E6D00697604 /* UIKit+Localize.h */,
				E6EA936B17B54E6D00697604 /* UIKit+Localize.m */,
				E6C8D79317B15521007B6C16 /* UINavigationBar+Custom.h */,
				E6C8D79417B15521007B6C16 /* UINavigationBar+Custom.m */,
				E6FC100B17B1729B00A12BED /* UINib+UIKit.h */,
				E6FC100C17B1729B00A12BED /* UINib+UIKit.m */,
				E6FC101C17B1781700A12BED /* UIStoryboard+UIKit.h */,
				E6FC101D17B1781700A12BED /* UIStoryboard+UIKit.m */,
				E6C7BE6518A8BA29007A80E4 /* UIViewController+ModalAnimatedTransition.h */,
				E6C7BE6618A8BA29007A80E4 /* UIViewController+ModalAnimatedTransition.m */,
			);
			path = "UIKit-Extension";
			sourceTree = "<group>";
		};
		E6C90065186400840007449D /* SubsUnread */ = {
			isa = PBXGroup;
			children = (
				E6C90066186400840007449D /* JBRSSFeedSubsUnread.h */,
				E6C90067186400840007449D /* JBRSSFeedSubsUnread.m */,
				E6C9006A186400840007449D /* JBRSSFeedSubsUnreadList.h */,
				E6C9006B186400840007449D /* JBRSSFeedSubsUnreadList.m */,
				E6C9006C186400840007449D /* JBRSSFeedSubsUnreadOperation.h */,
				E6C9006D186400840007449D /* JBRSSFeedSubsUnreadOperation.m */,
				E6C90068186400840007449D /* JBRSSFeedSubsUnreadController.h */,
				E6C90069186400840007449D /* JBRSSFeedSubsUnreadController.m */,
				E6C9006E186400840007449D /* JBRSSFeedSubsUnreadTableViewCell.h */,
				E6C9006F186400840007449D /* JBRSSFeedSubsUnreadTableViewCell.m */,
				E6C90070186400840007449D /* JBRSSFeedSubsUnreadTableViewCell.xib */,
			);
			name = SubsUnread;
			path = junkbox/Classes/RSS/Feed/SubsUnread;
			sourceTree = SOURCE_ROOT;
		};
		E6E271B11834A8F400F0E6A4 /* Pods-Extension */ = {
			isa = PBXGroup;
			children = (
				E6C7BE6818A90433007A80E4 /* QBFlatButton */,
				E6E271B21834A8F400F0E6A4 /* SSGentleAlertView */,
			);
			path = "Pods-Extension";
			sourceTree = "<group>";
		};
		E6E271B21834A8F400F0E6A4 /* SSGentleAlertView */ = {
			isa = PBXGroup;
			children = (
				E6E271B51834A8F400F0E6A4 /* SSGentleAlertView+Junkbox.h */,
				E6E271B61834A8F400F0E6A4 /* SSGentleAlertView+Junkbox.m */,
			);
			path = SSGentleAlertView;
			sourceTree = "<group>";
		};
		E6E4FEE1188C64730068D929 /* Pin */ = {
			isa = PBXGroup;
			children = (
				E6E4FF0318901EB20068D929 /* JBRSSPin.h */,
				E6E4FF0418901EB20068D929 /* JBRSSPin.m */,
				E6E4FF0518901EB20068D929 /* JBRSSPinList.h */,
				E6E4FF0618901EB20068D929 /* JBRSSPinList.m */,
				E6E4FEE4188C64730068D929 /* JBRSSPinAddOperation.h */,
				E6E4FEE5188C64730068D929 /* JBRSSPinAddOperation.m */,
				E6E4FEF3188FDB910068D929 /* JBRSSPinRemoveOperation.h */,
				E6E4FEF4188FDB910068D929 /* JBRSSPinRemoveOperation.m */,
				E6E4FEF1188FDB910068D929 /* JBRSSPinAllOperation.h */,
				E6E4FEF2188FDB910068D929 /* JBRSSPinAllOperation.m */,
				E60A4B7D189592A5007AA0A7 /* JBRSSPin.storyboard */,
				E60A4B7E189592A5007AA0A7 /* JBRSSPinController.h */,
				E60A4B7F189592A5007AA0A7 /* JBRSSPinController.m */,
				E60A4B80189592A5007AA0A7 /* JBRSSPinNavigationController.h */,
				E60A4B81189592A5007AA0A7 /* JBRSSPinNavigationController.m */,
				E60A4B84189592A5007AA0A7 /* JBRSSPinTableViewCell.xib */,
				E60A4B82189592A5007AA0A7 /* JBRSSPinTableViewCell.h */,
				E60A4B83189592A5007AA0A7 /* JBRSSPinTableViewCell.m */,
			);
			path = Pin;
			sourceTree = "<group>";
		};
		E6EA936D17B5544800697604 /* Feed */ = {
			isa = PBXGroup;
			children = (
				E6FC983D17BBD53D0082047A /* JBRSSFeed.storyboard */,
				E6006D3D18AB7DCF00A7EF11 /* Discover */,
				E6C90065186400840007449D /* SubsUnread */,
				E6F0835E186E3041007FEDD4 /* Unread */,
			);
			name = Feed;
			path = Folder;
			sourceTree = "<group>";
		};
		E6EA937817B56A7400697604 /* Login */ = {
			isa = PBXGroup;
			children = (
				E6855E5A1882009B0045A6ED /* JBRSSLogin.storyboard */,
				E681E76118251954001323DB /* JBRSSLoginOperations.h */,
				E681E76218251954001323DB /* JBRSSLoginOperations.m */,
				E62747E017B5BFB8007B41B2 /* JBRSSLoginController.h */,
				E62747E117B5BFEC007B41B2 /* JBRSSLoginController.m */,
			);
			path = Login;
			sourceTree = "<group>";
		};
		E6F08353186AE734007FEDD4 /* Catalog */ = {
			isa = PBXGroup;
			children = (
				E648C97618A9EF7000737CA4 /* JBBookmarkCatalogOperation.h */,
				E648C97718A9EF7000737CA4 /* JBBookmarkCatalogOperation.m */,
				E62D4A9818ACE7C600BD37A1 /* JBBookmarkCatalogTableViewCell.xib */,
				E62D4A9518ACE76A00BD37A1 /* JBBookmarkCatalogTableViewCell.h */,
				E62D4A9618ACE76A00BD37A1 /* JBBookmarkCatalogTableViewCell.m */,
				E6F08356186AE734007FEDD4 /* JBBookmarkCatalogController.h */,
				E6F08357186AE734007FEDD4 /* JBBookmarkCatalogController.m */,
			);
			path = Catalog;
			sourceTree = "<group>";
		};
		E6F0835E186E3041007FEDD4 /* Unread */ = {
			isa = PBXGroup;
			children = (
				E6272FC1186F659600FC9C2D /* JBRSSFeedUnread.h */,
				E6272FC2186F659600FC9C2D /* JBRSSFeedUnread.m */,
				E6272FBE186F635B00FC9C2D /* JBRSSFeedUnreadList.h */,
				E6272FBF186F635B00FC9C2D /* JBRSSFeedUnreadList.m */,
				E6272FC7186F71FC00FC9C2D /* JBRSSFeedUnreadLists.h */,
				E6272FC8186F71FC00FC9C2D /* JBRSSFeedUnreadLists.m */,
				E6272FC4186F6C0000FC9C2D /* JBRSSFeedUnreadOperation.h */,
				E6272FC5186F6C0000FC9C2D /* JBRSSFeedUnreadOperation.m */,
				E6F08360186E3041007FEDD4 /* JBRSSFeedUnreadController.h */,
				E6F08361186E3041007FEDD4 /* JBRSSFeedUnreadController.m */,
			);
			name = Unread;
			path = junkbox/Classes/RSS/Feed/Unread;
			sourceTree = SOURCE_ROOT;
		};
		E6FC100217B16FA800A12BED /* Setting */ = {
			isa = PBXGroup;
			children = (
				E64BB48A18B61354008A0B5F /* JBSetting.storyboard */,
				E64BB48718B612EC008A0B5F /* JBSettingNavigationController.h */,
				E64BB48818B612EC008A0B5F /* JBSettingNavigationController.m */,
				E64BB4C318B6811F008A0B5F /* Setting */,
				E64BB4DE18B68150008A0B5F /* Licence */,
			);
			path = Setting;
			sourceTree = "<group>";
		};
		E6FC100317B16FA800A12BED /* UIKit */ = {
			isa = PBXGroup;
			children = (
				E691072C18ADE1AE00D67A61 /* Label */,
				E6006D4318AB98A100A7EF11 /* Popup */,
				E67E6E901889DFF200D36A47 /* View */,
				E6FC100417B16FA800A12BED /* ViewController */,
				E6C7BE5918A8980B007A80E4 /* Animation */,
			);
			path = UIKit;
			sourceTree = "<group>";
		};
		E6FC100417B16FA800A12BED /* ViewController */ = {
			isa = PBXGroup;
			children = (
				E6C7BE5618A87F62007A80E4 /* JBNavigationController.h */,
				E6C7BE5718A87F62007A80E4 /* JBNavigationController.m */,
				E6A8DC6518962ED200AE5C51 /* JBTabBarController.h */,
				E6A8DC6618962ED200AE5C51 /* JBTabBarController.m */,
				E6FC100517B16FA800A12BED /* TableViewController.h */,
				E6FC100617B16FA800A12BED /* TableViewController.m */,
				E6FC100717B16FA800A12BED /* WebViewController.h */,
				E6FC100817B16FA800A12BED /* WebViewController.m */,
			);
			path = ViewController;
			sourceTree = "<group>";
		};
		E6FED2A418ABE6E00099ED79 /* Common */ = {
			isa = PBXGroup;
			children = (
				E6FED2A518ABE6E00099ED79 /* common_clear.png */,
			);
			path = Common;
			sourceTree = "<group>";
		};
		E6FED2A718AC96510099ED79 /* Login */ = {
			isa = PBXGroup;
			children = (
				E6FED2AF18AC9D5A0099ED79 /* JBBookmarkLoginController.h */,
				E6FED2B018AC9D5A0099ED79 /* JBBookmarkLoginController.m */,
			);
			path = Login;
			sourceTree = "<group>";
		};
		E6FED2B618ACC6F60099ED79 /* Bookmark */ = {
			isa = PBXGroup;
			children = (
				E62D4A9218ACE28500BD37A1 /* JBBookmarkList.h */,
				E62D4A9318ACE28500BD37A1 /* JBBookmarkList.m */,
				E62D4A8F18ACE10100BD37A1 /* JBBookmark.h */,
				E62D4A9018ACE10100BD37A1 /* JBBookmark.m */,
				E6FED2B918ACC6F60099ED79 /* JBHTBBookmarkViewController.h */,
				E6FED2BA18ACC6F60099ED79 /* JBHTBBookmarkViewController.m */,
			);
			path = Bookmark;
			sourceTree = "<group>";
		};
/* End PBXGroup section */

/* Begin PBXNativeTarget section */
		E6BAB8C117B0131300C1FEC1 /* junkbox */ = {
			isa = PBXNativeTarget;
			buildConfigurationList = E6BAB8FA17B0131300C1FEC1 /* Build configuration list for PBXNativeTarget "junkbox" */;
			buildPhases = (
				971738FB0A104072BB39F7D5 /* Check Pods Manifest.lock */,
				E6BAB8BE17B0131300C1FEC1 /* Sources */,
				E6BAB8BF17B0131300C1FEC1 /* Frameworks */,
				E6BAB8C017B0131300C1FEC1 /* Resources */,
				839A4C92D835410C9DB4F113 /* Copy Pods Resources */,
			);
			buildRules = (
			);
			dependencies = (
			);
			name = junkbox;
			productName = junkbox;
			productReference = E6BAB8C217B0131300C1FEC1 /* debug.junkbox.app */;
			productType = "com.apple.product-type.application";
		};
/* End PBXNativeTarget section */

/* Begin PBXProject section */
		E6BAB8BA17B0131300C1FEC1 /* Project object */ = {
			isa = PBXProject;
			attributes = {
				LastUpgradeCheck = 0500;
				ORGANIZATIONNAME = "Kenzan Hase";
				TargetAttributes = {
					E6BAB8C117B0131300C1FEC1 = {
						DevelopmentTeam = 6RYZ4RB738;
					};
				};
			};
			buildConfigurationList = E6BAB8BD17B0131300C1FEC1 /* Build configuration list for PBXProject "junkbox" */;
			compatibilityVersion = "Xcode 3.2";
			developmentRegion = English;
			hasScannedForEncodings = 0;
			knownRegions = (
				en,
				ja,
			);
			mainGroup = E6BAB8B917B0131300C1FEC1;
			productRefGroup = E6BAB8C317B0131300C1FEC1 /* Products */;
			projectDirPath = "";
			projectRoot = "";
			targets = (
				E6BAB8C117B0131300C1FEC1 /* junkbox */,
			);
		};
/* End PBXProject section */

/* Begin PBXResourcesBuildPhase section */
		E6BAB8C017B0131300C1FEC1 /* Resources */ = {
			isa = PBXResourcesBuildPhase;
			buildActionMask = 2147483647;
			files = (
				E6AD1C8C18AF747B00F1EE6E /* JBPullToRefreshHeaderView.xib in Resources */,
				E64BB4D618B6811F008A0B5F /* JBSettingHeaderTableViewCell.xib in Resources */,
				E64BB4DA18B6811F008A0B5F /* JBSettingLicenceTableViewCell.xib in Resources */,
				E6006D4218AB818C00A7EF11 /* JBRSSDiscoverPopupViewController.xib in Resources */,
				E67E6E8A1889D0A800D36A47 /* JBWebViewController.xib in Resources */,
				E6855E5B1882009B0045A6ED /* JBRSSLogin.storyboard in Resources */,
				E68EB9E617B01624006711A6 /* Default-568h@2x.png in Resources */,
				E68EB9E717B01624006711A6 /* Default.png in Resources */,
				E6FED2A018ABB21B0099ED79 /* JBRSSDiscoverTableViewCell.xib in Resources */,
				E6F08352186AE5D2007FEDD4 /* JBBookmark.storyboard in Resources */,
				E62D4A9918ACE7C600BD37A1 /* JBBookmarkCatalogTableViewCell.xib in Resources */,
				E60A4B85189592A5007AA0A7 /* JBRSSPin.storyboard in Resources */,
				E68EB9E817B01624006711A6 /* Default@2x.png in Resources */,
				E64BB47918B1E027008A0B5F /* JBRSSFeedRatingPopupViewController.xib in Resources */,
				E64BB4D818B6811F008A0B5F /* JBSettingHintTableViewCell.xib in Resources */,
				E68EB9F817B01AE7006711A6 /* Localizable.strings in Resources */,
				E64BB48B18B61354008A0B5F /* JBSetting.storyboard in Resources */,
				E64BB48618B60EA1008A0B5F /* acknowledgements.plist in Resources */,
				E67E6E981889DFF200D36A47 /* JBBarButtonView.xib in Resources */,
				E6C90076186400840007449D /* JBRSSFeedSubsUnreadTableViewCell.xib in Resources */,
				E6FC101B17B176B000A12BED /* MainStoryboard.storyboard in Resources */,
				E6FC983E17BBD53D0082047A /* JBRSSFeed.storyboard in Resources */,
				E64BB4DC18B6811F008A0B5F /* JBSettingSocialTableViewCell.xib in Resources */,
				E60A4B89189592A5007AA0A7 /* JBRSSPinTableViewCell.xib in Resources */,
				E67E6E9A1889DFF200D36A47 /* JBNavigationBarTitleView.xib in Resources */,
				E6FED2A618ABE6E00099ED79 /* common_clear.png in Resources */,
			);
			runOnlyForDeploymentPostprocessing = 0;
		};
/* End PBXResourcesBuildPhase section */

/* Begin PBXShellScriptBuildPhase section */
		839A4C92D835410C9DB4F113 /* Copy Pods Resources */ = {
			isa = PBXShellScriptBuildPhase;
			buildActionMask = 2147483647;
			files = (
			);
			inputPaths = (
			);
			name = "Copy Pods Resources";
			outputPaths = (
			);
			runOnlyForDeploymentPostprocessing = 0;
			shellPath = /bin/sh;
			shellScript = "\"${SRCROOT}/Pods/Pods-resources.sh\"\n";
			showEnvVarsInLog = 0;
		};
		971738FB0A104072BB39F7D5 /* Check Pods Manifest.lock */ = {
			isa = PBXShellScriptBuildPhase;
			buildActionMask = 2147483647;
			files = (
			);
			inputPaths = (
			);
			name = "Check Pods Manifest.lock";
			outputPaths = (
			);
			runOnlyForDeploymentPostprocessing = 0;
			shellPath = /bin/sh;
			shellScript = "diff \"${PODS_ROOT}/../Podfile.lock\" \"${PODS_ROOT}/Manifest.lock\" > /dev/null\nif [[ $? != 0 ]] ; then\n    cat << EOM\nerror: The sandbox is not in sync with the Podfile.lock. Run 'pod install' or update your CocoaPods installation.\nEOM\n    exit 1\nfi\n";
			showEnvVarsInLog = 0;
		};
/* End PBXShellScriptBuildPhase section */

/* Begin PBXSourcesBuildPhase section */
		E6BAB8BE17B0131300C1FEC1 /* Sources */ = {
			isa = PBXSourcesBuildPhase;
			buildActionMask = 2147483647;
			files = (
				E648C97518A9EE6600737CA4 /* NSURLRequest+JBBookmark.m in Sources */,
				E648C97818A9EF7000737CA4 /* JBBookmarkCatalogOperation.m in Sources */,
				E68EB9E417B01624006711A6 /* AppDelegate.m in Sources */,
				E6C7BE6418A89A6F007A80E4 /* JBPopViewControllerAnimatedTransitioning.m in Sources */,
				E68EB9E517B01624006711A6 /* main.m in Sources */,
				E648C97118A9EC7800737CA4 /* JBBookmarkOperation.m in Sources */,
				E6E4FEE8188C64730068D929 /* JBRSSPinAddOperation.m in Sources */,
				E691073118ADE1AE00D67A61 /* JBOutlineLabel.m in Sources */,
				E60A4B87189592A5007AA0A7 /* JBRSSPinNavigationController.m in Sources */,
				E6C8D79717B15521007B6C16 /* NSData+JSON.m in Sources */,
				E6E4FF0718901EB20068D929 /* JBRSSPin.m in Sources */,
				E6C8D79817B15521007B6C16 /* NSNull+IgnoreMessages.m in Sources */,
				E6C8D79A17B15521007B6C16 /* NSString+PercentEncoding.m in Sources */,
				E6C8D79B17B15521007B6C16 /* NSString+UUID.m in Sources */,
				E6C7BE5818A87F62007A80E4 /* JBNavigationController.m in Sources */,
				E67E6E971889DFF200D36A47 /* JBBarButtonView.m in Sources */,
				E6C90072186400840007449D /* JBRSSFeedSubsUnreadController.m in Sources */,
				E6C8D79C17B15521007B6C16 /* NSURL+Query.m in Sources */,
				E6C7BE6718A8BA29007A80E4 /* UIViewController+ModalAnimatedTransition.m in Sources */,
				E6F0835A186AE734007FEDD4 /* JBBookmarkCatalogController.m in Sources */,
				E6FED29F18ABB21B0099ED79 /* JBRSSDiscoverTableViewCell.m in Sources */,
				E6FED2BD18ACC6F60099ED79 /* JBHTBBookmarkViewController.m in Sources */,
				E6C8D79D17B15521007B6C16 /* NSURLRequest+Junkbox.m in Sources */,
				E64BB4D518B6811F008A0B5F /* JBSettingHeaderTableViewCell.m in Sources */,
				E67E6E891889D0A800D36A47 /* JBWebViewController.m in Sources */,
				E6E4FEF9188FDEF10068D929 /* JBRSSOperation.m in Sources */,
				E6C8D79E17B15521007B6C16 /* UIColor+Hexadecimal.m in Sources */,
				E6C8D79F17B15521007B6C16 /* UINavigationBar+Custom.m in Sources */,
				E604CD1518AF98210024BABD /* UIBarButtonItem+Space.m in Sources */,
				E6FC100917B16FA800A12BED /* TableViewController.m in Sources */,
				E6FC100A17B16FA800A12BED /* WebViewController.m in Sources */,
				E60A4B88189592A5007AA0A7 /* JBRSSPinTableViewCell.m in Sources */,
				E64BB4D418B6811F008A0B5F /* JBSettingController.m in Sources */,
				E6C7BE6D18A90433007A80E4 /* JBQBFlatButton.m in Sources */,
				E6FC100D17B1729B00A12BED /* UINib+UIKit.m in Sources */,
				E64BB48118B234FE008A0B5F /* JBRSSFeedSetRateOperation.m in Sources */,
				E62D4A9418ACE28500BD37A1 /* JBBookmarkList.m in Sources */,
				E6FC101017B1748900A12BED /* JBRSSController.m in Sources */,
				E62D4A9118ACE10100BD37A1 /* JBBookmark.m in Sources */,
				E6EC3AC118AE04A3000E9791 /* JBBlinkView.m in Sources */,
				E6FED29B18ABA8780099ED79 /* JBRSSFeedDiscoverOperation.m in Sources */,
				E6006D4018AB815100A7EF11 /* JBRSSDiscoverPopupViewController.m in Sources */,
				E64BB48918B612EC008A0B5F /* JBSettingNavigationController.m in Sources */,
				E64BB4DD18B6811F008A0B5F /* JBSettingTableViewCell.m in Sources */,
				E60A4B86189592A5007AA0A7 /* JBRSSPinController.m in Sources */,
				E6FED2B318AC9D5A0099ED79 /* JBBookmarkLoginController.m in Sources */,
				E64BB4D718B6811F008A0B5F /* JBSettingHintTableViewCell.m in Sources */,
				E692F89418A7ED6D00A13D2A /* JBModelList.m in Sources */,
				E6C90075186400840007449D /* JBRSSFeedSubsUnreadTableViewCell.m in Sources */,
				E6C90071186400840007449D /* JBRSSFeedSubsUnread.m in Sources */,
				E6F08363186E3041007FEDD4 /* JBRSSFeedUnreadController.m in Sources */,
				E67E6E991889DFF200D36A47 /* JBNavigationBarTitleView.m in Sources */,
				E6272FC9186F71FC00FC9C2D /* JBRSSFeedUnreadLists.m in Sources */,
				E6FC101617B174A200A12BED /* JBBookmarkController.m in Sources */,
				E6FC101E17B1781700A12BED /* UIStoryboard+UIKit.m in Sources */,
				E6E4FEFF189012F00068D929 /* JBModel.xcdatamodeld in Sources */,
				E6E4FEF6188FDB910068D929 /* JBRSSPinRemoveOperation.m in Sources */,
				E6EA936C17B54E6D00697604 /* UIKit+Localize.m in Sources */,
				E6893814185C1090004B0050 /* JBRSSOperationQueue.m in Sources */,
				E6E4FEF5188FDB910068D929 /* JBRSSPinAllOperation.m in Sources */,
				E6E271B91834A8F400F0E6A4 /* SSGentleAlertView+Junkbox.m in Sources */,
				E64BB48218B234FE008A0B5F /* JBRSSFeedSubscribeOperation.m in Sources */,
				E62747E217B5BFEC007B41B2 /* JBRSSLoginController.m in Sources */,
				E62D4A9718ACE76A00BD37A1 /* JBBookmarkCatalogTableViewCell.m in Sources */,
				E6E4FF0818901EB20068D929 /* JBRSSPinList.m in Sources */,
				E648C97218A9EC7800737CA4 /* JBBookmarkOperationQueue.m in Sources */,
				E630B7BF17B6237000B0407A /* NSDictionary+HTTPBody.m in Sources */,
				E630B7C217B62E7800B0407A /* NSURLRequest+JBRSS.m in Sources */,
				E62C107217B9314A0081007A /* NSHTTPCookieStorage+Cookie.m in Sources */,
				E6272FC6186F6C0000FC9C2D /* JBRSSFeedUnreadOperation.m in Sources */,
				E6272FC3186F659600FC9C2D /* JBRSSFeedUnread.m in Sources */,
				E6006D4A18AB98A100A7EF11 /* JBPopupViewControllerManager.m in Sources */,
				E64BB4DB18B6811F008A0B5F /* JBSettingSocialTableViewCell.m in Sources */,
				E6272FC0186F635B00FC9C2D /* JBRSSFeedUnreadList.m in Sources */,
				E64BB47818B1E027008A0B5F /* JBRSSFeedRatingPopupViewController.m in Sources */,
				E681E76318251954001323DB /* JBRSSLoginOperations.m in Sources */,
				E6FED2A318ABBB1F0099ED79 /* JBRSSDiscover.m in Sources */,
				E6F0835D186CF15F007FEDD4 /* JBLoginOperation.m in Sources */,
				E6C90074186400840007449D /* JBRSSFeedSubsUnreadOperation.m in Sources */,
				E64BB4D918B6811F008A0B5F /* JBSettingLicenceTableViewCell.m in Sources */,
				E64BB4E118B6828B008A0B5F /* JBLicenceViewController.m in Sources */,
				E6A8DC6718962ED200AE5C51 /* JBTabBarController.m in Sources */,
				E6C7BE6118A8980B007A80E4 /* JBPushViewControllerAnimatedTransitioning.m in Sources */,
				E6AD1C8818AF720000F1EE6E /* JBPullToRefreshHeaderView.m in Sources */,
				E6E4FEE0188C58E10068D929 /* JBSidebarMenu.m in Sources */,
				E6C90073186400840007449D /* JBRSSFeedSubsUnreadList.m in Sources */,
			);
			runOnlyForDeploymentPostprocessing = 0;
		};
/* End PBXSourcesBuildPhase section */

/* Begin PBXVariantGroup section */
		E68EB9F617B01AE7006711A6 /* Localizable.strings */ = {
			isa = PBXVariantGroup;
			children = (
				E68EB9F717B01AE7006711A6 /* en */,
				E68EB9F917B01AF8006711A6 /* ja */,
			);
			name = Localizable.strings;
			sourceTree = "<group>";
		};
/* End PBXVariantGroup section */

/* Begin XCBuildConfiguration section */
		E68EB9EA17B0187B006711A6 /* debug */ = {
			isa = XCBuildConfiguration;
			buildSettings = {
				ALWAYS_SEARCH_USER_PATHS = NO;
				CLANG_CXX_LANGUAGE_STANDARD = "gnu++0x";
				CLANG_CXX_LIBRARY = "libc++";
				CLANG_ENABLE_OBJC_ARC = YES;
				CLANG_WARN_CONSTANT_CONVERSION = YES;
				CLANG_WARN_EMPTY_BODY = YES;
				CLANG_WARN_ENUM_CONVERSION = YES;
				CLANG_WARN_INT_CONVERSION = YES;
				CLANG_WARN__DUPLICATE_METHOD_MATCH = YES;
				CODE_SIGN_IDENTITY = "iPhone Developer: Kenzan Hase (L9L46P5DF2)";
				COPY_PHASE_STRIP = NO;
				GCC_C_LANGUAGE_STANDARD = gnu99;
				GCC_DYNAMIC_NO_PIC = NO;
				GCC_INPUT_FILETYPE = sourcecode.cpp.objcpp;
				GCC_OPTIMIZATION_LEVEL = 0;
				GCC_PREPROCESSOR_DEFINITIONS = (
					"DEBUG=1",
					"$(inherited)",
				);
				GCC_SYMBOLS_PRIVATE_EXTERN = NO;
				GCC_WARN_ABOUT_RETURN_TYPE = YES;
				GCC_WARN_UNINITIALIZED_AUTOS = YES;
				GCC_WARN_UNUSED_VARIABLE = YES;
				IPHONEOS_DEPLOYMENT_TARGET = 7.0;
				ONLY_ACTIVE_ARCH = YES;
				SDKROOT = iphoneos;
			};
			name = debug;
		};
		E68EB9EB17B0187B006711A6 /* debug */ = {
			isa = XCBuildConfiguration;
			baseConfigurationReference = 53D3013BD4F540AEB55F7CE7 /* Pods.xcconfig */;
			buildSettings = {
				CODE_SIGN_IDENTITY = "iPhone Developer";
				"CODE_SIGN_IDENTITY[sdk=iphoneos*]" = "iPhone Developer";
				GCC_PRECOMPILE_PREFIX_HEADER = YES;
				GCC_PREFIX_HEADER = junkbox/Classes/prefix.pch;
				INFOPLIST_FILE = junkbox/Resources/Plists/info.plist;
				IPHONEOS_DEPLOYMENT_TARGET = 7.0;
				PRODUCT_NAME = "debug.$(TARGET_NAME)";
				PROVISIONING_PROFILE = "";
				WRAPPER_EXTENSION = app;
			};
			name = debug;
		};
		E68EB9EC17B01886006711A6 /* release */ = {
			isa = XCBuildConfiguration;
			buildSettings = {
				ALWAYS_SEARCH_USER_PATHS = NO;
				CLANG_CXX_LANGUAGE_STANDARD = "gnu++0x";
				CLANG_CXX_LIBRARY = "libc++";
				CLANG_ENABLE_OBJC_ARC = YES;
				CLANG_WARN_CONSTANT_CONVERSION = YES;
				CLANG_WARN_EMPTY_BODY = YES;
				CLANG_WARN_ENUM_CONVERSION = YES;
				CLANG_WARN_INT_CONVERSION = YES;
				CLANG_WARN__DUPLICATE_METHOD_MATCH = YES;
				CODE_SIGN_IDENTITY = "iPhone Developer: Kenzan Hase (L9L46P5DF2)";
				COPY_PHASE_STRIP = YES;
				GCC_C_LANGUAGE_STANDARD = gnu99;
				GCC_INPUT_FILETYPE = sourcecode.cpp.objcpp;
				GCC_WARN_ABOUT_RETURN_TYPE = YES;
				GCC_WARN_UNINITIALIZED_AUTOS = YES;
				GCC_WARN_UNUSED_VARIABLE = YES;
				IPHONEOS_DEPLOYMENT_TARGET = 7.0;
				OTHER_CFLAGS = "-DNS_BLOCK_ASSERTIONS=1";
				SDKROOT = iphoneos;
				VALIDATE_PRODUCT = YES;
			};
			name = release;
		};
		E68EB9ED17B01886006711A6 /* release */ = {
			isa = XCBuildConfiguration;
			baseConfigurationReference = 53D3013BD4F540AEB55F7CE7 /* Pods.xcconfig */;
			buildSettings = {
				CODE_SIGN_IDENTITY = "iPhone Developer";
				"CODE_SIGN_IDENTITY[sdk=iphoneos*]" = "iPhone Developer";
				GCC_PRECOMPILE_PREFIX_HEADER = YES;
				GCC_PREFIX_HEADER = junkbox/Classes/prefix.pch;
				INFOPLIST_FILE = junkbox/Resources/Plists/release.info.plist;
				IPHONEOS_DEPLOYMENT_TARGET = 7.0;
				PRODUCT_NAME = "$(TARGET_NAME)";
				PROVISIONING_PROFILE = "";
				WRAPPER_EXTENSION = app;
			};
			name = release;
		};
/* End XCBuildConfiguration section */

/* Begin XCConfigurationList section */
		E6BAB8BD17B0131300C1FEC1 /* Build configuration list for PBXProject "junkbox" */ = {
			isa = XCConfigurationList;
			buildConfigurations = (
				E68EB9EA17B0187B006711A6 /* debug */,
				E68EB9EC17B01886006711A6 /* release */,
			);
			defaultConfigurationIsVisible = 0;
			defaultConfigurationName = release;
		};
		E6BAB8FA17B0131300C1FEC1 /* Build configuration list for PBXNativeTarget "junkbox" */ = {
			isa = XCConfigurationList;
			buildConfigurations = (
				E68EB9EB17B0187B006711A6 /* debug */,
				E68EB9ED17B01886006711A6 /* release */,
			);
			defaultConfigurationIsVisible = 0;
			defaultConfigurationName = release;
		};
/* End XCConfigurationList section */

/* Begin XCVersionGroup section */
		E6E4FEFD189012F00068D929 /* JBModel.xcdatamodeld */ = {
			isa = XCVersionGroup;
			children = (
				E6E4FEFE189012F00068D929 /* JBModel.xcdatamodel */,
			);
			currentVersion = E6E4FEFE189012F00068D929 /* JBModel.xcdatamodel */;
			path = JBModel.xcdatamodeld;
			sourceTree = "<group>";
			versionGroupType = wrapper.xcdatamodel;
		};
/* End XCVersionGroup section */
	};
	rootObject = E6BAB8BA17B0131300C1FEC1 /* Project object */;
}
